
Microsoft Visual Studio Solution File, Format Version 12.00
# Visual Studio 15
VisualStudioVersion = 15.0.27703.2035
MinimumVisualStudioVersion = 10.0.40219.1
Project("{2150E333-8FDC-42A3-9474-1A3956D46DE8}") = "VerticalWarehouses", "VerticalWarehouses", "{2ED9180C-3A78-44C2-AB9C-83B6944848B0}"
EndProject
Project("{FAE04EC0-301F-11D3-BF4B-00C04F79EFBC}") = "ActionBlocks", "VerticalWarehouses\ActionBlocks\ActionBlocks.csproj", "{ECDC6D6C-E5D2-4EC3-9AAC-6336C2048FFF}"
EndProject
Project("{FAE04EC0-301F-11D3-BF4B-00C04F79EFBC}") = "InverterDriver", "VerticalWarehouses\InverterDriver\InverterDriver.csproj", "{119128D4-1776-427A-AEC1-6DA12B0FF813}"
EndProject
Project("{FAE04EC0-301F-11D3-BF4B-00C04F79EFBC}") = "Utils", "VerticalWarehouses\Utils\Utils.csproj", "{EAEEEB73-E9E7-4CDF-B100-A433A33562E3}"
EndProject
Project("{FAE04EC0-301F-11D3-BF4B-00C04F79EFBC}") = "LightCurtainsDriver", "VerticalWarehouses\LightCurtainsDriver\LightCurtainsDriver.csproj", "{B31BE9A2-095F-4B1F-8EFF-4D390E7960DA}"
EndProject
Project("{FAE04EC0-301F-11D3-BF4B-00C04F79EFBC}") = "InvServer", "VerticalWarehouses\InvServer\InvServer.csproj", "{640E2E01-C3F4-4785-9728-6EC99E3809FA}"
EndProject
Project("{FAE04EC0-301F-11D3-BF4B-00C04F79EFBC}") = "SWEmulatorInverter", "VerticalWarehouses\SWEmulatorInverter\SWEmulatorInverter.csproj", "{577C93BA-FB92-4A1F-A0F3-754DE016EB19}"
EndProject
Project("{FAE04EC0-301F-11D3-BF4B-00C04F79EFBC}") = "ZZ_CellManagementTestApp", "VerticalWarehouses\ZZ_CellManagementTestApp\ZZ_CellManagementTestApp.csproj", "{981DC3E9-A331-4137-A5F5-C0D22FB5F0ED}"
EndProject
Project("{FAE04EC0-301F-11D3-BF4B-00C04F79EFBC}") = "VWApp", "VerticalWarehouses\VWApp\VWApp.csproj", "{F80020FF-8655-4999-90AD-C4711173D55D}"
	ProjectSection(ProjectDependencies) = postProject
		{1EC2E502-155D-48C0-82B9-961FB97149A3} = {1EC2E502-155D-48C0-82B9-961FB97149A3}
	EndProjectSection
EndProject
Project("{9A19103F-16F7-4668-BE54-9A1E7A4F7556}") = "InstallationApp", "VerticalWarehouses\InstallationApp\InstallationApp.csproj", "{1EC2E502-155D-48C0-82B9-961FB97149A3}"
EndProject
Project("{FAE04EC0-301F-11D3-BF4B-00C04F79EFBC}") = "OperatorApp", "VerticalWarehouses\OperatorApp\OperatorApp.csproj", "{2DDC7447-9196-4C21-AF86-502D0C952669}"
EndProject
Project("{FAE04EC0-301F-11D3-BF4B-00C04F79EFBC}") = "Navigation", "VerticalWarehouses\Navigation\Navigation.csproj", "{8F34417E-3C32-4694-91AF-B286FBF0E1AC}"
EndProject
Project("{FAE04EC0-301F-11D3-BF4B-00C04F79EFBC}") = "CustomControls", "VerticalWarehouses\CustomControls\CustomControls.csproj", "{3C8A3855-897A-4395-BF65-D9D597896A3E}"
EndProject
Project("{FAE04EC0-301F-11D3-BF4B-00C04F79EFBC}") = "VerticalWarehousesApp", "VerticalWarehouses\VerticalWarehousesApp\VerticalWarehousesApp.csproj", "{044A9872-DD3B-4505-9B32-CAB24A16DD3B}"
EndProject
Project("{FAE04EC0-301F-11D3-BF4B-00C04F79EFBC}") = "RemoteIODriver", "VerticalWarehouses\RemoteIODriver\RemoteIODriver.csproj", "{65B277EF-77FD-4A89-B550-086DF53BE54C}"
EndProject
Project("{9A19103F-16F7-4668-BE54-9A1E7A4F7556}") = "BackgroundService", "VerticalWarehouses\BackgroundService\BackgroundService.csproj", "{43F1DF01-8FC1-433A-A9E6-6184EFE0D114}"
EndProject
Project("{FAE04EC0-301F-11D3-BF4B-00C04F79EFBC}") = "MathLib", "VerticalWarehouses\MathLib\MathLib.csproj", "{2F188460-AF20-4B52-A19D-1A01941756D2}"
EndProject
Project("{2150E333-8FDC-42A3-9474-1A3956D46DE8}") = "Machine Automation Service", "Machine Automation Service", "{A56DA2EA-602D-4E89-822E-0A1B3CB30AD1}"
EndProject
Project("{2150E333-8FDC-42A3-9474-1A3956D46DE8}") = "Panel PC User Interface", "Panel PC User Interface", "{F1C06ED8-17DC-48AE-9D64-B18455CA3231}"
EndProject
Project("{9A19103F-16F7-4668-BE54-9A1E7A4F7556}") = "MAS_FiniteStateMachines", "VerticalWarehouses\Machine Automation Service\MAS_FiniteStateMachines\MAS_FiniteStateMachines.csproj", "{2AB518D4-51CC-4405-853A-DAB7C5FF8287}"
EndProject
Project("{9A19103F-16F7-4668-BE54-9A1E7A4F7556}") = "MAS_InverterDriver", "VerticalWarehouses\Machine Automation Service\MAS_InverterDriver\MAS_InverterDriver.csproj", "{9BFA1210-9BD2-480F-AF7E-1F48C109096F}"
EndProject
Project("{9A19103F-16F7-4668-BE54-9A1E7A4F7556}") = "MAS_IODriver", "VerticalWarehouses\Machine Automation Service\MAS_IODriver\MAS_IODriver.csproj", "{AD15351E-AF2E-414A-9A70-96A943FEA55F}"
EndProject
Project("{9A19103F-16F7-4668-BE54-9A1E7A4F7556}") = "MAS_MachineManager", "VerticalWarehouses\Machine Automation Service\MAS_MachineManager\MAS_MachineManager.csproj", "{92D3C631-C45C-4075-BEC9-4CC9C1DEF8C5}"
EndProject
Project("{9A19103F-16F7-4668-BE54-9A1E7A4F7556}") = "MAS_MissionScheduler", "VerticalWarehouses\Machine Automation Service\MAS_MissionScheduler\MAS_MissionScheduler.csproj", "{1CC69F97-41B2-4C36-8043-602A8189F4FA}"
EndProject
Project("{9A19103F-16F7-4668-BE54-9A1E7A4F7556}") = "MAS_DataLayer", "VerticalWarehouses\Machine Automation Service\MAS_DataLayer\MAS_DataLayer.csproj", "{EA441495-D8F4-48B0-84CB-A5250DE7AB92}"
EndProject
Project("{9A19103F-16F7-4668-BE54-9A1E7A4F7556}") = "MAS_AutomationService", "VerticalWarehouses\Machine Automation Service\MAS_AutomationService\MAS_AutomationService.csproj", "{9420AF02-44C5-470C-9DD5-B6D34E2AC0B8}"
EndProject
Project("{2150E333-8FDC-42A3-9474-1A3956D46DE8}") = "Common", "Common", "{DCBB7A7C-3A9A-4992-9F82-09F0C7C88EDB}"
EndProject
Project("{9A19103F-16F7-4668-BE54-9A1E7A4F7556}") = "Ferretto.VW.Resources", "VerticalWarehouses\Common\Resources\Ferretto.VW.Resources.csproj", "{8231F83A-40F0-49A8-A4CF-2F582D957350}"
EndProject
Project("{9A19103F-16F7-4668-BE54-9A1E7A4F7556}") = "Common_Utils", "VerticalWarehouses\Common\Common_Utils\Common_Utils.csproj", "{A0095F7D-7CC6-4E7F-9695-8645EAD02E37}"
EndProject
Global
	GlobalSection(SolutionConfigurationPlatforms) = preSolution
		Debug|Any CPU = Debug|Any CPU
		Debug|x64 = Debug|x64
		Debug|x86 = Debug|x86
		Release|Any CPU = Release|Any CPU
		Release|x64 = Release|x64
		Release|x86 = Release|x86
	EndGlobalSection
	GlobalSection(ProjectConfigurationPlatforms) = postSolution
		{ECDC6D6C-E5D2-4EC3-9AAC-6336C2048FFF}.Debug|Any CPU.ActiveCfg = Debug|Any CPU
		{ECDC6D6C-E5D2-4EC3-9AAC-6336C2048FFF}.Debug|Any CPU.Build.0 = Debug|Any CPU
		{ECDC6D6C-E5D2-4EC3-9AAC-6336C2048FFF}.Debug|x64.ActiveCfg = Debug|x64
		{ECDC6D6C-E5D2-4EC3-9AAC-6336C2048FFF}.Debug|x64.Build.0 = Debug|x64
		{ECDC6D6C-E5D2-4EC3-9AAC-6336C2048FFF}.Debug|x86.ActiveCfg = Debug|x86
		{ECDC6D6C-E5D2-4EC3-9AAC-6336C2048FFF}.Debug|x86.Build.0 = Debug|x86
		{ECDC6D6C-E5D2-4EC3-9AAC-6336C2048FFF}.Release|Any CPU.ActiveCfg = Release|Any CPU
		{ECDC6D6C-E5D2-4EC3-9AAC-6336C2048FFF}.Release|Any CPU.Build.0 = Release|Any CPU
		{ECDC6D6C-E5D2-4EC3-9AAC-6336C2048FFF}.Release|x64.ActiveCfg = Release|x64
		{ECDC6D6C-E5D2-4EC3-9AAC-6336C2048FFF}.Release|x64.Build.0 = Release|x64
		{ECDC6D6C-E5D2-4EC3-9AAC-6336C2048FFF}.Release|x86.ActiveCfg = Release|x86
		{ECDC6D6C-E5D2-4EC3-9AAC-6336C2048FFF}.Release|x86.Build.0 = Release|x86
		{119128D4-1776-427A-AEC1-6DA12B0FF813}.Debug|Any CPU.ActiveCfg = Debug|Any CPU
		{119128D4-1776-427A-AEC1-6DA12B0FF813}.Debug|Any CPU.Build.0 = Debug|Any CPU
		{119128D4-1776-427A-AEC1-6DA12B0FF813}.Debug|x64.ActiveCfg = Debug|Any CPU
		{119128D4-1776-427A-AEC1-6DA12B0FF813}.Debug|x64.Build.0 = Debug|Any CPU
		{119128D4-1776-427A-AEC1-6DA12B0FF813}.Debug|x86.ActiveCfg = Debug|Any CPU
		{119128D4-1776-427A-AEC1-6DA12B0FF813}.Debug|x86.Build.0 = Debug|Any CPU
		{119128D4-1776-427A-AEC1-6DA12B0FF813}.Release|Any CPU.ActiveCfg = Release|Any CPU
		{119128D4-1776-427A-AEC1-6DA12B0FF813}.Release|Any CPU.Build.0 = Release|Any CPU
		{119128D4-1776-427A-AEC1-6DA12B0FF813}.Release|x64.ActiveCfg = Release|Any CPU
		{119128D4-1776-427A-AEC1-6DA12B0FF813}.Release|x64.Build.0 = Release|Any CPU
		{119128D4-1776-427A-AEC1-6DA12B0FF813}.Release|x86.ActiveCfg = Release|Any CPU
		{119128D4-1776-427A-AEC1-6DA12B0FF813}.Release|x86.Build.0 = Release|Any CPU
		{EAEEEB73-E9E7-4CDF-B100-A433A33562E3}.Debug|Any CPU.ActiveCfg = Debug|Any CPU
		{EAEEEB73-E9E7-4CDF-B100-A433A33562E3}.Debug|Any CPU.Build.0 = Debug|Any CPU
		{EAEEEB73-E9E7-4CDF-B100-A433A33562E3}.Debug|x64.ActiveCfg = Debug|x64
		{EAEEEB73-E9E7-4CDF-B100-A433A33562E3}.Debug|x64.Build.0 = Debug|x64
		{EAEEEB73-E9E7-4CDF-B100-A433A33562E3}.Debug|x86.ActiveCfg = Debug|x86
		{EAEEEB73-E9E7-4CDF-B100-A433A33562E3}.Debug|x86.Build.0 = Debug|x86
		{EAEEEB73-E9E7-4CDF-B100-A433A33562E3}.Release|Any CPU.ActiveCfg = Release|Any CPU
		{EAEEEB73-E9E7-4CDF-B100-A433A33562E3}.Release|Any CPU.Build.0 = Release|Any CPU
		{EAEEEB73-E9E7-4CDF-B100-A433A33562E3}.Release|x64.ActiveCfg = Release|x64
		{EAEEEB73-E9E7-4CDF-B100-A433A33562E3}.Release|x64.Build.0 = Release|x64
		{EAEEEB73-E9E7-4CDF-B100-A433A33562E3}.Release|x86.ActiveCfg = Release|x86
		{EAEEEB73-E9E7-4CDF-B100-A433A33562E3}.Release|x86.Build.0 = Release|x86
		{B31BE9A2-095F-4B1F-8EFF-4D390E7960DA}.Debug|Any CPU.ActiveCfg = Debug|Any CPU
		{B31BE9A2-095F-4B1F-8EFF-4D390E7960DA}.Debug|Any CPU.Build.0 = Debug|Any CPU
		{B31BE9A2-095F-4B1F-8EFF-4D390E7960DA}.Debug|x64.ActiveCfg = Debug|x64
		{B31BE9A2-095F-4B1F-8EFF-4D390E7960DA}.Debug|x64.Build.0 = Debug|x64
		{B31BE9A2-095F-4B1F-8EFF-4D390E7960DA}.Debug|x86.ActiveCfg = Debug|x86
		{B31BE9A2-095F-4B1F-8EFF-4D390E7960DA}.Debug|x86.Build.0 = Debug|x86
		{B31BE9A2-095F-4B1F-8EFF-4D390E7960DA}.Release|Any CPU.ActiveCfg = Release|Any CPU
		{B31BE9A2-095F-4B1F-8EFF-4D390E7960DA}.Release|Any CPU.Build.0 = Release|Any CPU
		{B31BE9A2-095F-4B1F-8EFF-4D390E7960DA}.Release|x64.ActiveCfg = Release|x64
		{B31BE9A2-095F-4B1F-8EFF-4D390E7960DA}.Release|x64.Build.0 = Release|x64
		{B31BE9A2-095F-4B1F-8EFF-4D390E7960DA}.Release|x86.ActiveCfg = Release|x86
		{B31BE9A2-095F-4B1F-8EFF-4D390E7960DA}.Release|x86.Build.0 = Release|x86
		{640E2E01-C3F4-4785-9728-6EC99E3809FA}.Debug|Any CPU.ActiveCfg = Debug|Any CPU
		{640E2E01-C3F4-4785-9728-6EC99E3809FA}.Debug|Any CPU.Build.0 = Debug|Any CPU
		{640E2E01-C3F4-4785-9728-6EC99E3809FA}.Debug|x64.ActiveCfg = Debug|x64
		{640E2E01-C3F4-4785-9728-6EC99E3809FA}.Debug|x64.Build.0 = Debug|x64
		{640E2E01-C3F4-4785-9728-6EC99E3809FA}.Debug|x86.ActiveCfg = Debug|x86
		{640E2E01-C3F4-4785-9728-6EC99E3809FA}.Debug|x86.Build.0 = Debug|x86
		{640E2E01-C3F4-4785-9728-6EC99E3809FA}.Release|Any CPU.ActiveCfg = Release|Any CPU
		{640E2E01-C3F4-4785-9728-6EC99E3809FA}.Release|Any CPU.Build.0 = Release|Any CPU
		{640E2E01-C3F4-4785-9728-6EC99E3809FA}.Release|x64.ActiveCfg = Release|x64
		{640E2E01-C3F4-4785-9728-6EC99E3809FA}.Release|x64.Build.0 = Release|x64
		{640E2E01-C3F4-4785-9728-6EC99E3809FA}.Release|x86.ActiveCfg = Release|x86
		{640E2E01-C3F4-4785-9728-6EC99E3809FA}.Release|x86.Build.0 = Release|x86
		{577C93BA-FB92-4A1F-A0F3-754DE016EB19}.Debug|Any CPU.ActiveCfg = Debug|Any CPU
		{577C93BA-FB92-4A1F-A0F3-754DE016EB19}.Debug|Any CPU.Build.0 = Debug|Any CPU
		{577C93BA-FB92-4A1F-A0F3-754DE016EB19}.Debug|x64.ActiveCfg = Debug|x64
		{577C93BA-FB92-4A1F-A0F3-754DE016EB19}.Debug|x64.Build.0 = Debug|x64
		{577C93BA-FB92-4A1F-A0F3-754DE016EB19}.Debug|x86.ActiveCfg = Debug|x86
		{577C93BA-FB92-4A1F-A0F3-754DE016EB19}.Debug|x86.Build.0 = Debug|x86
		{577C93BA-FB92-4A1F-A0F3-754DE016EB19}.Release|Any CPU.ActiveCfg = Release|Any CPU
		{577C93BA-FB92-4A1F-A0F3-754DE016EB19}.Release|Any CPU.Build.0 = Release|Any CPU
		{577C93BA-FB92-4A1F-A0F3-754DE016EB19}.Release|x64.ActiveCfg = Release|x64
		{577C93BA-FB92-4A1F-A0F3-754DE016EB19}.Release|x64.Build.0 = Release|x64
		{577C93BA-FB92-4A1F-A0F3-754DE016EB19}.Release|x86.ActiveCfg = Release|x86
		{577C93BA-FB92-4A1F-A0F3-754DE016EB19}.Release|x86.Build.0 = Release|x86
		{981DC3E9-A331-4137-A5F5-C0D22FB5F0ED}.Debug|Any CPU.ActiveCfg = Debug|Any CPU
		{981DC3E9-A331-4137-A5F5-C0D22FB5F0ED}.Debug|Any CPU.Build.0 = Debug|Any CPU
		{981DC3E9-A331-4137-A5F5-C0D22FB5F0ED}.Debug|x64.ActiveCfg = Debug|x64
		{981DC3E9-A331-4137-A5F5-C0D22FB5F0ED}.Debug|x64.Build.0 = Debug|x64
		{981DC3E9-A331-4137-A5F5-C0D22FB5F0ED}.Debug|x86.ActiveCfg = Debug|x86
		{981DC3E9-A331-4137-A5F5-C0D22FB5F0ED}.Debug|x86.Build.0 = Debug|x86
		{981DC3E9-A331-4137-A5F5-C0D22FB5F0ED}.Release|Any CPU.ActiveCfg = Release|Any CPU
		{981DC3E9-A331-4137-A5F5-C0D22FB5F0ED}.Release|Any CPU.Build.0 = Release|Any CPU
		{981DC3E9-A331-4137-A5F5-C0D22FB5F0ED}.Release|x64.ActiveCfg = Release|x64
		{981DC3E9-A331-4137-A5F5-C0D22FB5F0ED}.Release|x64.Build.0 = Release|x64
		{981DC3E9-A331-4137-A5F5-C0D22FB5F0ED}.Release|x86.ActiveCfg = Release|x86
		{981DC3E9-A331-4137-A5F5-C0D22FB5F0ED}.Release|x86.Build.0 = Release|x86
		{F80020FF-8655-4999-90AD-C4711173D55D}.Debug|Any CPU.ActiveCfg = Debug|Any CPU
		{F80020FF-8655-4999-90AD-C4711173D55D}.Debug|Any CPU.Build.0 = Debug|Any CPU
		{F80020FF-8655-4999-90AD-C4711173D55D}.Debug|x64.ActiveCfg = Debug|x64
		{F80020FF-8655-4999-90AD-C4711173D55D}.Debug|x64.Build.0 = Debug|x64
		{F80020FF-8655-4999-90AD-C4711173D55D}.Debug|x86.ActiveCfg = Debug|x86
		{F80020FF-8655-4999-90AD-C4711173D55D}.Debug|x86.Build.0 = Debug|x86
		{F80020FF-8655-4999-90AD-C4711173D55D}.Release|Any CPU.ActiveCfg = Release|Any CPU
		{F80020FF-8655-4999-90AD-C4711173D55D}.Release|Any CPU.Build.0 = Release|Any CPU
		{F80020FF-8655-4999-90AD-C4711173D55D}.Release|x64.ActiveCfg = Release|x64
		{F80020FF-8655-4999-90AD-C4711173D55D}.Release|x64.Build.0 = Release|x64
		{F80020FF-8655-4999-90AD-C4711173D55D}.Release|x86.ActiveCfg = Release|x86
		{F80020FF-8655-4999-90AD-C4711173D55D}.Release|x86.Build.0 = Release|x86
		{1EC2E502-155D-48C0-82B9-961FB97149A3}.Debug|Any CPU.ActiveCfg = Debug|Any CPU
		{1EC2E502-155D-48C0-82B9-961FB97149A3}.Debug|Any CPU.Build.0 = Debug|Any CPU
		{1EC2E502-155D-48C0-82B9-961FB97149A3}.Debug|x64.ActiveCfg = Debug|Any CPU
		{1EC2E502-155D-48C0-82B9-961FB97149A3}.Debug|x64.Build.0 = Debug|Any CPU
		{1EC2E502-155D-48C0-82B9-961FB97149A3}.Debug|x86.ActiveCfg = Debug|Any CPU
		{1EC2E502-155D-48C0-82B9-961FB97149A3}.Debug|x86.Build.0 = Debug|Any CPU
		{1EC2E502-155D-48C0-82B9-961FB97149A3}.Release|Any CPU.ActiveCfg = Release|Any CPU
		{1EC2E502-155D-48C0-82B9-961FB97149A3}.Release|Any CPU.Build.0 = Release|Any CPU
		{1EC2E502-155D-48C0-82B9-961FB97149A3}.Release|x64.ActiveCfg = Release|Any CPU
		{1EC2E502-155D-48C0-82B9-961FB97149A3}.Release|x64.Build.0 = Release|Any CPU
		{1EC2E502-155D-48C0-82B9-961FB97149A3}.Release|x86.ActiveCfg = Release|Any CPU
		{1EC2E502-155D-48C0-82B9-961FB97149A3}.Release|x86.Build.0 = Release|Any CPU
		{2DDC7447-9196-4C21-AF86-502D0C952669}.Debug|Any CPU.ActiveCfg = Debug|Any CPU
		{2DDC7447-9196-4C21-AF86-502D0C952669}.Debug|Any CPU.Build.0 = Debug|Any CPU
		{2DDC7447-9196-4C21-AF86-502D0C952669}.Debug|x64.ActiveCfg = Debug|x64
		{2DDC7447-9196-4C21-AF86-502D0C952669}.Debug|x64.Build.0 = Debug|x64
		{2DDC7447-9196-4C21-AF86-502D0C952669}.Debug|x86.ActiveCfg = Debug|x86
		{2DDC7447-9196-4C21-AF86-502D0C952669}.Debug|x86.Build.0 = Debug|x86
		{2DDC7447-9196-4C21-AF86-502D0C952669}.Release|Any CPU.ActiveCfg = Release|Any CPU
		{2DDC7447-9196-4C21-AF86-502D0C952669}.Release|Any CPU.Build.0 = Release|Any CPU
		{2DDC7447-9196-4C21-AF86-502D0C952669}.Release|x64.ActiveCfg = Release|x64
		{2DDC7447-9196-4C21-AF86-502D0C952669}.Release|x64.Build.0 = Release|x64
		{2DDC7447-9196-4C21-AF86-502D0C952669}.Release|x86.ActiveCfg = Release|x86
		{2DDC7447-9196-4C21-AF86-502D0C952669}.Release|x86.Build.0 = Release|x86
		{8F34417E-3C32-4694-91AF-B286FBF0E1AC}.Debug|Any CPU.ActiveCfg = Debug|Any CPU
		{8F34417E-3C32-4694-91AF-B286FBF0E1AC}.Debug|Any CPU.Build.0 = Debug|Any CPU
		{8F34417E-3C32-4694-91AF-B286FBF0E1AC}.Debug|x64.ActiveCfg = Debug|x64
		{8F34417E-3C32-4694-91AF-B286FBF0E1AC}.Debug|x64.Build.0 = Debug|x64
		{8F34417E-3C32-4694-91AF-B286FBF0E1AC}.Debug|x86.ActiveCfg = Debug|x86
		{8F34417E-3C32-4694-91AF-B286FBF0E1AC}.Debug|x86.Build.0 = Debug|x86
		{8F34417E-3C32-4694-91AF-B286FBF0E1AC}.Release|Any CPU.ActiveCfg = Release|Any CPU
		{8F34417E-3C32-4694-91AF-B286FBF0E1AC}.Release|Any CPU.Build.0 = Release|Any CPU
		{8F34417E-3C32-4694-91AF-B286FBF0E1AC}.Release|x64.ActiveCfg = Release|x64
		{8F34417E-3C32-4694-91AF-B286FBF0E1AC}.Release|x64.Build.0 = Release|x64
		{8F34417E-3C32-4694-91AF-B286FBF0E1AC}.Release|x86.ActiveCfg = Release|x86
		{8F34417E-3C32-4694-91AF-B286FBF0E1AC}.Release|x86.Build.0 = Release|x86
		{3C8A3855-897A-4395-BF65-D9D597896A3E}.Debug|Any CPU.ActiveCfg = Debug|Any CPU
		{3C8A3855-897A-4395-BF65-D9D597896A3E}.Debug|Any CPU.Build.0 = Debug|Any CPU
		{3C8A3855-897A-4395-BF65-D9D597896A3E}.Debug|x64.ActiveCfg = Debug|x64
		{3C8A3855-897A-4395-BF65-D9D597896A3E}.Debug|x64.Build.0 = Debug|x64
		{3C8A3855-897A-4395-BF65-D9D597896A3E}.Debug|x86.ActiveCfg = Debug|x86
		{3C8A3855-897A-4395-BF65-D9D597896A3E}.Debug|x86.Build.0 = Debug|x86
		{3C8A3855-897A-4395-BF65-D9D597896A3E}.Release|Any CPU.ActiveCfg = Release|Any CPU
		{3C8A3855-897A-4395-BF65-D9D597896A3E}.Release|Any CPU.Build.0 = Release|Any CPU
		{3C8A3855-897A-4395-BF65-D9D597896A3E}.Release|x64.ActiveCfg = Release|x64
		{3C8A3855-897A-4395-BF65-D9D597896A3E}.Release|x64.Build.0 = Release|x64
		{3C8A3855-897A-4395-BF65-D9D597896A3E}.Release|x86.ActiveCfg = Release|x86
		{3C8A3855-897A-4395-BF65-D9D597896A3E}.Release|x86.Build.0 = Release|x86
		{044A9872-DD3B-4505-9B32-CAB24A16DD3B}.Debug|Any CPU.ActiveCfg = Debug|Any CPU
		{044A9872-DD3B-4505-9B32-CAB24A16DD3B}.Debug|Any CPU.Build.0 = Debug|Any CPU
		{044A9872-DD3B-4505-9B32-CAB24A16DD3B}.Debug|x64.ActiveCfg = Debug|x64
		{044A9872-DD3B-4505-9B32-CAB24A16DD3B}.Debug|x64.Build.0 = Debug|x64
		{044A9872-DD3B-4505-9B32-CAB24A16DD3B}.Debug|x86.ActiveCfg = Debug|x86
		{044A9872-DD3B-4505-9B32-CAB24A16DD3B}.Debug|x86.Build.0 = Debug|x86
		{044A9872-DD3B-4505-9B32-CAB24A16DD3B}.Release|Any CPU.ActiveCfg = Release|Any CPU
		{044A9872-DD3B-4505-9B32-CAB24A16DD3B}.Release|Any CPU.Build.0 = Release|Any CPU
		{044A9872-DD3B-4505-9B32-CAB24A16DD3B}.Release|x64.ActiveCfg = Release|x64
		{044A9872-DD3B-4505-9B32-CAB24A16DD3B}.Release|x64.Build.0 = Release|x64
		{044A9872-DD3B-4505-9B32-CAB24A16DD3B}.Release|x86.ActiveCfg = Release|x86
		{044A9872-DD3B-4505-9B32-CAB24A16DD3B}.Release|x86.Build.0 = Release|x86
		{65B277EF-77FD-4A89-B550-086DF53BE54C}.Debug|Any CPU.ActiveCfg = Debug|Any CPU
		{65B277EF-77FD-4A89-B550-086DF53BE54C}.Debug|Any CPU.Build.0 = Debug|Any CPU
		{65B277EF-77FD-4A89-B550-086DF53BE54C}.Debug|x64.ActiveCfg = Debug|x64
		{65B277EF-77FD-4A89-B550-086DF53BE54C}.Debug|x64.Build.0 = Debug|x64
		{65B277EF-77FD-4A89-B550-086DF53BE54C}.Debug|x86.ActiveCfg = Debug|x86
		{65B277EF-77FD-4A89-B550-086DF53BE54C}.Debug|x86.Build.0 = Debug|x86
		{65B277EF-77FD-4A89-B550-086DF53BE54C}.Release|Any CPU.ActiveCfg = Release|Any CPU
		{65B277EF-77FD-4A89-B550-086DF53BE54C}.Release|Any CPU.Build.0 = Release|Any CPU
		{65B277EF-77FD-4A89-B550-086DF53BE54C}.Release|x64.ActiveCfg = Release|x64
		{65B277EF-77FD-4A89-B550-086DF53BE54C}.Release|x64.Build.0 = Release|x64
		{65B277EF-77FD-4A89-B550-086DF53BE54C}.Release|x86.ActiveCfg = Release|x86
		{65B277EF-77FD-4A89-B550-086DF53BE54C}.Release|x86.Build.0 = Release|x86
		{43F1DF01-8FC1-433A-A9E6-6184EFE0D114}.Debug|Any CPU.ActiveCfg = Debug|Any CPU
		{43F1DF01-8FC1-433A-A9E6-6184EFE0D114}.Debug|Any CPU.Build.0 = Debug|Any CPU
		{43F1DF01-8FC1-433A-A9E6-6184EFE0D114}.Debug|x64.ActiveCfg = Debug|Any CPU
		{43F1DF01-8FC1-433A-A9E6-6184EFE0D114}.Debug|x64.Build.0 = Debug|Any CPU
		{43F1DF01-8FC1-433A-A9E6-6184EFE0D114}.Debug|x86.ActiveCfg = Debug|Any CPU
		{43F1DF01-8FC1-433A-A9E6-6184EFE0D114}.Debug|x86.Build.0 = Debug|Any CPU
		{43F1DF01-8FC1-433A-A9E6-6184EFE0D114}.Release|Any CPU.ActiveCfg = Release|Any CPU
		{43F1DF01-8FC1-433A-A9E6-6184EFE0D114}.Release|Any CPU.Build.0 = Release|Any CPU
		{43F1DF01-8FC1-433A-A9E6-6184EFE0D114}.Release|x64.ActiveCfg = Release|Any CPU
		{43F1DF01-8FC1-433A-A9E6-6184EFE0D114}.Release|x64.Build.0 = Release|Any CPU
		{43F1DF01-8FC1-433A-A9E6-6184EFE0D114}.Release|x86.ActiveCfg = Release|Any CPU
		{43F1DF01-8FC1-433A-A9E6-6184EFE0D114}.Release|x86.Build.0 = Release|Any CPU
		{2F188460-AF20-4B52-A19D-1A01941756D2}.Debug|Any CPU.ActiveCfg = Debug|Any CPU
		{2F188460-AF20-4B52-A19D-1A01941756D2}.Debug|Any CPU.Build.0 = Debug|Any CPU
		{2F188460-AF20-4B52-A19D-1A01941756D2}.Debug|x64.ActiveCfg = Debug|Any CPU
		{2F188460-AF20-4B52-A19D-1A01941756D2}.Debug|x64.Build.0 = Debug|Any CPU
		{2F188460-AF20-4B52-A19D-1A01941756D2}.Debug|x86.ActiveCfg = Debug|Any CPU
		{2F188460-AF20-4B52-A19D-1A01941756D2}.Debug|x86.Build.0 = Debug|Any CPU
		{2F188460-AF20-4B52-A19D-1A01941756D2}.Release|Any CPU.ActiveCfg = Release|Any CPU
		{2F188460-AF20-4B52-A19D-1A01941756D2}.Release|Any CPU.Build.0 = Release|Any CPU
		{2F188460-AF20-4B52-A19D-1A01941756D2}.Release|x64.ActiveCfg = Release|Any CPU
		{2F188460-AF20-4B52-A19D-1A01941756D2}.Release|x64.Build.0 = Release|Any CPU
		{2F188460-AF20-4B52-A19D-1A01941756D2}.Release|x86.ActiveCfg = Release|Any CPU
		{2F188460-AF20-4B52-A19D-1A01941756D2}.Release|x86.Build.0 = Release|Any CPU
		{2AB518D4-51CC-4405-853A-DAB7C5FF8287}.Debug|Any CPU.ActiveCfg = Debug|Any CPU
		{2AB518D4-51CC-4405-853A-DAB7C5FF8287}.Debug|Any CPU.Build.0 = Debug|Any CPU
		{2AB518D4-51CC-4405-853A-DAB7C5FF8287}.Debug|x64.ActiveCfg = Debug|Any CPU
		{2AB518D4-51CC-4405-853A-DAB7C5FF8287}.Debug|x64.Build.0 = Debug|Any CPU
		{2AB518D4-51CC-4405-853A-DAB7C5FF8287}.Debug|x86.ActiveCfg = Debug|Any CPU
		{2AB518D4-51CC-4405-853A-DAB7C5FF8287}.Debug|x86.Build.0 = Debug|Any CPU
		{2AB518D4-51CC-4405-853A-DAB7C5FF8287}.Release|Any CPU.ActiveCfg = Release|Any CPU
		{2AB518D4-51CC-4405-853A-DAB7C5FF8287}.Release|Any CPU.Build.0 = Release|Any CPU
		{2AB518D4-51CC-4405-853A-DAB7C5FF8287}.Release|x64.ActiveCfg = Release|Any CPU
		{2AB518D4-51CC-4405-853A-DAB7C5FF8287}.Release|x64.Build.0 = Release|Any CPU
		{2AB518D4-51CC-4405-853A-DAB7C5FF8287}.Release|x86.ActiveCfg = Release|Any CPU
		{2AB518D4-51CC-4405-853A-DAB7C5FF8287}.Release|x86.Build.0 = Release|Any CPU
		{9BFA1210-9BD2-480F-AF7E-1F48C109096F}.Debug|Any CPU.ActiveCfg = Debug|Any CPU
		{9BFA1210-9BD2-480F-AF7E-1F48C109096F}.Debug|Any CPU.Build.0 = Debug|Any CPU
		{9BFA1210-9BD2-480F-AF7E-1F48C109096F}.Debug|x64.ActiveCfg = Debug|Any CPU
		{9BFA1210-9BD2-480F-AF7E-1F48C109096F}.Debug|x64.Build.0 = Debug|Any CPU
		{9BFA1210-9BD2-480F-AF7E-1F48C109096F}.Debug|x86.ActiveCfg = Debug|Any CPU
		{9BFA1210-9BD2-480F-AF7E-1F48C109096F}.Debug|x86.Build.0 = Debug|Any CPU
		{9BFA1210-9BD2-480F-AF7E-1F48C109096F}.Release|Any CPU.ActiveCfg = Release|Any CPU
		{9BFA1210-9BD2-480F-AF7E-1F48C109096F}.Release|Any CPU.Build.0 = Release|Any CPU
		{9BFA1210-9BD2-480F-AF7E-1F48C109096F}.Release|x64.ActiveCfg = Release|Any CPU
		{9BFA1210-9BD2-480F-AF7E-1F48C109096F}.Release|x64.Build.0 = Release|Any CPU
		{9BFA1210-9BD2-480F-AF7E-1F48C109096F}.Release|x86.ActiveCfg = Release|Any CPU
		{9BFA1210-9BD2-480F-AF7E-1F48C109096F}.Release|x86.Build.0 = Release|Any CPU
		{AD15351E-AF2E-414A-9A70-96A943FEA55F}.Debug|Any CPU.ActiveCfg = Debug|Any CPU
		{AD15351E-AF2E-414A-9A70-96A943FEA55F}.Debug|Any CPU.Build.0 = Debug|Any CPU
		{AD15351E-AF2E-414A-9A70-96A943FEA55F}.Debug|x64.ActiveCfg = Debug|Any CPU
		{AD15351E-AF2E-414A-9A70-96A943FEA55F}.Debug|x64.Build.0 = Debug|Any CPU
		{AD15351E-AF2E-414A-9A70-96A943FEA55F}.Debug|x86.ActiveCfg = Debug|Any CPU
		{AD15351E-AF2E-414A-9A70-96A943FEA55F}.Debug|x86.Build.0 = Debug|Any CPU
		{AD15351E-AF2E-414A-9A70-96A943FEA55F}.Release|Any CPU.ActiveCfg = Release|Any CPU
		{AD15351E-AF2E-414A-9A70-96A943FEA55F}.Release|Any CPU.Build.0 = Release|Any CPU
		{AD15351E-AF2E-414A-9A70-96A943FEA55F}.Release|x64.ActiveCfg = Release|Any CPU
		{AD15351E-AF2E-414A-9A70-96A943FEA55F}.Release|x64.Build.0 = Release|Any CPU
		{AD15351E-AF2E-414A-9A70-96A943FEA55F}.Release|x86.ActiveCfg = Release|Any CPU
		{AD15351E-AF2E-414A-9A70-96A943FEA55F}.Release|x86.Build.0 = Release|Any CPU
		{92D3C631-C45C-4075-BEC9-4CC9C1DEF8C5}.Debug|Any CPU.ActiveCfg = Debug|Any CPU
		{92D3C631-C45C-4075-BEC9-4CC9C1DEF8C5}.Debug|Any CPU.Build.0 = Debug|Any CPU
		{92D3C631-C45C-4075-BEC9-4CC9C1DEF8C5}.Debug|x64.ActiveCfg = Debug|Any CPU
		{92D3C631-C45C-4075-BEC9-4CC9C1DEF8C5}.Debug|x64.Build.0 = Debug|Any CPU
		{92D3C631-C45C-4075-BEC9-4CC9C1DEF8C5}.Debug|x86.ActiveCfg = Debug|Any CPU
		{92D3C631-C45C-4075-BEC9-4CC9C1DEF8C5}.Debug|x86.Build.0 = Debug|Any CPU
		{92D3C631-C45C-4075-BEC9-4CC9C1DEF8C5}.Release|Any CPU.ActiveCfg = Release|Any CPU
		{92D3C631-C45C-4075-BEC9-4CC9C1DEF8C5}.Release|Any CPU.Build.0 = Release|Any CPU
		{92D3C631-C45C-4075-BEC9-4CC9C1DEF8C5}.Release|x64.ActiveCfg = Release|Any CPU
		{92D3C631-C45C-4075-BEC9-4CC9C1DEF8C5}.Release|x64.Build.0 = Release|Any CPU
		{92D3C631-C45C-4075-BEC9-4CC9C1DEF8C5}.Release|x86.ActiveCfg = Release|Any CPU
		{92D3C631-C45C-4075-BEC9-4CC9C1DEF8C5}.Release|x86.Build.0 = Release|Any CPU
		{1CC69F97-41B2-4C36-8043-602A8189F4FA}.Debug|Any CPU.ActiveCfg = Debug|Any CPU
		{1CC69F97-41B2-4C36-8043-602A8189F4FA}.Debug|Any CPU.Build.0 = Debug|Any CPU
		{1CC69F97-41B2-4C36-8043-602A8189F4FA}.Debug|x64.ActiveCfg = Debug|Any CPU
		{1CC69F97-41B2-4C36-8043-602A8189F4FA}.Debug|x64.Build.0 = Debug|Any CPU
		{1CC69F97-41B2-4C36-8043-602A8189F4FA}.Debug|x86.ActiveCfg = Debug|Any CPU
		{1CC69F97-41B2-4C36-8043-602A8189F4FA}.Debug|x86.Build.0 = Debug|Any CPU
		{1CC69F97-41B2-4C36-8043-602A8189F4FA}.Release|Any CPU.ActiveCfg = Release|Any CPU
		{1CC69F97-41B2-4C36-8043-602A8189F4FA}.Release|Any CPU.Build.0 = Release|Any CPU
		{1CC69F97-41B2-4C36-8043-602A8189F4FA}.Release|x64.ActiveCfg = Release|Any CPU
		{1CC69F97-41B2-4C36-8043-602A8189F4FA}.Release|x64.Build.0 = Release|Any CPU
		{1CC69F97-41B2-4C36-8043-602A8189F4FA}.Release|x86.ActiveCfg = Release|Any CPU
		{1CC69F97-41B2-4C36-8043-602A8189F4FA}.Release|x86.Build.0 = Release|Any CPU
		{EA441495-D8F4-48B0-84CB-A5250DE7AB92}.Debug|Any CPU.ActiveCfg = Debug|Any CPU
		{EA441495-D8F4-48B0-84CB-A5250DE7AB92}.Debug|Any CPU.Build.0 = Debug|Any CPU
		{EA441495-D8F4-48B0-84CB-A5250DE7AB92}.Debug|x64.ActiveCfg = Debug|Any CPU
		{EA441495-D8F4-48B0-84CB-A5250DE7AB92}.Debug|x64.Build.0 = Debug|Any CPU
		{EA441495-D8F4-48B0-84CB-A5250DE7AB92}.Debug|x86.ActiveCfg = Debug|Any CPU
		{EA441495-D8F4-48B0-84CB-A5250DE7AB92}.Debug|x86.Build.0 = Debug|Any CPU
		{EA441495-D8F4-48B0-84CB-A5250DE7AB92}.Release|Any CPU.ActiveCfg = Release|Any CPU
		{EA441495-D8F4-48B0-84CB-A5250DE7AB92}.Release|Any CPU.Build.0 = Release|Any CPU
		{EA441495-D8F4-48B0-84CB-A5250DE7AB92}.Release|x64.ActiveCfg = Release|Any CPU
		{EA441495-D8F4-48B0-84CB-A5250DE7AB92}.Release|x64.Build.0 = Release|Any CPU
		{EA441495-D8F4-48B0-84CB-A5250DE7AB92}.Release|x86.ActiveCfg = Release|Any CPU
		{EA441495-D8F4-48B0-84CB-A5250DE7AB92}.Release|x86.Build.0 = Release|Any CPU
		{9420AF02-44C5-470C-9DD5-B6D34E2AC0B8}.Debug|Any CPU.ActiveCfg = Debug|Any CPU
		{9420AF02-44C5-470C-9DD5-B6D34E2AC0B8}.Debug|Any CPU.Build.0 = Debug|Any CPU
		{9420AF02-44C5-470C-9DD5-B6D34E2AC0B8}.Debug|x64.ActiveCfg = Debug|Any CPU
		{9420AF02-44C5-470C-9DD5-B6D34E2AC0B8}.Debug|x64.Build.0 = Debug|Any CPU
		{9420AF02-44C5-470C-9DD5-B6D34E2AC0B8}.Debug|x86.ActiveCfg = Debug|Any CPU
		{9420AF02-44C5-470C-9DD5-B6D34E2AC0B8}.Debug|x86.Build.0 = Debug|Any CPU
		{9420AF02-44C5-470C-9DD5-B6D34E2AC0B8}.Release|Any CPU.ActiveCfg = Release|Any CPU
		{9420AF02-44C5-470C-9DD5-B6D34E2AC0B8}.Release|Any CPU.Build.0 = Release|Any CPU
		{9420AF02-44C5-470C-9DD5-B6D34E2AC0B8}.Release|x64.ActiveCfg = Release|Any CPU
		{9420AF02-44C5-470C-9DD5-B6D34E2AC0B8}.Release|x64.Build.0 = Release|Any CPU
		{9420AF02-44C5-470C-9DD5-B6D34E2AC0B8}.Release|x86.ActiveCfg = Release|Any CPU
		{9420AF02-44C5-470C-9DD5-B6D34E2AC0B8}.Release|x86.Build.0 = Release|Any CPU
		{8231F83A-40F0-49A8-A4CF-2F582D957350}.Debug|Any CPU.ActiveCfg = Debug|Any CPU
		{8231F83A-40F0-49A8-A4CF-2F582D957350}.Debug|Any CPU.Build.0 = Debug|Any CPU
		{8231F83A-40F0-49A8-A4CF-2F582D957350}.Debug|x64.ActiveCfg = Debug|Any CPU
		{8231F83A-40F0-49A8-A4CF-2F582D957350}.Debug|x64.Build.0 = Debug|Any CPU
		{8231F83A-40F0-49A8-A4CF-2F582D957350}.Debug|x86.ActiveCfg = Debug|Any CPU
		{8231F83A-40F0-49A8-A4CF-2F582D957350}.Debug|x86.Build.0 = Debug|Any CPU
		{8231F83A-40F0-49A8-A4CF-2F582D957350}.Release|Any CPU.ActiveCfg = Release|Any CPU
		{8231F83A-40F0-49A8-A4CF-2F582D957350}.Release|Any CPU.Build.0 = Release|Any CPU
		{8231F83A-40F0-49A8-A4CF-2F582D957350}.Release|x64.ActiveCfg = Release|Any CPU
		{8231F83A-40F0-49A8-A4CF-2F582D957350}.Release|x64.Build.0 = Release|Any CPU
		{8231F83A-40F0-49A8-A4CF-2F582D957350}.Release|x86.ActiveCfg = Release|Any CPU
		{8231F83A-40F0-49A8-A4CF-2F582D957350}.Release|x86.Build.0 = Release|Any CPU
		{A0095F7D-7CC6-4E7F-9695-8645EAD02E37}.Debug|Any CPU.ActiveCfg = Debug|Any CPU
		{A0095F7D-7CC6-4E7F-9695-8645EAD02E37}.Debug|Any CPU.Build.0 = Debug|Any CPU
		{A0095F7D-7CC6-4E7F-9695-8645EAD02E37}.Debug|x64.ActiveCfg = Debug|Any CPU
		{A0095F7D-7CC6-4E7F-9695-8645EAD02E37}.Debug|x64.Build.0 = Debug|Any CPU
		{A0095F7D-7CC6-4E7F-9695-8645EAD02E37}.Debug|x86.ActiveCfg = Debug|Any CPU
		{A0095F7D-7CC6-4E7F-9695-8645EAD02E37}.Debug|x86.Build.0 = Debug|Any CPU
		{A0095F7D-7CC6-4E7F-9695-8645EAD02E37}.Release|Any CPU.ActiveCfg = Release|Any CPU
		{A0095F7D-7CC6-4E7F-9695-8645EAD02E37}.Release|Any CPU.Build.0 = Release|Any CPU
		{A0095F7D-7CC6-4E7F-9695-8645EAD02E37}.Release|x64.ActiveCfg = Release|Any CPU
		{A0095F7D-7CC6-4E7F-9695-8645EAD02E37}.Release|x64.Build.0 = Release|Any CPU
		{A0095F7D-7CC6-4E7F-9695-8645EAD02E37}.Release|x86.ActiveCfg = Release|Any CPU
		{A0095F7D-7CC6-4E7F-9695-8645EAD02E37}.Release|x86.Build.0 = Release|Any CPU
	EndGlobalSection
	GlobalSection(SolutionProperties) = preSolution
		HideSolutionNode = FALSE
	EndGlobalSection
	GlobalSection(NestedProjects) = preSolution
		{ECDC6D6C-E5D2-4EC3-9AAC-6336C2048FFF} = {2ED9180C-3A78-44C2-AB9C-83B6944848B0}
		{119128D4-1776-427A-AEC1-6DA12B0FF813} = {2ED9180C-3A78-44C2-AB9C-83B6944848B0}
		{EAEEEB73-E9E7-4CDF-B100-A433A33562E3} = {2ED9180C-3A78-44C2-AB9C-83B6944848B0}
		{B31BE9A2-095F-4B1F-8EFF-4D390E7960DA} = {2ED9180C-3A78-44C2-AB9C-83B6944848B0}
		{640E2E01-C3F4-4785-9728-6EC99E3809FA} = {2ED9180C-3A78-44C2-AB9C-83B6944848B0}
		{577C93BA-FB92-4A1F-A0F3-754DE016EB19} = {2ED9180C-3A78-44C2-AB9C-83B6944848B0}
		{981DC3E9-A331-4137-A5F5-C0D22FB5F0ED} = {2ED9180C-3A78-44C2-AB9C-83B6944848B0}
		{F80020FF-8655-4999-90AD-C4711173D55D} = {2ED9180C-3A78-44C2-AB9C-83B6944848B0}
		{1EC2E502-155D-48C0-82B9-961FB97149A3} = {2ED9180C-3A78-44C2-AB9C-83B6944848B0}
		{2DDC7447-9196-4C21-AF86-502D0C952669} = {2ED9180C-3A78-44C2-AB9C-83B6944848B0}
		{8F34417E-3C32-4694-91AF-B286FBF0E1AC} = {2ED9180C-3A78-44C2-AB9C-83B6944848B0}
		{3C8A3855-897A-4395-BF65-D9D597896A3E} = {2ED9180C-3A78-44C2-AB9C-83B6944848B0}
		{044A9872-DD3B-4505-9B32-CAB24A16DD3B} = {2ED9180C-3A78-44C2-AB9C-83B6944848B0}
		{65B277EF-77FD-4A89-B550-086DF53BE54C} = {2ED9180C-3A78-44C2-AB9C-83B6944848B0}
		{43F1DF01-8FC1-433A-A9E6-6184EFE0D114} = {2ED9180C-3A78-44C2-AB9C-83B6944848B0}
		{2F188460-AF20-4B52-A19D-1A01941756D2} = {2ED9180C-3A78-44C2-AB9C-83B6944848B0}
		{A56DA2EA-602D-4E89-822E-0A1B3CB30AD1} = {2ED9180C-3A78-44C2-AB9C-83B6944848B0}
		{F1C06ED8-17DC-48AE-9D64-B18455CA3231} = {2ED9180C-3A78-44C2-AB9C-83B6944848B0}
		{2AB518D4-51CC-4405-853A-DAB7C5FF8287} = {A56DA2EA-602D-4E89-822E-0A1B3CB30AD1}
		{9BFA1210-9BD2-480F-AF7E-1F48C109096F} = {A56DA2EA-602D-4E89-822E-0A1B3CB30AD1}
		{AD15351E-AF2E-414A-9A70-96A943FEA55F} = {A56DA2EA-602D-4E89-822E-0A1B3CB30AD1}
		{92D3C631-C45C-4075-BEC9-4CC9C1DEF8C5} = {A56DA2EA-602D-4E89-822E-0A1B3CB30AD1}
		{1CC69F97-41B2-4C36-8043-602A8189F4FA} = {A56DA2EA-602D-4E89-822E-0A1B3CB30AD1}
		{EA441495-D8F4-48B0-84CB-A5250DE7AB92} = {A56DA2EA-602D-4E89-822E-0A1B3CB30AD1}
		{9420AF02-44C5-470C-9DD5-B6D34E2AC0B8} = {A56DA2EA-602D-4E89-822E-0A1B3CB30AD1}
		{DCBB7A7C-3A9A-4992-9F82-09F0C7C88EDB} = {2ED9180C-3A78-44C2-AB9C-83B6944848B0}
		{8231F83A-40F0-49A8-A4CF-2F582D957350} = {DCBB7A7C-3A9A-4992-9F82-09F0C7C88EDB}
		{A0095F7D-7CC6-4E7F-9695-8645EAD02E37} = {DCBB7A7C-3A9A-4992-9F82-09F0C7C88EDB}
	EndGlobalSection
	GlobalSection(ExtensibilityGlobals) = postSolution
		SolutionGuid = {40395CF2-451B-48E4-A29A-0E8AE12146B4}
	EndGlobalSection
EndGlobal
