
Microsoft Visual Studio Solution File, Format Version 12.00
# Visual Studio 15
VisualStudioVersion = 15.0.27703.2035
MinimumVisualStudioVersion = 10.0.40219.1
Project("{9A19103F-16F7-4668-BE54-9A1E7A4F7556}") = "Ferretto.WMS.Scheduler.WebAPI.Contracts", "WMS\Scheduler.WebAPI.Contracts\Ferretto.WMS.Scheduler.WebAPI.Contracts.csproj", "{57633D89-955F-4D65-A2FD-6920563D9F54}"
EndProject
Project("{9A19103F-16F7-4668-BE54-9A1E7A4F7556}") = "Ferretto.WMS.AutomationServiceMock", "WMS\AutomationServiceMock\Ferretto.WMS.AutomationServiceMock.csproj", "{FE33F7F3-00E7-41F4-93AF-42E872FF1085}"
EndProject
Global
	GlobalSection(SolutionConfigurationPlatforms) = preSolution
		Debug|Any CPU = Debug|Any CPU
		Release|Any CPU = Release|Any CPU
	EndGlobalSection
	GlobalSection(ProjectConfigurationPlatforms) = postSolution
		{57633D89-955F-4D65-A2FD-6920563D9F54}.Debug|Any CPU.ActiveCfg = Debug|Any CPU
		{57633D89-955F-4D65-A2FD-6920563D9F54}.Debug|Any CPU.Build.0 = Debug|Any CPU
		{57633D89-955F-4D65-A2FD-6920563D9F54}.Release|Any CPU.ActiveCfg = Release|Any CPU
		{57633D89-955F-4D65-A2FD-6920563D9F54}.Release|Any CPU.Build.0 = Release|Any CPU
		{FE33F7F3-00E7-41F4-93AF-42E872FF1085}.Debug|Any CPU.ActiveCfg = Debug|Any CPU
		{FE33F7F3-00E7-41F4-93AF-42E872FF1085}.Debug|Any CPU.Build.0 = Debug|Any CPU
		{FE33F7F3-00E7-41F4-93AF-42E872FF1085}.Release|Any CPU.ActiveCfg = Release|Any CPU
		{FE33F7F3-00E7-41F4-93AF-42E872FF1085}.Release|Any CPU.Build.0 = Release|Any CPU
	EndGlobalSection
	GlobalSection(SolutionProperties) = preSolution
		HideSolutionNode = FALSE
	EndGlobalSection
	GlobalSection(ExtensibilityGlobals) = postSolution
		SolutionGuid = {B998A0C5-DD2C-4088-9C42-300A146A4118}
	EndGlobalSection
EndGlobal
