
Microsoft Visual Studio Solution File, Format Version 12.00
# Visual Studio 15
VisualStudioVersion = 15.0.27703.2035
MinimumVisualStudioVersion = 10.0.40219.1
Project("{2150E333-8FDC-42A3-9474-1A3956D46DE8}") = "Common", "Common", "{7C870AE6-46DD-493B-BAD9-FDEFE22ECA1F}"
EndProject
Project("{2150E333-8FDC-42A3-9474-1A3956D46DE8}") = "WMS", "WMS", "{C6AB2AE0-C101-4638-AC86-6B6BCB7ACCB2}"
EndProject
Project("{9A19103F-16F7-4668-BE54-9A1E7A4F7556}") = "Ferretto.Common.EF", "Common\EF\Ferretto.Common.EF.csproj", "{C32FD908-0388-4096-AF68-43BBEDB58725}"
EndProject
Project("{9A19103F-16F7-4668-BE54-9A1E7A4F7556}") = "Ferretto.Common.DataModels", "Common\DataModels\Ferretto.Common.DataModels.csproj", "{1DA46E40-CF35-4458-9B2F-A6F6B3BA1C65}"
EndProject
Project("{9A19103F-16F7-4668-BE54-9A1E7A4F7556}") = "Ferretto.WMS.Data.WebAPI", "WMS\Data\WebAPI\Ferretto.WMS.Data.WebAPI.csproj", "{D6A0CC4F-522B-4815-AE99-F1739BB47BCC}"
EndProject
Project("{9A19103F-16F7-4668-BE54-9A1E7A4F7556}") = "Ferretto.WMS.Data.WebAPI.Contracts", "WMS\Data\WebAPI.Contracts\Ferretto.WMS.Data.WebAPI.Contracts.csproj", "{EF8C10AB-1349-40F0-BC6C-832246E29DCB}"
EndProject
Project("{9A19103F-16F7-4668-BE54-9A1E7A4F7556}") = "Ferretto.Common.Utils", "Common\Utils\Ferretto.Common.Utils.csproj", "{63DE2B5E-FFFE-4389-8E8C-A95785FE251E}"
EndProject
Project("{9A19103F-16F7-4668-BE54-9A1E7A4F7556}") = "Ferretto.Common.Resources", "Common\Resources\Ferretto.Common.Resources.csproj", "{C22EC77B-1DE1-47FD-B8CA-8C861480C8B7}"
EndProject
Project("{9A19103F-16F7-4668-BE54-9A1E7A4F7556}") = "Ferretto.WMS.Data.Tests", "WMS\Data\Tests\Ferretto.WMS.Data.Tests.csproj", "{88376B56-F8BE-4672-8552-E6117ECB2A25}"
EndProject
Project("{E53339B2-1760-4266-BCC7-CA923CBCF16C}") = "docker-compose", "docker-compose.dcproj", "{72A16EE1-E7EE-4D33-B821-2A6209800E3C}"
EndProject
Global
	GlobalSection(SolutionConfigurationPlatforms) = preSolution
		Debug|Any CPU = Debug|Any CPU
		Release|Any CPU = Release|Any CPU
	EndGlobalSection
	GlobalSection(ProjectConfigurationPlatforms) = postSolution
		{C32FD908-0388-4096-AF68-43BBEDB58725}.Debug|Any CPU.ActiveCfg = Debug|Any CPU
		{C32FD908-0388-4096-AF68-43BBEDB58725}.Debug|Any CPU.Build.0 = Debug|Any CPU
		{C32FD908-0388-4096-AF68-43BBEDB58725}.Release|Any CPU.ActiveCfg = Release|Any CPU
		{C32FD908-0388-4096-AF68-43BBEDB58725}.Release|Any CPU.Build.0 = Release|Any CPU
		{1DA46E40-CF35-4458-9B2F-A6F6B3BA1C65}.Debug|Any CPU.ActiveCfg = Debug|Any CPU
		{1DA46E40-CF35-4458-9B2F-A6F6B3BA1C65}.Debug|Any CPU.Build.0 = Debug|Any CPU
		{1DA46E40-CF35-4458-9B2F-A6F6B3BA1C65}.Release|Any CPU.ActiveCfg = Release|Any CPU
		{1DA46E40-CF35-4458-9B2F-A6F6B3BA1C65}.Release|Any CPU.Build.0 = Release|Any CPU
		{D6A0CC4F-522B-4815-AE99-F1739BB47BCC}.Debug|Any CPU.ActiveCfg = Debug|Any CPU
		{D6A0CC4F-522B-4815-AE99-F1739BB47BCC}.Debug|Any CPU.Build.0 = Debug|Any CPU
		{D6A0CC4F-522B-4815-AE99-F1739BB47BCC}.Release|Any CPU.ActiveCfg = Release|Any CPU
		{D6A0CC4F-522B-4815-AE99-F1739BB47BCC}.Release|Any CPU.Build.0 = Release|Any CPU
		{EF8C10AB-1349-40F0-BC6C-832246E29DCB}.Debug|Any CPU.ActiveCfg = Debug|Any CPU
		{EF8C10AB-1349-40F0-BC6C-832246E29DCB}.Debug|Any CPU.Build.0 = Debug|Any CPU
		{EF8C10AB-1349-40F0-BC6C-832246E29DCB}.Release|Any CPU.ActiveCfg = Release|Any CPU
		{EF8C10AB-1349-40F0-BC6C-832246E29DCB}.Release|Any CPU.Build.0 = Release|Any CPU
		{63DE2B5E-FFFE-4389-8E8C-A95785FE251E}.Debug|Any CPU.ActiveCfg = Debug|Any CPU
		{63DE2B5E-FFFE-4389-8E8C-A95785FE251E}.Debug|Any CPU.Build.0 = Debug|Any CPU
		{63DE2B5E-FFFE-4389-8E8C-A95785FE251E}.Release|Any CPU.ActiveCfg = Release|Any CPU
		{63DE2B5E-FFFE-4389-8E8C-A95785FE251E}.Release|Any CPU.Build.0 = Release|Any CPU
		{C22EC77B-1DE1-47FD-B8CA-8C861480C8B7}.Debug|Any CPU.ActiveCfg = Debug|Any CPU
		{C22EC77B-1DE1-47FD-B8CA-8C861480C8B7}.Debug|Any CPU.Build.0 = Debug|Any CPU
		{C22EC77B-1DE1-47FD-B8CA-8C861480C8B7}.Release|Any CPU.ActiveCfg = Release|Any CPU
		{C22EC77B-1DE1-47FD-B8CA-8C861480C8B7}.Release|Any CPU.Build.0 = Release|Any CPU
		{88376B56-F8BE-4672-8552-E6117ECB2A25}.Debug|Any CPU.ActiveCfg = Debug|Any CPU
		{88376B56-F8BE-4672-8552-E6117ECB2A25}.Debug|Any CPU.Build.0 = Debug|Any CPU
		{88376B56-F8BE-4672-8552-E6117ECB2A25}.Release|Any CPU.ActiveCfg = Release|Any CPU
		{88376B56-F8BE-4672-8552-E6117ECB2A25}.Release|Any CPU.Build.0 = Release|Any CPU
		{72A16EE1-E7EE-4D33-B821-2A6209800E3C}.Debug|Any CPU.ActiveCfg = Debug|Any CPU
		{72A16EE1-E7EE-4D33-B821-2A6209800E3C}.Debug|Any CPU.Build.0 = Debug|Any CPU
		{72A16EE1-E7EE-4D33-B821-2A6209800E3C}.Release|Any CPU.ActiveCfg = Release|Any CPU
		{72A16EE1-E7EE-4D33-B821-2A6209800E3C}.Release|Any CPU.Build.0 = Release|Any CPU
	EndGlobalSection
	GlobalSection(SolutionProperties) = preSolution
		HideSolutionNode = FALSE
	EndGlobalSection
	GlobalSection(NestedProjects) = preSolution
		{C32FD908-0388-4096-AF68-43BBEDB58725} = {7C870AE6-46DD-493B-BAD9-FDEFE22ECA1F}
		{1DA46E40-CF35-4458-9B2F-A6F6B3BA1C65} = {7C870AE6-46DD-493B-BAD9-FDEFE22ECA1F}
		{D6A0CC4F-522B-4815-AE99-F1739BB47BCC} = {C6AB2AE0-C101-4638-AC86-6B6BCB7ACCB2}
		{EF8C10AB-1349-40F0-BC6C-832246E29DCB} = {C6AB2AE0-C101-4638-AC86-6B6BCB7ACCB2}
		{63DE2B5E-FFFE-4389-8E8C-A95785FE251E} = {7C870AE6-46DD-493B-BAD9-FDEFE22ECA1F}
		{C22EC77B-1DE1-47FD-B8CA-8C861480C8B7} = {7C870AE6-46DD-493B-BAD9-FDEFE22ECA1F}
		{88376B56-F8BE-4672-8552-E6117ECB2A25} = {C6AB2AE0-C101-4638-AC86-6B6BCB7ACCB2}
		{72A16EE1-E7EE-4D33-B821-2A6209800E3C} = {C6AB2AE0-C101-4638-AC86-6B6BCB7ACCB2}
	EndGlobalSection
	GlobalSection(ExtensibilityGlobals) = postSolution
		SolutionGuid = {B998A0C5-DD2C-4088-9C42-300A146A4118}
	EndGlobalSection
EndGlobal
