
Microsoft Visual Studio Solution File, Format Version 12.00
# Visual Studio 15
VisualStudioVersion = 15.0.27703.2035
MinimumVisualStudioVersion = 10.0.40219.1
Project("{FAE04EC0-301F-11D3-BF4B-00C04F79EFBC}") = "Ferretto.WMS.App", "WMS\App\Ferretto.WMS.App.csproj", "{69935FFE-3DC9-47C4-9192-D925D043C137}"
	ProjectSection(ProjectDependencies) = postProject
		{9D9ECC03-073A-43F7-BED8-568CF67AB8AD} = {9D9ECC03-073A-43F7-BED8-568CF67AB8AD}
		{C32FD908-0388-4096-AF68-43BBEDB58725} = {C32FD908-0388-4096-AF68-43BBEDB58725}
		{641C7533-696E-48D4-95DA-9A8E31BCDBED} = {641C7533-696E-48D4-95DA-9A8E31BCDBED}
		{965F447E-A8A3-42FA-9EDB-E90F677437AE} = {965F447E-A8A3-42FA-9EDB-E90F677437AE}
		{0D3E44FD-B369-4B85-AEBE-17A754D71C8D} = {0D3E44FD-B369-4B85-AEBE-17A754D71C8D}
	EndProjectSection
EndProject
Project("{FAE04EC0-301F-11D3-BF4B-00C04F79EFBC}") = "Ferretto.WMS.App.Themes", "WMS\App.Themes\Ferretto.WMS.App.Themes.csproj", "{9377DBC4-ED82-46D9-90B1-9F7DF787E5E1}"
	ProjectSection(ProjectDependencies) = postProject
		{C361D00D-E5D7-4FBD-ADEC-B965C34FFDD7} = {C361D00D-E5D7-4FBD-ADEC-B965C34FFDD7}
	EndProjectSection
EndProject
Project("{2150E333-8FDC-42A3-9474-1A3956D46DE8}") = "Modules", "Modules", "{12BF6A8D-AC9B-4ECE-B134-FB3644430056}"
EndProject
Project("{2150E333-8FDC-42A3-9474-1A3956D46DE8}") = "Common", "Common", "{7C870AE6-46DD-493B-BAD9-FDEFE22ECA1F}"
EndProject
Project("{FAE04EC0-301F-11D3-BF4B-00C04F79EFBC}") = "Ferretto.Common.Modules.BLL", "Common\Modules\BLL\Ferretto.Common.Modules.BLL.csproj", "{0D3E44FD-B369-4B85-AEBE-17A754D71C8D}"
EndProject
Project("{FAE04EC0-301F-11D3-BF4B-00C04F79EFBC}") = "Ferretto.WMS.Modules.MasterData", "WMS\Modules\MasterData\Ferretto.WMS.Modules.MasterData.csproj", "{9D9ECC03-073A-43F7-BED8-568CF67AB8AD}"
EndProject
Project("{FAE04EC0-301F-11D3-BF4B-00C04F79EFBC}") = "Ferretto.WMS.Modules.Layout", "WMS\Modules\Layout\Ferretto.WMS.Modules.Layout.csproj", "{965F447E-A8A3-42FA-9EDB-E90F677437AE}"
EndProject
Project("{FAE04EC0-301F-11D3-BF4B-00C04F79EFBC}") = "Ferretto.Common.Controls", "Common\Controls\Ferretto.Common.Controls.csproj", "{0DDBD6DC-1F23-4F52-849D-94DA9E5F1B12}"
EndProject
Project("{FAE04EC0-301F-11D3-BF4B-00C04F79EFBC}") = "Ferretto.Common.DataModels", "Common\DataModels\Ferretto.Common.DataModels.csproj", "{1DA46E40-CF35-4458-9B2F-A6F6B3BA1C65}"
EndProject
Project("{FAE04EC0-301F-11D3-BF4B-00C04F79EFBC}") = "Ferretto.Common.EF", "Common\EF\Ferretto.Common.EF.csproj", "{C32FD908-0388-4096-AF68-43BBEDB58725}"
EndProject
Project("{FAE04EC0-301F-11D3-BF4B-00C04F79EFBC}") = "Ferretto.Common.BLL.Interfaces", "Common\BLL.Interfaces\Ferretto.Common.BLL.Interfaces.csproj", "{2586C34C-DA26-4143-8359-21D8A42B8462}"
EndProject
Project("{FAE04EC0-301F-11D3-BF4B-00C04F79EFBC}") = "Ferretto.Common.Utils", "Common\Utils\Ferretto.Common.Utils.csproj", "{C361D00D-E5D7-4FBD-ADEC-B965C34FFDD7}"
EndProject
Project("{2150E333-8FDC-42A3-9474-1A3956D46DE8}") = "Modules", "Modules", "{CAA2FB89-063C-490B-89D5-5D3AAD06FE53}"
EndProject
Project("{2150E333-8FDC-42A3-9474-1A3956D46DE8}") = "WMS", "WMS", "{C6AB2AE0-C101-4638-AC86-6B6BCB7ACCB2}"
EndProject
Project("{FAE04EC0-301F-11D3-BF4B-00C04F79EFBC}") = "Ferretto.Common.BLL.Tests", "Common\BLL.Tests\Ferretto.Common.BLL.Tests.csproj", "{8FEEFE83-4022-476D-BD8A-C2E5321C5B91}"
EndProject
Project("{FAE04EC0-301F-11D3-BF4B-00C04F79EFBC}") = "Ferretto.WMS.App.Tests", "WMS\App.Tests\Ferretto.WMS.App.Tests.csproj", "{87A5A291-C598-4E40-A381-F23084160D1B}"
	ProjectSection(ProjectDependencies) = postProject
		{69935FFE-3DC9-47C4-9192-D925D043C137} = {69935FFE-3DC9-47C4-9192-D925D043C137}
	EndProjectSection
EndProject
Project("{FAE04EC0-301F-11D3-BF4B-00C04F79EFBC}") = "Ferretto.Common.Controls.Tests", "Common\Controls.Tests\Ferretto.Common.Controls.Tests.csproj", "{B9FFA685-D50F-4168-B325-BF1B35DD9C3F}"
EndProject
Project("{FAE04EC0-301F-11D3-BF4B-00C04F79EFBC}") = "Ferretto.Common.Utils.Testing", "Common\Utils.Testing\Ferretto.Common.Utils.Testing.csproj", "{EF9E711B-EA05-4856-BD9F-E13CF5EF5926}"
EndProject
Project("{FAE04EC0-301F-11D3-BF4B-00C04F79EFBC}") = "Ferretto.Common.Resources", "Common\Resources\Ferretto.Common.Resources.csproj", "{EC02D26C-F149-496C-BC7C-75D229B4333F}"
EndProject
Project("{FAE04EC0-301F-11D3-BF4B-00C04F79EFBC}") = "Ferretto.WMS.Modules.Compartment", "WMS\Modules\Compartment\Ferretto.WMS.Modules.Compartment.csproj", "{31B848E7-AC3C-41DA-9D47-2EC870B5F0B8}"
EndProject
Project("{FAE04EC0-301F-11D3-BF4B-00C04F79EFBC}") = "Ferretto.WMS.App.Compartment", "WMS\AppCompartment\Ferretto.WMS.App.Compartment.csproj", "{0F829073-42C5-4FE7-9C70-9070D08E1FB7}"
	ProjectSection(ProjectDependencies) = postProject
		{C32FD908-0388-4096-AF68-43BBEDB58725} = {C32FD908-0388-4096-AF68-43BBEDB58725}
		{31B848E7-AC3C-41DA-9D47-2EC870B5F0B8} = {31B848E7-AC3C-41DA-9D47-2EC870B5F0B8}
		{0D3E44FD-B369-4B85-AEBE-17A754D71C8D} = {0D3E44FD-B369-4B85-AEBE-17A754D71C8D}
	EndProjectSection
EndProject
Project("{FAE04EC0-301F-11D3-BF4B-00C04F79EFBC}") = "Ferretto.WMS.Modules.Machines", "WMS\Modules\Machines\Ferretto.WMS.Modules.Machines.csproj", "{641C7533-696E-48D4-95DA-9A8E31BCDBED}"
EndProject
Project("{FAE04EC0-301F-11D3-BF4B-00C04F79EFBC}") = "Ferretto.Common.BusinessModels", "Common\BusinessModels\Ferretto.Common.BusinessModels.csproj", "{9B84A46F-1D02-4535-847F-A6872637BF54}"
EndProject
Global
	GlobalSection(SolutionConfigurationPlatforms) = preSolution
		Debug|Any CPU = Debug|Any CPU
		Release|Any CPU = Release|Any CPU
	EndGlobalSection
	GlobalSection(ProjectConfigurationPlatforms) = postSolution
		{69935FFE-3DC9-47C4-9192-D925D043C137}.Debug|Any CPU.ActiveCfg = Debug|Any CPU
		{69935FFE-3DC9-47C4-9192-D925D043C137}.Debug|Any CPU.Build.0 = Debug|Any CPU
		{69935FFE-3DC9-47C4-9192-D925D043C137}.Release|Any CPU.ActiveCfg = Release|Any CPU
		{69935FFE-3DC9-47C4-9192-D925D043C137}.Release|Any CPU.Build.0 = Release|Any CPU
		{9377DBC4-ED82-46D9-90B1-9F7DF787E5E1}.Debug|Any CPU.ActiveCfg = Debug|Any CPU
		{9377DBC4-ED82-46D9-90B1-9F7DF787E5E1}.Debug|Any CPU.Build.0 = Debug|Any CPU
		{9377DBC4-ED82-46D9-90B1-9F7DF787E5E1}.Release|Any CPU.ActiveCfg = Release|Any CPU
		{9377DBC4-ED82-46D9-90B1-9F7DF787E5E1}.Release|Any CPU.Build.0 = Release|Any CPU
		{0D3E44FD-B369-4B85-AEBE-17A754D71C8D}.Debug|Any CPU.ActiveCfg = Debug|Any CPU
		{0D3E44FD-B369-4B85-AEBE-17A754D71C8D}.Debug|Any CPU.Build.0 = Debug|Any CPU
		{0D3E44FD-B369-4B85-AEBE-17A754D71C8D}.Release|Any CPU.ActiveCfg = Release|Any CPU
		{0D3E44FD-B369-4B85-AEBE-17A754D71C8D}.Release|Any CPU.Build.0 = Release|Any CPU
		{9D9ECC03-073A-43F7-BED8-568CF67AB8AD}.Debug|Any CPU.ActiveCfg = Debug|Any CPU
		{9D9ECC03-073A-43F7-BED8-568CF67AB8AD}.Debug|Any CPU.Build.0 = Debug|Any CPU
		{9D9ECC03-073A-43F7-BED8-568CF67AB8AD}.Release|Any CPU.ActiveCfg = Release|Any CPU
		{9D9ECC03-073A-43F7-BED8-568CF67AB8AD}.Release|Any CPU.Build.0 = Release|Any CPU
		{965F447E-A8A3-42FA-9EDB-E90F677437AE}.Debug|Any CPU.ActiveCfg = Debug|Any CPU
		{965F447E-A8A3-42FA-9EDB-E90F677437AE}.Debug|Any CPU.Build.0 = Debug|Any CPU
		{965F447E-A8A3-42FA-9EDB-E90F677437AE}.Release|Any CPU.ActiveCfg = Release|Any CPU
		{965F447E-A8A3-42FA-9EDB-E90F677437AE}.Release|Any CPU.Build.0 = Release|Any CPU
		{0DDBD6DC-1F23-4F52-849D-94DA9E5F1B12}.Debug|Any CPU.ActiveCfg = Debug|Any CPU
		{0DDBD6DC-1F23-4F52-849D-94DA9E5F1B12}.Debug|Any CPU.Build.0 = Debug|Any CPU
		{0DDBD6DC-1F23-4F52-849D-94DA9E5F1B12}.Release|Any CPU.ActiveCfg = Release|Any CPU
		{0DDBD6DC-1F23-4F52-849D-94DA9E5F1B12}.Release|Any CPU.Build.0 = Release|Any CPU
		{1DA46E40-CF35-4458-9B2F-A6F6B3BA1C65}.Debug|Any CPU.ActiveCfg = Debug|Any CPU
		{1DA46E40-CF35-4458-9B2F-A6F6B3BA1C65}.Debug|Any CPU.Build.0 = Debug|Any CPU
		{1DA46E40-CF35-4458-9B2F-A6F6B3BA1C65}.Release|Any CPU.ActiveCfg = Release|Any CPU
		{1DA46E40-CF35-4458-9B2F-A6F6B3BA1C65}.Release|Any CPU.Build.0 = Release|Any CPU
		{C32FD908-0388-4096-AF68-43BBEDB58725}.Debug|Any CPU.ActiveCfg = Debug|Any CPU
		{C32FD908-0388-4096-AF68-43BBEDB58725}.Debug|Any CPU.Build.0 = Debug|Any CPU
		{C32FD908-0388-4096-AF68-43BBEDB58725}.Release|Any CPU.ActiveCfg = Release|Any CPU
		{C32FD908-0388-4096-AF68-43BBEDB58725}.Release|Any CPU.Build.0 = Release|Any CPU
		{2586C34C-DA26-4143-8359-21D8A42B8462}.Debug|Any CPU.ActiveCfg = Debug|Any CPU
		{2586C34C-DA26-4143-8359-21D8A42B8462}.Debug|Any CPU.Build.0 = Debug|Any CPU
		{2586C34C-DA26-4143-8359-21D8A42B8462}.Release|Any CPU.ActiveCfg = Release|Any CPU
		{2586C34C-DA26-4143-8359-21D8A42B8462}.Release|Any CPU.Build.0 = Release|Any CPU
		{C361D00D-E5D7-4FBD-ADEC-B965C34FFDD7}.Debug|Any CPU.ActiveCfg = Debug|Any CPU
		{C361D00D-E5D7-4FBD-ADEC-B965C34FFDD7}.Debug|Any CPU.Build.0 = Debug|Any CPU
		{C361D00D-E5D7-4FBD-ADEC-B965C34FFDD7}.Release|Any CPU.ActiveCfg = Release|Any CPU
		{C361D00D-E5D7-4FBD-ADEC-B965C34FFDD7}.Release|Any CPU.Build.0 = Release|Any CPU
		{8FEEFE83-4022-476D-BD8A-C2E5321C5B91}.Debug|Any CPU.ActiveCfg = Debug|Any CPU
		{8FEEFE83-4022-476D-BD8A-C2E5321C5B91}.Debug|Any CPU.Build.0 = Debug|Any CPU
		{8FEEFE83-4022-476D-BD8A-C2E5321C5B91}.Release|Any CPU.ActiveCfg = Release|Any CPU
		{8FEEFE83-4022-476D-BD8A-C2E5321C5B91}.Release|Any CPU.Build.0 = Release|Any CPU
		{87A5A291-C598-4E40-A381-F23084160D1B}.Debug|Any CPU.ActiveCfg = Debug|Any CPU
		{87A5A291-C598-4E40-A381-F23084160D1B}.Debug|Any CPU.Build.0 = Debug|Any CPU
		{87A5A291-C598-4E40-A381-F23084160D1B}.Release|Any CPU.ActiveCfg = Release|Any CPU
		{87A5A291-C598-4E40-A381-F23084160D1B}.Release|Any CPU.Build.0 = Release|Any CPU
		{B9FFA685-D50F-4168-B325-BF1B35DD9C3F}.Debug|Any CPU.ActiveCfg = Debug|Any CPU
		{B9FFA685-D50F-4168-B325-BF1B35DD9C3F}.Debug|Any CPU.Build.0 = Debug|Any CPU
		{B9FFA685-D50F-4168-B325-BF1B35DD9C3F}.Release|Any CPU.ActiveCfg = Release|Any CPU
		{B9FFA685-D50F-4168-B325-BF1B35DD9C3F}.Release|Any CPU.Build.0 = Release|Any CPU
		{EF9E711B-EA05-4856-BD9F-E13CF5EF5926}.Debug|Any CPU.ActiveCfg = Debug|Any CPU
		{EF9E711B-EA05-4856-BD9F-E13CF5EF5926}.Debug|Any CPU.Build.0 = Debug|Any CPU
		{EF9E711B-EA05-4856-BD9F-E13CF5EF5926}.Release|Any CPU.ActiveCfg = Release|Any CPU
		{EF9E711B-EA05-4856-BD9F-E13CF5EF5926}.Release|Any CPU.Build.0 = Release|Any CPU
		{EC02D26C-F149-496C-BC7C-75D229B4333F}.Debug|Any CPU.ActiveCfg = Debug|Any CPU
		{EC02D26C-F149-496C-BC7C-75D229B4333F}.Debug|Any CPU.Build.0 = Debug|Any CPU
		{EC02D26C-F149-496C-BC7C-75D229B4333F}.Release|Any CPU.ActiveCfg = Release|Any CPU
		{EC02D26C-F149-496C-BC7C-75D229B4333F}.Release|Any CPU.Build.0 = Release|Any CPU
		{31B848E7-AC3C-41DA-9D47-2EC870B5F0B8}.Debug|Any CPU.ActiveCfg = Debug|Any CPU
		{31B848E7-AC3C-41DA-9D47-2EC870B5F0B8}.Debug|Any CPU.Build.0 = Debug|Any CPU
		{31B848E7-AC3C-41DA-9D47-2EC870B5F0B8}.Release|Any CPU.ActiveCfg = Release|Any CPU
		{31B848E7-AC3C-41DA-9D47-2EC870B5F0B8}.Release|Any CPU.Build.0 = Release|Any CPU
		{0F829073-42C5-4FE7-9C70-9070D08E1FB7}.Debug|Any CPU.ActiveCfg = Debug|Any CPU
		{0F829073-42C5-4FE7-9C70-9070D08E1FB7}.Debug|Any CPU.Build.0 = Debug|Any CPU
		{0F829073-42C5-4FE7-9C70-9070D08E1FB7}.Release|Any CPU.ActiveCfg = Release|Any CPU
		{0F829073-42C5-4FE7-9C70-9070D08E1FB7}.Release|Any CPU.Build.0 = Release|Any CPU
		{641C7533-696E-48D4-95DA-9A8E31BCDBED}.Debug|Any CPU.ActiveCfg = Debug|Any CPU
		{641C7533-696E-48D4-95DA-9A8E31BCDBED}.Debug|Any CPU.Build.0 = Debug|Any CPU
		{641C7533-696E-48D4-95DA-9A8E31BCDBED}.Release|Any CPU.ActiveCfg = Release|Any CPU
		{641C7533-696E-48D4-95DA-9A8E31BCDBED}.Release|Any CPU.Build.0 = Release|Any CPU
		{9B84A46F-1D02-4535-847F-A6872637BF54}.Debug|Any CPU.ActiveCfg = Debug|Any CPU
		{9B84A46F-1D02-4535-847F-A6872637BF54}.Debug|Any CPU.Build.0 = Debug|Any CPU
		{9B84A46F-1D02-4535-847F-A6872637BF54}.Release|Any CPU.ActiveCfg = Release|Any CPU
		{9B84A46F-1D02-4535-847F-A6872637BF54}.Release|Any CPU.Build.0 = Release|Any CPU
	EndGlobalSection
	GlobalSection(SolutionProperties) = preSolution
		HideSolutionNode = FALSE
	EndGlobalSection
	GlobalSection(NestedProjects) = preSolution
		{69935FFE-3DC9-47C4-9192-D925D043C137} = {C6AB2AE0-C101-4638-AC86-6B6BCB7ACCB2}
		{9377DBC4-ED82-46D9-90B1-9F7DF787E5E1} = {C6AB2AE0-C101-4638-AC86-6B6BCB7ACCB2}
		{12BF6A8D-AC9B-4ECE-B134-FB3644430056} = {C6AB2AE0-C101-4638-AC86-6B6BCB7ACCB2}
		{0D3E44FD-B369-4B85-AEBE-17A754D71C8D} = {CAA2FB89-063C-490B-89D5-5D3AAD06FE53}
		{9D9ECC03-073A-43F7-BED8-568CF67AB8AD} = {12BF6A8D-AC9B-4ECE-B134-FB3644430056}
		{965F447E-A8A3-42FA-9EDB-E90F677437AE} = {12BF6A8D-AC9B-4ECE-B134-FB3644430056}
		{0DDBD6DC-1F23-4F52-849D-94DA9E5F1B12} = {7C870AE6-46DD-493B-BAD9-FDEFE22ECA1F}
		{1DA46E40-CF35-4458-9B2F-A6F6B3BA1C65} = {7C870AE6-46DD-493B-BAD9-FDEFE22ECA1F}
		{C32FD908-0388-4096-AF68-43BBEDB58725} = {7C870AE6-46DD-493B-BAD9-FDEFE22ECA1F}
		{2586C34C-DA26-4143-8359-21D8A42B8462} = {7C870AE6-46DD-493B-BAD9-FDEFE22ECA1F}
		{C361D00D-E5D7-4FBD-ADEC-B965C34FFDD7} = {7C870AE6-46DD-493B-BAD9-FDEFE22ECA1F}
		{CAA2FB89-063C-490B-89D5-5D3AAD06FE53} = {7C870AE6-46DD-493B-BAD9-FDEFE22ECA1F}
		{8FEEFE83-4022-476D-BD8A-C2E5321C5B91} = {7C870AE6-46DD-493B-BAD9-FDEFE22ECA1F}
		{87A5A291-C598-4E40-A381-F23084160D1B} = {C6AB2AE0-C101-4638-AC86-6B6BCB7ACCB2}
		{B9FFA685-D50F-4168-B325-BF1B35DD9C3F} = {7C870AE6-46DD-493B-BAD9-FDEFE22ECA1F}
		{EF9E711B-EA05-4856-BD9F-E13CF5EF5926} = {7C870AE6-46DD-493B-BAD9-FDEFE22ECA1F}
		{EC02D26C-F149-496C-BC7C-75D229B4333F} = {7C870AE6-46DD-493B-BAD9-FDEFE22ECA1F}
		{31B848E7-AC3C-41DA-9D47-2EC870B5F0B8} = {12BF6A8D-AC9B-4ECE-B134-FB3644430056}
		{0F829073-42C5-4FE7-9C70-9070D08E1FB7} = {C6AB2AE0-C101-4638-AC86-6B6BCB7ACCB2}
		{641C7533-696E-48D4-95DA-9A8E31BCDBED} = {12BF6A8D-AC9B-4ECE-B134-FB3644430056}
		{9B84A46F-1D02-4535-847F-A6872637BF54} = {7C870AE6-46DD-493B-BAD9-FDEFE22ECA1F}
	EndGlobalSection
	GlobalSection(ExtensibilityGlobals) = postSolution
		SolutionGuid = {B998A0C5-DD2C-4088-9C42-300A146A4118}
	EndGlobalSection
EndGlobal
