
Microsoft Visual Studio Solution File, Format Version 12.00
# Visual Studio Version 16
VisualStudioVersion = 16.0.29209.62
MinimumVisualStudioVersion = 10.0.40219.1
Project("{2150E333-8FDC-42A3-9474-1A3956D46DE8}") = "Machine Automation Service", "Machine Automation Service", "{A56DA2EA-602D-4E89-822E-0A1B3CB30AD1}"
EndProject
Project("{2150E333-8FDC-42A3-9474-1A3956D46DE8}") = "Panel PC UI", "Panel PC UI", "{F1C06ED8-17DC-48AE-9D64-B18455CA3231}"
EndProject
Project("{2150E333-8FDC-42A3-9474-1A3956D46DE8}") = "Common", "Common", "{DCBB7A7C-3A9A-4992-9F82-09F0C7C88EDB}"
EndProject
Project("{9A19103F-16F7-4668-BE54-9A1E7A4F7556}") = "Ferretto.VW.App.Resources", "Panel PC UI\Ferretto.VW.App.Resources\Ferretto.VW.App.Resources.csproj", "{8231F83A-40F0-49A8-A4CF-2F582D957350}"
EndProject
Project("{9A19103F-16F7-4668-BE54-9A1E7A4F7556}") = "Ferretto.VW.CommonUtils", "Common\Ferretto.VW.CommonUtils\Ferretto.VW.CommonUtils.csproj", "{A0095F7D-7CC6-4E7F-9695-8645EAD02E37}"
EndProject
Project("{9A19103F-16F7-4668-BE54-9A1E7A4F7556}") = "Ferretto.VW.App.Controls", "Panel PC UI\Ferretto.VW.App.Controls\Ferretto.VW.App.Controls.csproj", "{2F45ED0E-31CB-4115-8F27-6EC0B17876B3}"
EndProject
Project("{9A19103F-16F7-4668-BE54-9A1E7A4F7556}") = "Ferretto.VW.App.Modules.Installation", "Panel PC UI\Ferretto.VW.App.Modules\Installation\Ferretto.VW.App.Modules.Installation.csproj", "{7A484BAF-AB01-488A-853F-C0CE4305BA56}"
	ProjectSection(ProjectDependencies) = postProject
		{D32FF50E-27EF-4DAE-A14E-BDB4695EB38B} = {D32FF50E-27EF-4DAE-A14E-BDB4695EB38B}
		{DFB9C84C-A4F3-45DD-9ED7-81B7EC8E4E16} = {DFB9C84C-A4F3-45DD-9ED7-81B7EC8E4E16}
	EndProjectSection
EndProject
Project("{9A19103F-16F7-4668-BE54-9A1E7A4F7556}") = "Ferretto.VW.App", "Panel PC UI\Ferretto.VW.App\Ferretto.VW.App.csproj", "{BBB70951-5692-44F2-BD04-C1E150D970FD}"
	ProjectSection(ProjectDependencies) = postProject
		{7A484BAF-AB01-488A-853F-C0CE4305BA56} = {7A484BAF-AB01-488A-853F-C0CE4305BA56}
		{907674B7-B982-41C4-92DF-8928F8C9AF6B} = {907674B7-B982-41C4-92DF-8928F8C9AF6B}
		{F58AA4C5-3E96-471D-B2C5-7767C5C165EF} = {F58AA4C5-3E96-471D-B2C5-7767C5C165EF}
	EndProjectSection
EndProject
Project("{9A19103F-16F7-4668-BE54-9A1E7A4F7556}") = "Ferretto.VW.Utils", "Panel PC UI\Ferretto.VW.App.Utils\Ferretto.VW.Utils.csproj", "{868F2E9D-DC2A-4B3E-8708-CD494DBE37E3}"
EndProject
Project("{9A19103F-16F7-4668-BE54-9A1E7A4F7556}") = "Ferretto.VW.MAS.Utils", "Machine Automation Service\Ferretto.VW.MAS.Utils\Ferretto.VW.MAS.Utils.csproj", "{73086AC9-1316-4FFC-AA5D-0A50C132456A}"
EndProject
Project("{9A19103F-16F7-4668-BE54-9A1E7A4F7556}") = "Ferretto.VW.MAS.AutomationService.Contracts", "Machine Automation Service\Ferretto.VW.MAS.AutomationService.Contracts\Ferretto.VW.MAS.AutomationService.Contracts.csproj", "{6A1B4468-5DF1-48ED-8887-E1A5A1814056}"
EndProject
Project("{9A19103F-16F7-4668-BE54-9A1E7A4F7556}") = "Ferretto.VW.App.Services", "Panel PC UI\Ferretto.VW.App.Services\Ferretto.VW.App.Services.csproj", "{592A747E-A69F-440A-BE35-19995FB06DCF}"
EndProject
Project("{9A19103F-16F7-4668-BE54-9A1E7A4F7556}") = "Ferretto.VW.MAS.DataModels", "Machine Automation Service\Ferretto.VW.MAS.DataModels\Ferretto.VW.MAS.DataModels.csproj", "{2B2E0727-2FBE-4F9D-85A0-F585786487C4}"
EndProject
Project("{9A19103F-16F7-4668-BE54-9A1E7A4F7556}") = "Ferretto.VW.MAS.AutomationService.Hubs", "Machine Automation Service\Ferretto.VW.MAS.AutomationService.Hubs\Ferretto.VW.MAS.AutomationService.Hubs.csproj", "{47A16121-E28A-408D-99D6-407E95A8C6AE}"
EndProject
Project("{9A19103F-16F7-4668-BE54-9A1E7A4F7556}") = "Ferretto.VW.App.Themes", "Panel PC UI\Ferretto.VW.App.Themes\Ferretto.VW.App.Themes.csproj", "{60F818CD-8BF3-472A-8844-6BC049C6E788}"
EndProject
Project("{2150E333-8FDC-42A3-9474-1A3956D46DE8}") = "Modules", "Modules", "{ABEB84BE-A9AF-4935-8EA9-4DA0ACABECF0}"
EndProject
Project("{9A19103F-16F7-4668-BE54-9A1E7A4F7556}") = "Ferretto.VW.App.Modules.Errors", "Panel PC UI\Ferretto.VW.App.Modules\Errors\Ferretto.VW.App.Modules.Errors.csproj", "{DFB9C84C-A4F3-45DD-9ED7-81B7EC8E4E16}"
EndProject
Project("{9A19103F-16F7-4668-BE54-9A1E7A4F7556}") = "Ferretto.VW.App.Modules.Layout", "Panel PC UI\Ferretto.VW.App.Modules\Layout\Ferretto.VW.App.Modules.Layout.csproj", "{D32FF50E-27EF-4DAE-A14E-BDB4695EB38B}"
	ProjectSection(ProjectDependencies) = postProject
		{DFB9C84C-A4F3-45DD-9ED7-81B7EC8E4E16} = {DFB9C84C-A4F3-45DD-9ED7-81B7EC8E4E16}
	EndProjectSection
EndProject
Project("{9A19103F-16F7-4668-BE54-9A1E7A4F7556}") = "Ferretto.VW.App.Modules.Login", "Panel PC UI\Ferretto.VW.App.Modules\Login\Ferretto.VW.App.Modules.Login.csproj", "{907674B7-B982-41C4-92DF-8928F8C9AF6B}"
EndProject
Project("{9A19103F-16F7-4668-BE54-9A1E7A4F7556}") = "Ferretto.VW.App.Modules.Operator", "Panel PC UI\Ferretto.VW.App.Modules\Operator\Ferretto.VW.App.Modules.Operator.csproj", "{F58AA4C5-3E96-471D-B2C5-7767C5C165EF}"
EndProject
Project("{9A19103F-16F7-4668-BE54-9A1E7A4F7556}") = "Ferretto.VW.MAS.AutomationService.Contracts.Hubs", "Machine Automation Service\Ferretto.VW.MAS.AutomationService.Contracts.Hubs\Ferretto.VW.MAS.AutomationService.Contracts.Hubs.csproj", "{F954C385-B739-4368-9212-75374DDEB422}"
EndProject
Global
	GlobalSection(SolutionConfigurationPlatforms) = preSolution
		Debug|Any CPU = Debug|Any CPU
		Debug|x64 = Debug|x64
		Debug|x86 = Debug|x86
		Release|Any CPU = Release|Any CPU
		Release|x64 = Release|x64
		Release|x86 = Release|x86
	EndGlobalSection
	GlobalSection(ProjectConfigurationPlatforms) = postSolution
		{8231F83A-40F0-49A8-A4CF-2F582D957350}.Debug|Any CPU.ActiveCfg = Debug|Any CPU
		{8231F83A-40F0-49A8-A4CF-2F582D957350}.Debug|Any CPU.Build.0 = Debug|Any CPU
		{8231F83A-40F0-49A8-A4CF-2F582D957350}.Debug|x64.ActiveCfg = Debug|Any CPU
		{8231F83A-40F0-49A8-A4CF-2F582D957350}.Debug|x64.Build.0 = Debug|Any CPU
		{8231F83A-40F0-49A8-A4CF-2F582D957350}.Debug|x86.ActiveCfg = Debug|Any CPU
		{8231F83A-40F0-49A8-A4CF-2F582D957350}.Debug|x86.Build.0 = Debug|Any CPU
		{8231F83A-40F0-49A8-A4CF-2F582D957350}.Release|Any CPU.ActiveCfg = Release|Any CPU
		{8231F83A-40F0-49A8-A4CF-2F582D957350}.Release|Any CPU.Build.0 = Release|Any CPU
		{8231F83A-40F0-49A8-A4CF-2F582D957350}.Release|x64.ActiveCfg = Release|Any CPU
		{8231F83A-40F0-49A8-A4CF-2F582D957350}.Release|x64.Build.0 = Release|Any CPU
		{8231F83A-40F0-49A8-A4CF-2F582D957350}.Release|x86.ActiveCfg = Release|Any CPU
		{8231F83A-40F0-49A8-A4CF-2F582D957350}.Release|x86.Build.0 = Release|Any CPU
		{A0095F7D-7CC6-4E7F-9695-8645EAD02E37}.Debug|Any CPU.ActiveCfg = Debug|Any CPU
		{A0095F7D-7CC6-4E7F-9695-8645EAD02E37}.Debug|Any CPU.Build.0 = Debug|Any CPU
		{A0095F7D-7CC6-4E7F-9695-8645EAD02E37}.Debug|x64.ActiveCfg = Debug|Any CPU
		{A0095F7D-7CC6-4E7F-9695-8645EAD02E37}.Debug|x64.Build.0 = Debug|Any CPU
		{A0095F7D-7CC6-4E7F-9695-8645EAD02E37}.Debug|x86.ActiveCfg = Debug|Any CPU
		{A0095F7D-7CC6-4E7F-9695-8645EAD02E37}.Debug|x86.Build.0 = Debug|Any CPU
		{A0095F7D-7CC6-4E7F-9695-8645EAD02E37}.Release|Any CPU.ActiveCfg = Release|Any CPU
		{A0095F7D-7CC6-4E7F-9695-8645EAD02E37}.Release|Any CPU.Build.0 = Release|Any CPU
		{A0095F7D-7CC6-4E7F-9695-8645EAD02E37}.Release|x64.ActiveCfg = Release|Any CPU
		{A0095F7D-7CC6-4E7F-9695-8645EAD02E37}.Release|x64.Build.0 = Release|Any CPU
		{A0095F7D-7CC6-4E7F-9695-8645EAD02E37}.Release|x86.ActiveCfg = Release|Any CPU
		{A0095F7D-7CC6-4E7F-9695-8645EAD02E37}.Release|x86.Build.0 = Release|Any CPU
		{2F45ED0E-31CB-4115-8F27-6EC0B17876B3}.Debug|Any CPU.ActiveCfg = Debug|Any CPU
		{2F45ED0E-31CB-4115-8F27-6EC0B17876B3}.Debug|Any CPU.Build.0 = Debug|Any CPU
		{2F45ED0E-31CB-4115-8F27-6EC0B17876B3}.Debug|x64.ActiveCfg = Debug|Any CPU
		{2F45ED0E-31CB-4115-8F27-6EC0B17876B3}.Debug|x64.Build.0 = Debug|Any CPU
		{2F45ED0E-31CB-4115-8F27-6EC0B17876B3}.Debug|x86.ActiveCfg = Debug|Any CPU
		{2F45ED0E-31CB-4115-8F27-6EC0B17876B3}.Debug|x86.Build.0 = Debug|Any CPU
		{2F45ED0E-31CB-4115-8F27-6EC0B17876B3}.Release|Any CPU.ActiveCfg = Release|Any CPU
		{2F45ED0E-31CB-4115-8F27-6EC0B17876B3}.Release|Any CPU.Build.0 = Release|Any CPU
		{2F45ED0E-31CB-4115-8F27-6EC0B17876B3}.Release|x64.ActiveCfg = Release|Any CPU
		{2F45ED0E-31CB-4115-8F27-6EC0B17876B3}.Release|x64.Build.0 = Release|Any CPU
		{2F45ED0E-31CB-4115-8F27-6EC0B17876B3}.Release|x86.ActiveCfg = Release|Any CPU
		{2F45ED0E-31CB-4115-8F27-6EC0B17876B3}.Release|x86.Build.0 = Release|Any CPU
		{7A484BAF-AB01-488A-853F-C0CE4305BA56}.Debug|Any CPU.ActiveCfg = Debug|Any CPU
		{7A484BAF-AB01-488A-853F-C0CE4305BA56}.Debug|Any CPU.Build.0 = Debug|Any CPU
		{7A484BAF-AB01-488A-853F-C0CE4305BA56}.Debug|x64.ActiveCfg = Debug|Any CPU
		{7A484BAF-AB01-488A-853F-C0CE4305BA56}.Debug|x64.Build.0 = Debug|Any CPU
		{7A484BAF-AB01-488A-853F-C0CE4305BA56}.Debug|x86.ActiveCfg = Debug|Any CPU
		{7A484BAF-AB01-488A-853F-C0CE4305BA56}.Debug|x86.Build.0 = Debug|Any CPU
		{7A484BAF-AB01-488A-853F-C0CE4305BA56}.Release|Any CPU.ActiveCfg = Release|Any CPU
		{7A484BAF-AB01-488A-853F-C0CE4305BA56}.Release|Any CPU.Build.0 = Release|Any CPU
		{7A484BAF-AB01-488A-853F-C0CE4305BA56}.Release|x64.ActiveCfg = Release|Any CPU
		{7A484BAF-AB01-488A-853F-C0CE4305BA56}.Release|x64.Build.0 = Release|Any CPU
		{7A484BAF-AB01-488A-853F-C0CE4305BA56}.Release|x86.ActiveCfg = Release|Any CPU
		{7A484BAF-AB01-488A-853F-C0CE4305BA56}.Release|x86.Build.0 = Release|Any CPU
		{BBB70951-5692-44F2-BD04-C1E150D970FD}.Debug|Any CPU.ActiveCfg = Debug|Any CPU
		{BBB70951-5692-44F2-BD04-C1E150D970FD}.Debug|Any CPU.Build.0 = Debug|Any CPU
		{BBB70951-5692-44F2-BD04-C1E150D970FD}.Debug|x64.ActiveCfg = Debug|Any CPU
		{BBB70951-5692-44F2-BD04-C1E150D970FD}.Debug|x64.Build.0 = Debug|Any CPU
		{BBB70951-5692-44F2-BD04-C1E150D970FD}.Debug|x86.ActiveCfg = Debug|Any CPU
		{BBB70951-5692-44F2-BD04-C1E150D970FD}.Debug|x86.Build.0 = Debug|Any CPU
		{BBB70951-5692-44F2-BD04-C1E150D970FD}.Release|Any CPU.ActiveCfg = Release|Any CPU
		{BBB70951-5692-44F2-BD04-C1E150D970FD}.Release|Any CPU.Build.0 = Release|Any CPU
		{BBB70951-5692-44F2-BD04-C1E150D970FD}.Release|x64.ActiveCfg = Release|Any CPU
		{BBB70951-5692-44F2-BD04-C1E150D970FD}.Release|x64.Build.0 = Release|Any CPU
		{BBB70951-5692-44F2-BD04-C1E150D970FD}.Release|x86.ActiveCfg = Release|Any CPU
		{BBB70951-5692-44F2-BD04-C1E150D970FD}.Release|x86.Build.0 = Release|Any CPU
		{868F2E9D-DC2A-4B3E-8708-CD494DBE37E3}.Debug|Any CPU.ActiveCfg = Debug|Any CPU
		{868F2E9D-DC2A-4B3E-8708-CD494DBE37E3}.Debug|Any CPU.Build.0 = Debug|Any CPU
		{868F2E9D-DC2A-4B3E-8708-CD494DBE37E3}.Debug|x64.ActiveCfg = Debug|Any CPU
		{868F2E9D-DC2A-4B3E-8708-CD494DBE37E3}.Debug|x64.Build.0 = Debug|Any CPU
		{868F2E9D-DC2A-4B3E-8708-CD494DBE37E3}.Debug|x86.ActiveCfg = Debug|Any CPU
		{868F2E9D-DC2A-4B3E-8708-CD494DBE37E3}.Debug|x86.Build.0 = Debug|Any CPU
		{868F2E9D-DC2A-4B3E-8708-CD494DBE37E3}.Release|Any CPU.ActiveCfg = Release|Any CPU
		{868F2E9D-DC2A-4B3E-8708-CD494DBE37E3}.Release|Any CPU.Build.0 = Release|Any CPU
		{868F2E9D-DC2A-4B3E-8708-CD494DBE37E3}.Release|x64.ActiveCfg = Release|Any CPU
		{868F2E9D-DC2A-4B3E-8708-CD494DBE37E3}.Release|x64.Build.0 = Release|Any CPU
		{868F2E9D-DC2A-4B3E-8708-CD494DBE37E3}.Release|x86.ActiveCfg = Release|Any CPU
		{868F2E9D-DC2A-4B3E-8708-CD494DBE37E3}.Release|x86.Build.0 = Release|Any CPU
		{73086AC9-1316-4FFC-AA5D-0A50C132456A}.Debug|Any CPU.ActiveCfg = Debug|Any CPU
		{73086AC9-1316-4FFC-AA5D-0A50C132456A}.Debug|Any CPU.Build.0 = Debug|Any CPU
		{73086AC9-1316-4FFC-AA5D-0A50C132456A}.Debug|x64.ActiveCfg = Debug|Any CPU
		{73086AC9-1316-4FFC-AA5D-0A50C132456A}.Debug|x64.Build.0 = Debug|Any CPU
		{73086AC9-1316-4FFC-AA5D-0A50C132456A}.Debug|x86.ActiveCfg = Debug|Any CPU
		{73086AC9-1316-4FFC-AA5D-0A50C132456A}.Debug|x86.Build.0 = Debug|Any CPU
		{73086AC9-1316-4FFC-AA5D-0A50C132456A}.Release|Any CPU.ActiveCfg = Release|Any CPU
		{73086AC9-1316-4FFC-AA5D-0A50C132456A}.Release|Any CPU.Build.0 = Release|Any CPU
		{73086AC9-1316-4FFC-AA5D-0A50C132456A}.Release|x64.ActiveCfg = Release|Any CPU
		{73086AC9-1316-4FFC-AA5D-0A50C132456A}.Release|x64.Build.0 = Release|Any CPU
		{73086AC9-1316-4FFC-AA5D-0A50C132456A}.Release|x86.ActiveCfg = Release|Any CPU
		{73086AC9-1316-4FFC-AA5D-0A50C132456A}.Release|x86.Build.0 = Release|Any CPU
		{6A1B4468-5DF1-48ED-8887-E1A5A1814056}.Debug|Any CPU.ActiveCfg = Debug|Any CPU
		{6A1B4468-5DF1-48ED-8887-E1A5A1814056}.Debug|Any CPU.Build.0 = Debug|Any CPU
		{6A1B4468-5DF1-48ED-8887-E1A5A1814056}.Debug|x64.ActiveCfg = Debug|Any CPU
		{6A1B4468-5DF1-48ED-8887-E1A5A1814056}.Debug|x64.Build.0 = Debug|Any CPU
		{6A1B4468-5DF1-48ED-8887-E1A5A1814056}.Debug|x86.ActiveCfg = Debug|Any CPU
		{6A1B4468-5DF1-48ED-8887-E1A5A1814056}.Debug|x86.Build.0 = Debug|Any CPU
		{6A1B4468-5DF1-48ED-8887-E1A5A1814056}.Release|Any CPU.ActiveCfg = Release|Any CPU
		{6A1B4468-5DF1-48ED-8887-E1A5A1814056}.Release|Any CPU.Build.0 = Release|Any CPU
		{6A1B4468-5DF1-48ED-8887-E1A5A1814056}.Release|x64.ActiveCfg = Release|Any CPU
		{6A1B4468-5DF1-48ED-8887-E1A5A1814056}.Release|x64.Build.0 = Release|Any CPU
		{6A1B4468-5DF1-48ED-8887-E1A5A1814056}.Release|x86.ActiveCfg = Release|Any CPU
		{6A1B4468-5DF1-48ED-8887-E1A5A1814056}.Release|x86.Build.0 = Release|Any CPU
		{592A747E-A69F-440A-BE35-19995FB06DCF}.Debug|Any CPU.ActiveCfg = Debug|Any CPU
		{592A747E-A69F-440A-BE35-19995FB06DCF}.Debug|Any CPU.Build.0 = Debug|Any CPU
		{592A747E-A69F-440A-BE35-19995FB06DCF}.Debug|x64.ActiveCfg = Debug|Any CPU
		{592A747E-A69F-440A-BE35-19995FB06DCF}.Debug|x64.Build.0 = Debug|Any CPU
		{592A747E-A69F-440A-BE35-19995FB06DCF}.Debug|x86.ActiveCfg = Debug|Any CPU
		{592A747E-A69F-440A-BE35-19995FB06DCF}.Debug|x86.Build.0 = Debug|Any CPU
		{592A747E-A69F-440A-BE35-19995FB06DCF}.Release|Any CPU.ActiveCfg = Release|Any CPU
		{592A747E-A69F-440A-BE35-19995FB06DCF}.Release|Any CPU.Build.0 = Release|Any CPU
		{592A747E-A69F-440A-BE35-19995FB06DCF}.Release|x64.ActiveCfg = Release|Any CPU
		{592A747E-A69F-440A-BE35-19995FB06DCF}.Release|x64.Build.0 = Release|Any CPU
		{592A747E-A69F-440A-BE35-19995FB06DCF}.Release|x86.ActiveCfg = Release|Any CPU
		{592A747E-A69F-440A-BE35-19995FB06DCF}.Release|x86.Build.0 = Release|Any CPU
		{2B2E0727-2FBE-4F9D-85A0-F585786487C4}.Debug|Any CPU.ActiveCfg = Debug|Any CPU
		{2B2E0727-2FBE-4F9D-85A0-F585786487C4}.Debug|Any CPU.Build.0 = Debug|Any CPU
		{2B2E0727-2FBE-4F9D-85A0-F585786487C4}.Debug|x64.ActiveCfg = Debug|Any CPU
		{2B2E0727-2FBE-4F9D-85A0-F585786487C4}.Debug|x64.Build.0 = Debug|Any CPU
		{2B2E0727-2FBE-4F9D-85A0-F585786487C4}.Debug|x86.ActiveCfg = Debug|Any CPU
		{2B2E0727-2FBE-4F9D-85A0-F585786487C4}.Debug|x86.Build.0 = Debug|Any CPU
		{2B2E0727-2FBE-4F9D-85A0-F585786487C4}.Release|Any CPU.ActiveCfg = Release|Any CPU
		{2B2E0727-2FBE-4F9D-85A0-F585786487C4}.Release|Any CPU.Build.0 = Release|Any CPU
		{2B2E0727-2FBE-4F9D-85A0-F585786487C4}.Release|x64.ActiveCfg = Release|Any CPU
		{2B2E0727-2FBE-4F9D-85A0-F585786487C4}.Release|x64.Build.0 = Release|Any CPU
		{2B2E0727-2FBE-4F9D-85A0-F585786487C4}.Release|x86.ActiveCfg = Release|Any CPU
		{2B2E0727-2FBE-4F9D-85A0-F585786487C4}.Release|x86.Build.0 = Release|Any CPU
		{47A16121-E28A-408D-99D6-407E95A8C6AE}.Debug|Any CPU.ActiveCfg = Debug|Any CPU
		{47A16121-E28A-408D-99D6-407E95A8C6AE}.Debug|Any CPU.Build.0 = Debug|Any CPU
		{47A16121-E28A-408D-99D6-407E95A8C6AE}.Debug|x64.ActiveCfg = Debug|Any CPU
		{47A16121-E28A-408D-99D6-407E95A8C6AE}.Debug|x64.Build.0 = Debug|Any CPU
		{47A16121-E28A-408D-99D6-407E95A8C6AE}.Debug|x86.ActiveCfg = Debug|Any CPU
		{47A16121-E28A-408D-99D6-407E95A8C6AE}.Debug|x86.Build.0 = Debug|Any CPU
		{47A16121-E28A-408D-99D6-407E95A8C6AE}.Release|Any CPU.ActiveCfg = Release|Any CPU
		{47A16121-E28A-408D-99D6-407E95A8C6AE}.Release|Any CPU.Build.0 = Release|Any CPU
		{47A16121-E28A-408D-99D6-407E95A8C6AE}.Release|x64.ActiveCfg = Release|Any CPU
		{47A16121-E28A-408D-99D6-407E95A8C6AE}.Release|x64.Build.0 = Release|Any CPU
		{47A16121-E28A-408D-99D6-407E95A8C6AE}.Release|x86.ActiveCfg = Release|Any CPU
		{47A16121-E28A-408D-99D6-407E95A8C6AE}.Release|x86.Build.0 = Release|Any CPU
		{60F818CD-8BF3-472A-8844-6BC049C6E788}.Debug|Any CPU.ActiveCfg = Debug|Any CPU
		{60F818CD-8BF3-472A-8844-6BC049C6E788}.Debug|Any CPU.Build.0 = Debug|Any CPU
		{60F818CD-8BF3-472A-8844-6BC049C6E788}.Debug|x64.ActiveCfg = Debug|Any CPU
		{60F818CD-8BF3-472A-8844-6BC049C6E788}.Debug|x64.Build.0 = Debug|Any CPU
		{60F818CD-8BF3-472A-8844-6BC049C6E788}.Debug|x86.ActiveCfg = Debug|Any CPU
		{60F818CD-8BF3-472A-8844-6BC049C6E788}.Debug|x86.Build.0 = Debug|Any CPU
		{60F818CD-8BF3-472A-8844-6BC049C6E788}.Release|Any CPU.ActiveCfg = Release|Any CPU
		{60F818CD-8BF3-472A-8844-6BC049C6E788}.Release|Any CPU.Build.0 = Release|Any CPU
		{60F818CD-8BF3-472A-8844-6BC049C6E788}.Release|x64.ActiveCfg = Release|Any CPU
		{60F818CD-8BF3-472A-8844-6BC049C6E788}.Release|x64.Build.0 = Release|Any CPU
		{60F818CD-8BF3-472A-8844-6BC049C6E788}.Release|x86.ActiveCfg = Release|Any CPU
		{60F818CD-8BF3-472A-8844-6BC049C6E788}.Release|x86.Build.0 = Release|Any CPU
		{DFB9C84C-A4F3-45DD-9ED7-81B7EC8E4E16}.Debug|Any CPU.ActiveCfg = Debug|Any CPU
		{DFB9C84C-A4F3-45DD-9ED7-81B7EC8E4E16}.Debug|Any CPU.Build.0 = Debug|Any CPU
		{DFB9C84C-A4F3-45DD-9ED7-81B7EC8E4E16}.Debug|x64.ActiveCfg = Debug|Any CPU
		{DFB9C84C-A4F3-45DD-9ED7-81B7EC8E4E16}.Debug|x64.Build.0 = Debug|Any CPU
		{DFB9C84C-A4F3-45DD-9ED7-81B7EC8E4E16}.Debug|x86.ActiveCfg = Debug|Any CPU
		{DFB9C84C-A4F3-45DD-9ED7-81B7EC8E4E16}.Debug|x86.Build.0 = Debug|Any CPU
		{DFB9C84C-A4F3-45DD-9ED7-81B7EC8E4E16}.Release|Any CPU.ActiveCfg = Release|Any CPU
		{DFB9C84C-A4F3-45DD-9ED7-81B7EC8E4E16}.Release|Any CPU.Build.0 = Release|Any CPU
		{DFB9C84C-A4F3-45DD-9ED7-81B7EC8E4E16}.Release|x64.ActiveCfg = Release|Any CPU
		{DFB9C84C-A4F3-45DD-9ED7-81B7EC8E4E16}.Release|x64.Build.0 = Release|Any CPU
		{DFB9C84C-A4F3-45DD-9ED7-81B7EC8E4E16}.Release|x86.ActiveCfg = Release|Any CPU
		{DFB9C84C-A4F3-45DD-9ED7-81B7EC8E4E16}.Release|x86.Build.0 = Release|Any CPU
		{D32FF50E-27EF-4DAE-A14E-BDB4695EB38B}.Debug|Any CPU.ActiveCfg = Debug|Any CPU
		{D32FF50E-27EF-4DAE-A14E-BDB4695EB38B}.Debug|Any CPU.Build.0 = Debug|Any CPU
		{D32FF50E-27EF-4DAE-A14E-BDB4695EB38B}.Debug|x64.ActiveCfg = Debug|Any CPU
		{D32FF50E-27EF-4DAE-A14E-BDB4695EB38B}.Debug|x64.Build.0 = Debug|Any CPU
		{D32FF50E-27EF-4DAE-A14E-BDB4695EB38B}.Debug|x86.ActiveCfg = Debug|Any CPU
		{D32FF50E-27EF-4DAE-A14E-BDB4695EB38B}.Debug|x86.Build.0 = Debug|Any CPU
		{D32FF50E-27EF-4DAE-A14E-BDB4695EB38B}.Release|Any CPU.ActiveCfg = Release|Any CPU
		{D32FF50E-27EF-4DAE-A14E-BDB4695EB38B}.Release|Any CPU.Build.0 = Release|Any CPU
		{D32FF50E-27EF-4DAE-A14E-BDB4695EB38B}.Release|x64.ActiveCfg = Release|Any CPU
		{D32FF50E-27EF-4DAE-A14E-BDB4695EB38B}.Release|x64.Build.0 = Release|Any CPU
		{D32FF50E-27EF-4DAE-A14E-BDB4695EB38B}.Release|x86.ActiveCfg = Release|Any CPU
		{D32FF50E-27EF-4DAE-A14E-BDB4695EB38B}.Release|x86.Build.0 = Release|Any CPU
		{907674B7-B982-41C4-92DF-8928F8C9AF6B}.Debug|Any CPU.ActiveCfg = Debug|Any CPU
		{907674B7-B982-41C4-92DF-8928F8C9AF6B}.Debug|Any CPU.Build.0 = Debug|Any CPU
		{907674B7-B982-41C4-92DF-8928F8C9AF6B}.Debug|x64.ActiveCfg = Debug|Any CPU
		{907674B7-B982-41C4-92DF-8928F8C9AF6B}.Debug|x64.Build.0 = Debug|Any CPU
		{907674B7-B982-41C4-92DF-8928F8C9AF6B}.Debug|x86.ActiveCfg = Debug|Any CPU
		{907674B7-B982-41C4-92DF-8928F8C9AF6B}.Debug|x86.Build.0 = Debug|Any CPU
		{907674B7-B982-41C4-92DF-8928F8C9AF6B}.Release|Any CPU.ActiveCfg = Release|Any CPU
		{907674B7-B982-41C4-92DF-8928F8C9AF6B}.Release|Any CPU.Build.0 = Release|Any CPU
		{907674B7-B982-41C4-92DF-8928F8C9AF6B}.Release|x64.ActiveCfg = Release|Any CPU
		{907674B7-B982-41C4-92DF-8928F8C9AF6B}.Release|x64.Build.0 = Release|Any CPU
		{907674B7-B982-41C4-92DF-8928F8C9AF6B}.Release|x86.ActiveCfg = Release|Any CPU
		{907674B7-B982-41C4-92DF-8928F8C9AF6B}.Release|x86.Build.0 = Release|Any CPU
		{F58AA4C5-3E96-471D-B2C5-7767C5C165EF}.Debug|Any CPU.ActiveCfg = Debug|Any CPU
		{F58AA4C5-3E96-471D-B2C5-7767C5C165EF}.Debug|Any CPU.Build.0 = Debug|Any CPU
		{F58AA4C5-3E96-471D-B2C5-7767C5C165EF}.Debug|x64.ActiveCfg = Debug|Any CPU
		{F58AA4C5-3E96-471D-B2C5-7767C5C165EF}.Debug|x64.Build.0 = Debug|Any CPU
		{F58AA4C5-3E96-471D-B2C5-7767C5C165EF}.Debug|x86.ActiveCfg = Debug|Any CPU
		{F58AA4C5-3E96-471D-B2C5-7767C5C165EF}.Debug|x86.Build.0 = Debug|Any CPU
		{F58AA4C5-3E96-471D-B2C5-7767C5C165EF}.Release|Any CPU.ActiveCfg = Release|Any CPU
		{F58AA4C5-3E96-471D-B2C5-7767C5C165EF}.Release|Any CPU.Build.0 = Release|Any CPU
		{F58AA4C5-3E96-471D-B2C5-7767C5C165EF}.Release|x64.ActiveCfg = Release|Any CPU
		{F58AA4C5-3E96-471D-B2C5-7767C5C165EF}.Release|x64.Build.0 = Release|Any CPU
		{F58AA4C5-3E96-471D-B2C5-7767C5C165EF}.Release|x86.ActiveCfg = Release|Any CPU
		{F58AA4C5-3E96-471D-B2C5-7767C5C165EF}.Release|x86.Build.0 = Release|Any CPU
		{F954C385-B739-4368-9212-75374DDEB422}.Debug|Any CPU.ActiveCfg = Debug|Any CPU
		{F954C385-B739-4368-9212-75374DDEB422}.Debug|Any CPU.Build.0 = Debug|Any CPU
		{F954C385-B739-4368-9212-75374DDEB422}.Debug|x64.ActiveCfg = Debug|Any CPU
		{F954C385-B739-4368-9212-75374DDEB422}.Debug|x64.Build.0 = Debug|Any CPU
		{F954C385-B739-4368-9212-75374DDEB422}.Debug|x86.ActiveCfg = Debug|Any CPU
		{F954C385-B739-4368-9212-75374DDEB422}.Debug|x86.Build.0 = Debug|Any CPU
		{F954C385-B739-4368-9212-75374DDEB422}.Release|Any CPU.ActiveCfg = Release|Any CPU
		{F954C385-B739-4368-9212-75374DDEB422}.Release|Any CPU.Build.0 = Release|Any CPU
		{F954C385-B739-4368-9212-75374DDEB422}.Release|x64.ActiveCfg = Release|Any CPU
		{F954C385-B739-4368-9212-75374DDEB422}.Release|x64.Build.0 = Release|Any CPU
		{F954C385-B739-4368-9212-75374DDEB422}.Release|x86.ActiveCfg = Release|Any CPU
		{F954C385-B739-4368-9212-75374DDEB422}.Release|x86.Build.0 = Release|Any CPU
	EndGlobalSection
	GlobalSection(SolutionProperties) = preSolution
		HideSolutionNode = FALSE
	EndGlobalSection
	GlobalSection(NestedProjects) = preSolution
		{8231F83A-40F0-49A8-A4CF-2F582D957350} = {F1C06ED8-17DC-48AE-9D64-B18455CA3231}
		{A0095F7D-7CC6-4E7F-9695-8645EAD02E37} = {DCBB7A7C-3A9A-4992-9F82-09F0C7C88EDB}
		{2F45ED0E-31CB-4115-8F27-6EC0B17876B3} = {F1C06ED8-17DC-48AE-9D64-B18455CA3231}
		{7A484BAF-AB01-488A-853F-C0CE4305BA56} = {ABEB84BE-A9AF-4935-8EA9-4DA0ACABECF0}
		{BBB70951-5692-44F2-BD04-C1E150D970FD} = {F1C06ED8-17DC-48AE-9D64-B18455CA3231}
		{868F2E9D-DC2A-4B3E-8708-CD494DBE37E3} = {F1C06ED8-17DC-48AE-9D64-B18455CA3231}
		{73086AC9-1316-4FFC-AA5D-0A50C132456A} = {A56DA2EA-602D-4E89-822E-0A1B3CB30AD1}
		{6A1B4468-5DF1-48ED-8887-E1A5A1814056} = {A56DA2EA-602D-4E89-822E-0A1B3CB30AD1}
		{592A747E-A69F-440A-BE35-19995FB06DCF} = {F1C06ED8-17DC-48AE-9D64-B18455CA3231}
		{2B2E0727-2FBE-4F9D-85A0-F585786487C4} = {A56DA2EA-602D-4E89-822E-0A1B3CB30AD1}
		{47A16121-E28A-408D-99D6-407E95A8C6AE} = {A56DA2EA-602D-4E89-822E-0A1B3CB30AD1}
		{60F818CD-8BF3-472A-8844-6BC049C6E788} = {F1C06ED8-17DC-48AE-9D64-B18455CA3231}
		{ABEB84BE-A9AF-4935-8EA9-4DA0ACABECF0} = {F1C06ED8-17DC-48AE-9D64-B18455CA3231}
		{DFB9C84C-A4F3-45DD-9ED7-81B7EC8E4E16} = {ABEB84BE-A9AF-4935-8EA9-4DA0ACABECF0}
		{D32FF50E-27EF-4DAE-A14E-BDB4695EB38B} = {ABEB84BE-A9AF-4935-8EA9-4DA0ACABECF0}
		{907674B7-B982-41C4-92DF-8928F8C9AF6B} = {ABEB84BE-A9AF-4935-8EA9-4DA0ACABECF0}
		{F58AA4C5-3E96-471D-B2C5-7767C5C165EF} = {ABEB84BE-A9AF-4935-8EA9-4DA0ACABECF0}
		{F954C385-B739-4368-9212-75374DDEB422} = {A56DA2EA-602D-4E89-822E-0A1B3CB30AD1}
	EndGlobalSection
	GlobalSection(ExtensibilityGlobals) = postSolution
		SolutionGuid = {40395CF2-451B-48E4-A29A-0E8AE12146B4}
	EndGlobalSection
EndGlobal
