
Microsoft Visual Studio Solution File, Format Version 12.00
# Visual Studio Version 16
VisualStudioVersion = 16.0.31702.278
MinimumVisualStudioVersion = 10.0.40219.1
Project("{9A19103F-16F7-4668-BE54-9A1E7A4F7556}") = "Ferretto.VW.TelemetryService", "Utility\Ferretto.VW.TelemetryService\Ferretto.VW.TelemetryService.csproj", "{514ADBCD-777D-4DB2-ABC7-2661BA4EEF45}"
EndProject
Global
	GlobalSection(SolutionConfigurationPlatforms) = preSolution
		Debug|Any CPU = Debug|Any CPU
		Release|Any CPU = Release|Any CPU
	EndGlobalSection
	GlobalSection(ProjectConfigurationPlatforms) = postSolution
		{514ADBCD-777D-4DB2-ABC7-2661BA4EEF45}.Debug|Any CPU.ActiveCfg = Debug|Any CPU
		{514ADBCD-777D-4DB2-ABC7-2661BA4EEF45}.Debug|Any CPU.Build.0 = Debug|Any CPU
		{514ADBCD-777D-4DB2-ABC7-2661BA4EEF45}.Release|Any CPU.ActiveCfg = Release|Any CPU
		{514ADBCD-777D-4DB2-ABC7-2661BA4EEF45}.Release|Any CPU.Build.0 = Release|Any CPU
	EndGlobalSection
	GlobalSection(SolutionProperties) = preSolution
		HideSolutionNode = FALSE
	EndGlobalSection
	GlobalSection(ExtensibilityGlobals) = postSolution
		SolutionGuid = {FF4D346F-6706-4226-81F5-C1893E41E00C}
	EndGlobalSection
EndGlobal
