
Microsoft Visual Studio Solution File, Format Version 12.00
# Visual Studio 15
VisualStudioVersion = 15.0.27703.2035
MinimumVisualStudioVersion = 10.0.40219.1
Project("{2150E333-8FDC-42A3-9474-1A3956D46DE8}") = "VerticalWarehouses", "VerticalWarehouses", "{2ED9180C-3A78-44C2-AB9C-83B6944848B0}"
EndProject
Project("{9A19103F-16F7-4668-BE54-9A1E7A4F7556}") = "Ferretto.VW.ActionBlocks", "ActionBlocks\Ferretto.VW.ActionBlocks.csproj", "{ECDC6D6C-E5D2-4EC3-9AAC-6336C2048FFF}"
EndProject
Project("{9A19103F-16F7-4668-BE54-9A1E7A4F7556}") = "Ferretto.VW.InverterDriver", "InverterDriver\Ferretto.VW.InverterDriver.csproj", "{119128D4-1776-427A-AEC1-6DA12B0FF813}"
EndProject
Project("{FAE04EC0-301F-11D3-BF4B-00C04F79EFBC}") = "Ferretto.VW.LightCurtainsDriver", "LightCurtainsDriver\Ferretto.VW.LightCurtainsDriver.csproj", "{B31BE9A2-095F-4B1F-8EFF-4D390E7960DA}"
EndProject
Project("{9A19103F-16F7-4668-BE54-9A1E7A4F7556}") = "Ferretto.VW.InvServer", "InvServer\Ferretto.VW.InvServer.csproj", "{640E2E01-C3F4-4785-9728-6EC99E3809FA}"
EndProject
Project("{FAE04EC0-301F-11D3-BF4B-00C04F79EFBC}") = "Ferretto.VW.SWEmulatorInverter", "SWEmulatorInverter\Ferretto.VW.SWEmulatorInverter.csproj", "{577C93BA-FB92-4A1F-A0F3-754DE016EB19}"
EndProject
Project("{FAE04EC0-301F-11D3-BF4B-00C04F79EFBC}") = "ZZ_CellManagementTestApp", "ZZ_CellManagementTestApp\ZZ_CellManagementTestApp.csproj", "{981DC3E9-A331-4137-A5F5-C0D22FB5F0ED}"
EndProject
Project("{FAE04EC0-301F-11D3-BF4B-00C04F79EFBC}") = "Ferretto.VW.VerticalWarehousesApp", "VerticalWarehousesApp\Ferretto.VW.VerticalWarehousesApp.csproj", "{044A9872-DD3B-4505-9B32-CAB24A16DD3B}"
EndProject
Project("{9A19103F-16F7-4668-BE54-9A1E7A4F7556}") = "Ferretto.VW.RemoteIODriver", "RemoteIODriver\Ferretto.VW.RemoteIODriver.csproj", "{65B277EF-77FD-4A89-B550-086DF53BE54C}"
EndProject
Project("{9A19103F-16F7-4668-BE54-9A1E7A4F7556}") = "Ferretto.VW.BackgroundService", "BackgroundService\Ferretto.VW.BackgroundService.csproj", "{43F1DF01-8FC1-433A-A9E6-6184EFE0D114}"
EndProject
Project("{FAE04EC0-301F-11D3-BF4B-00C04F79EFBC}") = "Ferretto.VW.MathLib", "MathLib\Ferretto.VW.MathLib.csproj", "{2F188460-AF20-4B52-A19D-1A01941756D2}"
EndProject
Project("{2150E333-8FDC-42A3-9474-1A3956D46DE8}") = "Machine Automation Service", "Machine Automation Service", "{A56DA2EA-602D-4E89-822E-0A1B3CB30AD1}"
EndProject
Project("{2150E333-8FDC-42A3-9474-1A3956D46DE8}") = "Panel PC UI", "Panel PC UI", "{F1C06ED8-17DC-48AE-9D64-B18455CA3231}"
EndProject
Project("{9A19103F-16F7-4668-BE54-9A1E7A4F7556}") = "MAS_FiniteStateMachines", "Machine Automation Service\MAS_FiniteStateMachines\MAS_FiniteStateMachines.csproj", "{2AB518D4-51CC-4405-853A-DAB7C5FF8287}"
EndProject
Project("{9A19103F-16F7-4668-BE54-9A1E7A4F7556}") = "MAS_InverterDriver", "Machine Automation Service\MAS_InverterDriver\MAS_InverterDriver.csproj", "{9BFA1210-9BD2-480F-AF7E-1F48C109096F}"
EndProject
Project("{9A19103F-16F7-4668-BE54-9A1E7A4F7556}") = "MAS_IODriver", "Machine Automation Service\MAS_IODriver\MAS_IODriver.csproj", "{AD15351E-AF2E-414A-9A70-96A943FEA55F}"
EndProject
Project("{9A19103F-16F7-4668-BE54-9A1E7A4F7556}") = "MAS_DataLayer", "Machine Automation Service\MAS_DataLayer\MAS_DataLayer.csproj", "{EA441495-D8F4-48B0-84CB-A5250DE7AB92}"
EndProject
Project("{9A19103F-16F7-4668-BE54-9A1E7A4F7556}") = "MAS_AutomationService", "Machine Automation Service\MAS_AutomationService\MAS_AutomationService.csproj", "{9420AF02-44C5-470C-9DD5-B6D34E2AC0B8}"
EndProject
Project("{2150E333-8FDC-42A3-9474-1A3956D46DE8}") = "Common", "Common", "{DCBB7A7C-3A9A-4992-9F82-09F0C7C88EDB}"
EndProject
Project("{9A19103F-16F7-4668-BE54-9A1E7A4F7556}") = "Ferretto.VW.Resources", "Common\Resources\Ferretto.VW.Resources.csproj", "{8231F83A-40F0-49A8-A4CF-2F582D957350}"
EndProject
Project("{9A19103F-16F7-4668-BE54-9A1E7A4F7556}") = "Ferretto.VW.Common_Utils", "Common\Common_Utils\Ferretto.VW.Common_Utils.csproj", "{A0095F7D-7CC6-4E7F-9695-8645EAD02E37}"
EndProject
Project("{2150E333-8FDC-42A3-9474-1A3956D46DE8}") = "Tests", "Tests", "{CDC83818-9D4B-44CB-AD54-829C68929B4D}"
EndProject
Project("{9A19103F-16F7-4668-BE54-9A1E7A4F7556}") = "MAS_InverterDriverUnitTests", "Machine Automation Service\Tests\MAS_InverterDriverUnitTests\MAS_InverterDriverUnitTests.csproj", "{0B141F04-7E28-4D45-AD86-DAD35D1C1C10}"
EndProject
Project("{9A19103F-16F7-4668-BE54-9A1E7A4F7556}") = "MAS_FiniteStateMachinesUnitTests", "Machine Automation Service\Tests\MAS_FiniteStateMachinesUnitTests\MAS_FiniteStateMachinesUnitTests.csproj", "{33134CF0-A2FC-4DD3-BAFA-7A444DA532AD}"
EndProject
Project("{9A19103F-16F7-4668-BE54-9A1E7A4F7556}") = "MAS_AutomationServiceTests", "Machine Automation Service\Tests\MAS_AutomationServiceTests\MAS_AutomationServiceTests.csproj", "{AFE9B9C7-9466-4F4C-B0BC-AFBF1D0EF024}"
EndProject
Project("{9A19103F-16F7-4668-BE54-9A1E7A4F7556}") = "MAS_DataLayerUnitTests", "Machine Automation Service\Tests\MAS_DataLayerUnitTests\MAS_DataLayerUnitTests.csproj", "{EE108859-79CC-4094-8D21-4BBFFE127D31}"
EndProject
Project("{9A19103F-16F7-4668-BE54-9A1E7A4F7556}") = "MAS_MissionsManager", "Machine Automation Service\MAS_MissionsManager\MAS_MissionsManager.csproj", "{E1FA8AB5-803C-4467-8EA3-6E16C85232AE}"
EndProject
Project("{9A19103F-16F7-4668-BE54-9A1E7A4F7556}") = "Ferretto.VW.CustomControls", "Panel PC UI\CustomControls\Ferretto.VW.CustomControls.csproj", "{2F45ED0E-31CB-4115-8F27-6EC0B17876B3}"
EndProject
Project("{9A19103F-16F7-4668-BE54-9A1E7A4F7556}") = "Ferretto.VW.InstallationApp", "Panel PC UI\InstallationApp\Ferretto.VW.InstallationApp.csproj", "{7A484BAF-AB01-488A-853F-C0CE4305BA56}"
EndProject
Project("{9A19103F-16F7-4668-BE54-9A1E7A4F7556}") = "Ferretto.VW.VWApp", "Panel PC UI\VWApp\Ferretto.VW.VWApp.csproj", "{BBB70951-5692-44F2-BD04-C1E150D970FD}"
EndProject
Project("{9A19103F-16F7-4668-BE54-9A1E7A4F7556}") = "Ferretto.VW.Utils", "Panel PC UI\Utils\Ferretto.VW.Utils.csproj", "{868F2E9D-DC2A-4B3E-8708-CD494DBE37E3}"
EndProject
Global
	GlobalSection(SolutionConfigurationPlatforms) = preSolution
		Debug|Any CPU = Debug|Any CPU
		Debug|x64 = Debug|x64
		Debug|x86 = Debug|x86
		Release|Any CPU = Release|Any CPU
		Release|x64 = Release|x64
		Release|x86 = Release|x86
	EndGlobalSection
	GlobalSection(ProjectConfigurationPlatforms) = postSolution
		{ECDC6D6C-E5D2-4EC3-9AAC-6336C2048FFF}.Debug|Any CPU.ActiveCfg = Debug|Any CPU
		{ECDC6D6C-E5D2-4EC3-9AAC-6336C2048FFF}.Debug|Any CPU.Build.0 = Debug|Any CPU
		{ECDC6D6C-E5D2-4EC3-9AAC-6336C2048FFF}.Debug|x64.ActiveCfg = Debug|Any CPU
		{ECDC6D6C-E5D2-4EC3-9AAC-6336C2048FFF}.Debug|x64.Build.0 = Debug|Any CPU
		{ECDC6D6C-E5D2-4EC3-9AAC-6336C2048FFF}.Debug|x86.ActiveCfg = Debug|Any CPU
		{ECDC6D6C-E5D2-4EC3-9AAC-6336C2048FFF}.Debug|x86.Build.0 = Debug|Any CPU
		{ECDC6D6C-E5D2-4EC3-9AAC-6336C2048FFF}.Release|Any CPU.ActiveCfg = Release|Any CPU
		{ECDC6D6C-E5D2-4EC3-9AAC-6336C2048FFF}.Release|Any CPU.Build.0 = Release|Any CPU
		{ECDC6D6C-E5D2-4EC3-9AAC-6336C2048FFF}.Release|x64.ActiveCfg = Release|Any CPU
		{ECDC6D6C-E5D2-4EC3-9AAC-6336C2048FFF}.Release|x64.Build.0 = Release|Any CPU
		{ECDC6D6C-E5D2-4EC3-9AAC-6336C2048FFF}.Release|x86.ActiveCfg = Release|Any CPU
		{ECDC6D6C-E5D2-4EC3-9AAC-6336C2048FFF}.Release|x86.Build.0 = Release|Any CPU
		{119128D4-1776-427A-AEC1-6DA12B0FF813}.Debug|Any CPU.ActiveCfg = Debug|Any CPU
		{119128D4-1776-427A-AEC1-6DA12B0FF813}.Debug|Any CPU.Build.0 = Debug|Any CPU
		{119128D4-1776-427A-AEC1-6DA12B0FF813}.Debug|x64.ActiveCfg = Debug|Any CPU
		{119128D4-1776-427A-AEC1-6DA12B0FF813}.Debug|x64.Build.0 = Debug|Any CPU
		{119128D4-1776-427A-AEC1-6DA12B0FF813}.Debug|x86.ActiveCfg = Debug|Any CPU
		{119128D4-1776-427A-AEC1-6DA12B0FF813}.Debug|x86.Build.0 = Debug|Any CPU
		{119128D4-1776-427A-AEC1-6DA12B0FF813}.Release|Any CPU.ActiveCfg = Release|Any CPU
		{119128D4-1776-427A-AEC1-6DA12B0FF813}.Release|Any CPU.Build.0 = Release|Any CPU
		{119128D4-1776-427A-AEC1-6DA12B0FF813}.Release|x64.ActiveCfg = Release|Any CPU
		{119128D4-1776-427A-AEC1-6DA12B0FF813}.Release|x64.Build.0 = Release|Any CPU
		{119128D4-1776-427A-AEC1-6DA12B0FF813}.Release|x86.ActiveCfg = Release|Any CPU
		{119128D4-1776-427A-AEC1-6DA12B0FF813}.Release|x86.Build.0 = Release|Any CPU
		{B31BE9A2-095F-4B1F-8EFF-4D390E7960DA}.Debug|Any CPU.ActiveCfg = Debug|Any CPU
		{B31BE9A2-095F-4B1F-8EFF-4D390E7960DA}.Debug|Any CPU.Build.0 = Debug|Any CPU
		{B31BE9A2-095F-4B1F-8EFF-4D390E7960DA}.Debug|x64.ActiveCfg = Debug|x64
		{B31BE9A2-095F-4B1F-8EFF-4D390E7960DA}.Debug|x64.Build.0 = Debug|x64
		{B31BE9A2-095F-4B1F-8EFF-4D390E7960DA}.Debug|x86.ActiveCfg = Debug|x86
		{B31BE9A2-095F-4B1F-8EFF-4D390E7960DA}.Debug|x86.Build.0 = Debug|x86
		{B31BE9A2-095F-4B1F-8EFF-4D390E7960DA}.Release|Any CPU.ActiveCfg = Release|Any CPU
		{B31BE9A2-095F-4B1F-8EFF-4D390E7960DA}.Release|Any CPU.Build.0 = Release|Any CPU
		{B31BE9A2-095F-4B1F-8EFF-4D390E7960DA}.Release|x64.ActiveCfg = Release|x64
		{B31BE9A2-095F-4B1F-8EFF-4D390E7960DA}.Release|x64.Build.0 = Release|x64
		{B31BE9A2-095F-4B1F-8EFF-4D390E7960DA}.Release|x86.ActiveCfg = Release|x86
		{B31BE9A2-095F-4B1F-8EFF-4D390E7960DA}.Release|x86.Build.0 = Release|x86
		{640E2E01-C3F4-4785-9728-6EC99E3809FA}.Debug|Any CPU.ActiveCfg = Debug|Any CPU
		{640E2E01-C3F4-4785-9728-6EC99E3809FA}.Debug|Any CPU.Build.0 = Debug|Any CPU
		{640E2E01-C3F4-4785-9728-6EC99E3809FA}.Debug|x64.ActiveCfg = Debug|Any CPU
		{640E2E01-C3F4-4785-9728-6EC99E3809FA}.Debug|x64.Build.0 = Debug|Any CPU
		{640E2E01-C3F4-4785-9728-6EC99E3809FA}.Debug|x86.ActiveCfg = Debug|Any CPU
		{640E2E01-C3F4-4785-9728-6EC99E3809FA}.Debug|x86.Build.0 = Debug|Any CPU
		{640E2E01-C3F4-4785-9728-6EC99E3809FA}.Release|Any CPU.ActiveCfg = Release|Any CPU
		{640E2E01-C3F4-4785-9728-6EC99E3809FA}.Release|Any CPU.Build.0 = Release|Any CPU
		{640E2E01-C3F4-4785-9728-6EC99E3809FA}.Release|x64.ActiveCfg = Release|Any CPU
		{640E2E01-C3F4-4785-9728-6EC99E3809FA}.Release|x64.Build.0 = Release|Any CPU
		{640E2E01-C3F4-4785-9728-6EC99E3809FA}.Release|x86.ActiveCfg = Release|Any CPU
		{640E2E01-C3F4-4785-9728-6EC99E3809FA}.Release|x86.Build.0 = Release|Any CPU
		{577C93BA-FB92-4A1F-A0F3-754DE016EB19}.Debug|Any CPU.ActiveCfg = Debug|Any CPU
		{577C93BA-FB92-4A1F-A0F3-754DE016EB19}.Debug|Any CPU.Build.0 = Debug|Any CPU
		{577C93BA-FB92-4A1F-A0F3-754DE016EB19}.Debug|x64.ActiveCfg = Debug|x64
		{577C93BA-FB92-4A1F-A0F3-754DE016EB19}.Debug|x64.Build.0 = Debug|x64
		{577C93BA-FB92-4A1F-A0F3-754DE016EB19}.Debug|x86.ActiveCfg = Debug|x86
		{577C93BA-FB92-4A1F-A0F3-754DE016EB19}.Debug|x86.Build.0 = Debug|x86
		{577C93BA-FB92-4A1F-A0F3-754DE016EB19}.Release|Any CPU.ActiveCfg = Release|Any CPU
		{577C93BA-FB92-4A1F-A0F3-754DE016EB19}.Release|Any CPU.Build.0 = Release|Any CPU
		{577C93BA-FB92-4A1F-A0F3-754DE016EB19}.Release|x64.ActiveCfg = Release|x64
		{577C93BA-FB92-4A1F-A0F3-754DE016EB19}.Release|x64.Build.0 = Release|x64
		{577C93BA-FB92-4A1F-A0F3-754DE016EB19}.Release|x86.ActiveCfg = Release|x86
		{577C93BA-FB92-4A1F-A0F3-754DE016EB19}.Release|x86.Build.0 = Release|x86
		{981DC3E9-A331-4137-A5F5-C0D22FB5F0ED}.Debug|Any CPU.ActiveCfg = Debug|Any CPU
		{981DC3E9-A331-4137-A5F5-C0D22FB5F0ED}.Debug|Any CPU.Build.0 = Debug|Any CPU
		{981DC3E9-A331-4137-A5F5-C0D22FB5F0ED}.Debug|x64.ActiveCfg = Debug|x64
		{981DC3E9-A331-4137-A5F5-C0D22FB5F0ED}.Debug|x64.Build.0 = Debug|x64
		{981DC3E9-A331-4137-A5F5-C0D22FB5F0ED}.Debug|x86.ActiveCfg = Debug|x86
		{981DC3E9-A331-4137-A5F5-C0D22FB5F0ED}.Debug|x86.Build.0 = Debug|x86
		{981DC3E9-A331-4137-A5F5-C0D22FB5F0ED}.Release|Any CPU.ActiveCfg = Release|Any CPU
		{981DC3E9-A331-4137-A5F5-C0D22FB5F0ED}.Release|Any CPU.Build.0 = Release|Any CPU
		{981DC3E9-A331-4137-A5F5-C0D22FB5F0ED}.Release|x64.ActiveCfg = Release|x64
		{981DC3E9-A331-4137-A5F5-C0D22FB5F0ED}.Release|x64.Build.0 = Release|x64
		{981DC3E9-A331-4137-A5F5-C0D22FB5F0ED}.Release|x86.ActiveCfg = Release|x86
		{981DC3E9-A331-4137-A5F5-C0D22FB5F0ED}.Release|x86.Build.0 = Release|x86
		{044A9872-DD3B-4505-9B32-CAB24A16DD3B}.Debug|Any CPU.ActiveCfg = Debug|Any CPU
		{044A9872-DD3B-4505-9B32-CAB24A16DD3B}.Debug|Any CPU.Build.0 = Debug|Any CPU
		{044A9872-DD3B-4505-9B32-CAB24A16DD3B}.Debug|x64.ActiveCfg = Debug|x64
		{044A9872-DD3B-4505-9B32-CAB24A16DD3B}.Debug|x64.Build.0 = Debug|x64
		{044A9872-DD3B-4505-9B32-CAB24A16DD3B}.Debug|x86.ActiveCfg = Debug|x86
		{044A9872-DD3B-4505-9B32-CAB24A16DD3B}.Debug|x86.Build.0 = Debug|x86
		{044A9872-DD3B-4505-9B32-CAB24A16DD3B}.Release|Any CPU.ActiveCfg = Release|Any CPU
		{044A9872-DD3B-4505-9B32-CAB24A16DD3B}.Release|Any CPU.Build.0 = Release|Any CPU
		{044A9872-DD3B-4505-9B32-CAB24A16DD3B}.Release|x64.ActiveCfg = Release|x64
		{044A9872-DD3B-4505-9B32-CAB24A16DD3B}.Release|x64.Build.0 = Release|x64
		{044A9872-DD3B-4505-9B32-CAB24A16DD3B}.Release|x86.ActiveCfg = Release|x86
		{044A9872-DD3B-4505-9B32-CAB24A16DD3B}.Release|x86.Build.0 = Release|x86
		{65B277EF-77FD-4A89-B550-086DF53BE54C}.Debug|Any CPU.ActiveCfg = Debug|Any CPU
		{65B277EF-77FD-4A89-B550-086DF53BE54C}.Debug|Any CPU.Build.0 = Debug|Any CPU
		{65B277EF-77FD-4A89-B550-086DF53BE54C}.Debug|x64.ActiveCfg = Debug|Any CPU
		{65B277EF-77FD-4A89-B550-086DF53BE54C}.Debug|x64.Build.0 = Debug|Any CPU
		{65B277EF-77FD-4A89-B550-086DF53BE54C}.Debug|x86.ActiveCfg = Debug|Any CPU
		{65B277EF-77FD-4A89-B550-086DF53BE54C}.Debug|x86.Build.0 = Debug|Any CPU
		{65B277EF-77FD-4A89-B550-086DF53BE54C}.Release|Any CPU.ActiveCfg = Release|Any CPU
		{65B277EF-77FD-4A89-B550-086DF53BE54C}.Release|Any CPU.Build.0 = Release|Any CPU
		{65B277EF-77FD-4A89-B550-086DF53BE54C}.Release|x64.ActiveCfg = Release|Any CPU
		{65B277EF-77FD-4A89-B550-086DF53BE54C}.Release|x64.Build.0 = Release|Any CPU
		{65B277EF-77FD-4A89-B550-086DF53BE54C}.Release|x86.ActiveCfg = Release|Any CPU
		{65B277EF-77FD-4A89-B550-086DF53BE54C}.Release|x86.Build.0 = Release|Any CPU
		{43F1DF01-8FC1-433A-A9E6-6184EFE0D114}.Debug|Any CPU.ActiveCfg = Debug|Any CPU
		{43F1DF01-8FC1-433A-A9E6-6184EFE0D114}.Debug|Any CPU.Build.0 = Debug|Any CPU
		{43F1DF01-8FC1-433A-A9E6-6184EFE0D114}.Debug|x64.ActiveCfg = Debug|Any CPU
		{43F1DF01-8FC1-433A-A9E6-6184EFE0D114}.Debug|x64.Build.0 = Debug|Any CPU
		{43F1DF01-8FC1-433A-A9E6-6184EFE0D114}.Debug|x86.ActiveCfg = Debug|Any CPU
		{43F1DF01-8FC1-433A-A9E6-6184EFE0D114}.Debug|x86.Build.0 = Debug|Any CPU
		{43F1DF01-8FC1-433A-A9E6-6184EFE0D114}.Release|Any CPU.ActiveCfg = Release|Any CPU
		{43F1DF01-8FC1-433A-A9E6-6184EFE0D114}.Release|Any CPU.Build.0 = Release|Any CPU
		{43F1DF01-8FC1-433A-A9E6-6184EFE0D114}.Release|x64.ActiveCfg = Release|Any CPU
		{43F1DF01-8FC1-433A-A9E6-6184EFE0D114}.Release|x64.Build.0 = Release|Any CPU
		{43F1DF01-8FC1-433A-A9E6-6184EFE0D114}.Release|x86.ActiveCfg = Release|Any CPU
		{43F1DF01-8FC1-433A-A9E6-6184EFE0D114}.Release|x86.Build.0 = Release|Any CPU
		{2F188460-AF20-4B52-A19D-1A01941756D2}.Debug|Any CPU.ActiveCfg = Debug|Any CPU
		{2F188460-AF20-4B52-A19D-1A01941756D2}.Debug|Any CPU.Build.0 = Debug|Any CPU
		{2F188460-AF20-4B52-A19D-1A01941756D2}.Debug|x64.ActiveCfg = Debug|Any CPU
		{2F188460-AF20-4B52-A19D-1A01941756D2}.Debug|x64.Build.0 = Debug|Any CPU
		{2F188460-AF20-4B52-A19D-1A01941756D2}.Debug|x86.ActiveCfg = Debug|Any CPU
		{2F188460-AF20-4B52-A19D-1A01941756D2}.Debug|x86.Build.0 = Debug|Any CPU
		{2F188460-AF20-4B52-A19D-1A01941756D2}.Release|Any CPU.ActiveCfg = Release|Any CPU
		{2F188460-AF20-4B52-A19D-1A01941756D2}.Release|Any CPU.Build.0 = Release|Any CPU
		{2F188460-AF20-4B52-A19D-1A01941756D2}.Release|x64.ActiveCfg = Release|Any CPU
		{2F188460-AF20-4B52-A19D-1A01941756D2}.Release|x64.Build.0 = Release|Any CPU
		{2F188460-AF20-4B52-A19D-1A01941756D2}.Release|x86.ActiveCfg = Release|Any CPU
		{2F188460-AF20-4B52-A19D-1A01941756D2}.Release|x86.Build.0 = Release|Any CPU
		{2AB518D4-51CC-4405-853A-DAB7C5FF8287}.Debug|Any CPU.ActiveCfg = Debug|Any CPU
		{2AB518D4-51CC-4405-853A-DAB7C5FF8287}.Debug|Any CPU.Build.0 = Debug|Any CPU
		{2AB518D4-51CC-4405-853A-DAB7C5FF8287}.Debug|x64.ActiveCfg = Debug|Any CPU
		{2AB518D4-51CC-4405-853A-DAB7C5FF8287}.Debug|x64.Build.0 = Debug|Any CPU
		{2AB518D4-51CC-4405-853A-DAB7C5FF8287}.Debug|x86.ActiveCfg = Debug|Any CPU
		{2AB518D4-51CC-4405-853A-DAB7C5FF8287}.Debug|x86.Build.0 = Debug|Any CPU
		{2AB518D4-51CC-4405-853A-DAB7C5FF8287}.Release|Any CPU.ActiveCfg = Release|Any CPU
		{2AB518D4-51CC-4405-853A-DAB7C5FF8287}.Release|Any CPU.Build.0 = Release|Any CPU
		{2AB518D4-51CC-4405-853A-DAB7C5FF8287}.Release|x64.ActiveCfg = Release|Any CPU
		{2AB518D4-51CC-4405-853A-DAB7C5FF8287}.Release|x64.Build.0 = Release|Any CPU
		{2AB518D4-51CC-4405-853A-DAB7C5FF8287}.Release|x86.ActiveCfg = Release|Any CPU
		{2AB518D4-51CC-4405-853A-DAB7C5FF8287}.Release|x86.Build.0 = Release|Any CPU
		{9BFA1210-9BD2-480F-AF7E-1F48C109096F}.Debug|Any CPU.ActiveCfg = Debug|Any CPU
		{9BFA1210-9BD2-480F-AF7E-1F48C109096F}.Debug|Any CPU.Build.0 = Debug|Any CPU
		{9BFA1210-9BD2-480F-AF7E-1F48C109096F}.Debug|x64.ActiveCfg = Debug|Any CPU
		{9BFA1210-9BD2-480F-AF7E-1F48C109096F}.Debug|x64.Build.0 = Debug|Any CPU
		{9BFA1210-9BD2-480F-AF7E-1F48C109096F}.Debug|x86.ActiveCfg = Debug|Any CPU
		{9BFA1210-9BD2-480F-AF7E-1F48C109096F}.Debug|x86.Build.0 = Debug|Any CPU
		{9BFA1210-9BD2-480F-AF7E-1F48C109096F}.Release|Any CPU.ActiveCfg = Release|Any CPU
		{9BFA1210-9BD2-480F-AF7E-1F48C109096F}.Release|Any CPU.Build.0 = Release|Any CPU
		{9BFA1210-9BD2-480F-AF7E-1F48C109096F}.Release|x64.ActiveCfg = Release|Any CPU
		{9BFA1210-9BD2-480F-AF7E-1F48C109096F}.Release|x64.Build.0 = Release|Any CPU
		{9BFA1210-9BD2-480F-AF7E-1F48C109096F}.Release|x86.ActiveCfg = Release|Any CPU
		{9BFA1210-9BD2-480F-AF7E-1F48C109096F}.Release|x86.Build.0 = Release|Any CPU
		{AD15351E-AF2E-414A-9A70-96A943FEA55F}.Debug|Any CPU.ActiveCfg = Debug|Any CPU
		{AD15351E-AF2E-414A-9A70-96A943FEA55F}.Debug|Any CPU.Build.0 = Debug|Any CPU
		{AD15351E-AF2E-414A-9A70-96A943FEA55F}.Debug|x64.ActiveCfg = Debug|Any CPU
		{AD15351E-AF2E-414A-9A70-96A943FEA55F}.Debug|x64.Build.0 = Debug|Any CPU
		{AD15351E-AF2E-414A-9A70-96A943FEA55F}.Debug|x86.ActiveCfg = Debug|Any CPU
		{AD15351E-AF2E-414A-9A70-96A943FEA55F}.Debug|x86.Build.0 = Debug|Any CPU
		{AD15351E-AF2E-414A-9A70-96A943FEA55F}.Release|Any CPU.ActiveCfg = Release|Any CPU
		{AD15351E-AF2E-414A-9A70-96A943FEA55F}.Release|Any CPU.Build.0 = Release|Any CPU
		{AD15351E-AF2E-414A-9A70-96A943FEA55F}.Release|x64.ActiveCfg = Release|Any CPU
		{AD15351E-AF2E-414A-9A70-96A943FEA55F}.Release|x64.Build.0 = Release|Any CPU
		{AD15351E-AF2E-414A-9A70-96A943FEA55F}.Release|x86.ActiveCfg = Release|Any CPU
		{AD15351E-AF2E-414A-9A70-96A943FEA55F}.Release|x86.Build.0 = Release|Any CPU
		{EA441495-D8F4-48B0-84CB-A5250DE7AB92}.Debug|Any CPU.ActiveCfg = Debug|Any CPU
		{EA441495-D8F4-48B0-84CB-A5250DE7AB92}.Debug|Any CPU.Build.0 = Debug|Any CPU
		{EA441495-D8F4-48B0-84CB-A5250DE7AB92}.Debug|x64.ActiveCfg = Debug|Any CPU
		{EA441495-D8F4-48B0-84CB-A5250DE7AB92}.Debug|x64.Build.0 = Debug|Any CPU
		{EA441495-D8F4-48B0-84CB-A5250DE7AB92}.Debug|x86.ActiveCfg = Debug|Any CPU
		{EA441495-D8F4-48B0-84CB-A5250DE7AB92}.Debug|x86.Build.0 = Debug|Any CPU
		{EA441495-D8F4-48B0-84CB-A5250DE7AB92}.Release|Any CPU.ActiveCfg = Release|Any CPU
		{EA441495-D8F4-48B0-84CB-A5250DE7AB92}.Release|Any CPU.Build.0 = Release|Any CPU
		{EA441495-D8F4-48B0-84CB-A5250DE7AB92}.Release|x64.ActiveCfg = Release|Any CPU
		{EA441495-D8F4-48B0-84CB-A5250DE7AB92}.Release|x64.Build.0 = Release|Any CPU
		{EA441495-D8F4-48B0-84CB-A5250DE7AB92}.Release|x86.ActiveCfg = Release|Any CPU
		{EA441495-D8F4-48B0-84CB-A5250DE7AB92}.Release|x86.Build.0 = Release|Any CPU
		{9420AF02-44C5-470C-9DD5-B6D34E2AC0B8}.Debug|Any CPU.ActiveCfg = Debug|Any CPU
		{9420AF02-44C5-470C-9DD5-B6D34E2AC0B8}.Debug|Any CPU.Build.0 = Debug|Any CPU
		{9420AF02-44C5-470C-9DD5-B6D34E2AC0B8}.Debug|x64.ActiveCfg = Debug|Any CPU
		{9420AF02-44C5-470C-9DD5-B6D34E2AC0B8}.Debug|x64.Build.0 = Debug|Any CPU
		{9420AF02-44C5-470C-9DD5-B6D34E2AC0B8}.Debug|x86.ActiveCfg = Debug|Any CPU
		{9420AF02-44C5-470C-9DD5-B6D34E2AC0B8}.Debug|x86.Build.0 = Debug|Any CPU
		{9420AF02-44C5-470C-9DD5-B6D34E2AC0B8}.Release|Any CPU.ActiveCfg = Release|Any CPU
		{9420AF02-44C5-470C-9DD5-B6D34E2AC0B8}.Release|Any CPU.Build.0 = Release|Any CPU
		{9420AF02-44C5-470C-9DD5-B6D34E2AC0B8}.Release|x64.ActiveCfg = Release|Any CPU
		{9420AF02-44C5-470C-9DD5-B6D34E2AC0B8}.Release|x64.Build.0 = Release|Any CPU
		{9420AF02-44C5-470C-9DD5-B6D34E2AC0B8}.Release|x86.ActiveCfg = Release|Any CPU
		{9420AF02-44C5-470C-9DD5-B6D34E2AC0B8}.Release|x86.Build.0 = Release|Any CPU
		{8231F83A-40F0-49A8-A4CF-2F582D957350}.Debug|Any CPU.ActiveCfg = Debug|Any CPU
		{8231F83A-40F0-49A8-A4CF-2F582D957350}.Debug|Any CPU.Build.0 = Debug|Any CPU
		{8231F83A-40F0-49A8-A4CF-2F582D957350}.Debug|x64.ActiveCfg = Debug|Any CPU
		{8231F83A-40F0-49A8-A4CF-2F582D957350}.Debug|x64.Build.0 = Debug|Any CPU
		{8231F83A-40F0-49A8-A4CF-2F582D957350}.Debug|x86.ActiveCfg = Debug|Any CPU
		{8231F83A-40F0-49A8-A4CF-2F582D957350}.Debug|x86.Build.0 = Debug|Any CPU
		{8231F83A-40F0-49A8-A4CF-2F582D957350}.Release|Any CPU.ActiveCfg = Release|Any CPU
		{8231F83A-40F0-49A8-A4CF-2F582D957350}.Release|Any CPU.Build.0 = Release|Any CPU
		{8231F83A-40F0-49A8-A4CF-2F582D957350}.Release|x64.ActiveCfg = Release|Any CPU
		{8231F83A-40F0-49A8-A4CF-2F582D957350}.Release|x64.Build.0 = Release|Any CPU
		{8231F83A-40F0-49A8-A4CF-2F582D957350}.Release|x86.ActiveCfg = Release|Any CPU
		{8231F83A-40F0-49A8-A4CF-2F582D957350}.Release|x86.Build.0 = Release|Any CPU
		{A0095F7D-7CC6-4E7F-9695-8645EAD02E37}.Debug|Any CPU.ActiveCfg = Debug|Any CPU
		{A0095F7D-7CC6-4E7F-9695-8645EAD02E37}.Debug|Any CPU.Build.0 = Debug|Any CPU
		{A0095F7D-7CC6-4E7F-9695-8645EAD02E37}.Debug|x64.ActiveCfg = Debug|Any CPU
		{A0095F7D-7CC6-4E7F-9695-8645EAD02E37}.Debug|x64.Build.0 = Debug|Any CPU
		{A0095F7D-7CC6-4E7F-9695-8645EAD02E37}.Debug|x86.ActiveCfg = Debug|Any CPU
		{A0095F7D-7CC6-4E7F-9695-8645EAD02E37}.Debug|x86.Build.0 = Debug|Any CPU
		{A0095F7D-7CC6-4E7F-9695-8645EAD02E37}.Release|Any CPU.ActiveCfg = Release|Any CPU
		{A0095F7D-7CC6-4E7F-9695-8645EAD02E37}.Release|Any CPU.Build.0 = Release|Any CPU
		{A0095F7D-7CC6-4E7F-9695-8645EAD02E37}.Release|x64.ActiveCfg = Release|Any CPU
		{A0095F7D-7CC6-4E7F-9695-8645EAD02E37}.Release|x64.Build.0 = Release|Any CPU
		{A0095F7D-7CC6-4E7F-9695-8645EAD02E37}.Release|x86.ActiveCfg = Release|Any CPU
		{A0095F7D-7CC6-4E7F-9695-8645EAD02E37}.Release|x86.Build.0 = Release|Any CPU
		{0B141F04-7E28-4D45-AD86-DAD35D1C1C10}.Debug|Any CPU.ActiveCfg = Debug|Any CPU
		{0B141F04-7E28-4D45-AD86-DAD35D1C1C10}.Debug|Any CPU.Build.0 = Debug|Any CPU
		{0B141F04-7E28-4D45-AD86-DAD35D1C1C10}.Debug|x64.ActiveCfg = Debug|Any CPU
		{0B141F04-7E28-4D45-AD86-DAD35D1C1C10}.Debug|x64.Build.0 = Debug|Any CPU
		{0B141F04-7E28-4D45-AD86-DAD35D1C1C10}.Debug|x86.ActiveCfg = Debug|Any CPU
		{0B141F04-7E28-4D45-AD86-DAD35D1C1C10}.Debug|x86.Build.0 = Debug|Any CPU
		{0B141F04-7E28-4D45-AD86-DAD35D1C1C10}.Release|Any CPU.ActiveCfg = Release|Any CPU
		{0B141F04-7E28-4D45-AD86-DAD35D1C1C10}.Release|Any CPU.Build.0 = Release|Any CPU
		{0B141F04-7E28-4D45-AD86-DAD35D1C1C10}.Release|x64.ActiveCfg = Release|Any CPU
		{0B141F04-7E28-4D45-AD86-DAD35D1C1C10}.Release|x64.Build.0 = Release|Any CPU
		{0B141F04-7E28-4D45-AD86-DAD35D1C1C10}.Release|x86.ActiveCfg = Release|Any CPU
		{0B141F04-7E28-4D45-AD86-DAD35D1C1C10}.Release|x86.Build.0 = Release|Any CPU
		{33134CF0-A2FC-4DD3-BAFA-7A444DA532AD}.Debug|Any CPU.ActiveCfg = Debug|Any CPU
		{33134CF0-A2FC-4DD3-BAFA-7A444DA532AD}.Debug|Any CPU.Build.0 = Debug|Any CPU
		{33134CF0-A2FC-4DD3-BAFA-7A444DA532AD}.Debug|x64.ActiveCfg = Debug|Any CPU
		{33134CF0-A2FC-4DD3-BAFA-7A444DA532AD}.Debug|x64.Build.0 = Debug|Any CPU
		{33134CF0-A2FC-4DD3-BAFA-7A444DA532AD}.Debug|x86.ActiveCfg = Debug|Any CPU
		{33134CF0-A2FC-4DD3-BAFA-7A444DA532AD}.Debug|x86.Build.0 = Debug|Any CPU
		{33134CF0-A2FC-4DD3-BAFA-7A444DA532AD}.Release|Any CPU.ActiveCfg = Release|Any CPU
		{33134CF0-A2FC-4DD3-BAFA-7A444DA532AD}.Release|Any CPU.Build.0 = Release|Any CPU
		{33134CF0-A2FC-4DD3-BAFA-7A444DA532AD}.Release|x64.ActiveCfg = Release|Any CPU
		{33134CF0-A2FC-4DD3-BAFA-7A444DA532AD}.Release|x64.Build.0 = Release|Any CPU
		{33134CF0-A2FC-4DD3-BAFA-7A444DA532AD}.Release|x86.ActiveCfg = Release|Any CPU
		{33134CF0-A2FC-4DD3-BAFA-7A444DA532AD}.Release|x86.Build.0 = Release|Any CPU
		{AFE9B9C7-9466-4F4C-B0BC-AFBF1D0EF024}.Debug|Any CPU.ActiveCfg = Debug|Any CPU
		{AFE9B9C7-9466-4F4C-B0BC-AFBF1D0EF024}.Debug|Any CPU.Build.0 = Debug|Any CPU
		{AFE9B9C7-9466-4F4C-B0BC-AFBF1D0EF024}.Debug|x64.ActiveCfg = Debug|Any CPU
		{AFE9B9C7-9466-4F4C-B0BC-AFBF1D0EF024}.Debug|x64.Build.0 = Debug|Any CPU
		{AFE9B9C7-9466-4F4C-B0BC-AFBF1D0EF024}.Debug|x86.ActiveCfg = Debug|Any CPU
		{AFE9B9C7-9466-4F4C-B0BC-AFBF1D0EF024}.Debug|x86.Build.0 = Debug|Any CPU
		{AFE9B9C7-9466-4F4C-B0BC-AFBF1D0EF024}.Release|Any CPU.ActiveCfg = Release|Any CPU
		{AFE9B9C7-9466-4F4C-B0BC-AFBF1D0EF024}.Release|Any CPU.Build.0 = Release|Any CPU
		{AFE9B9C7-9466-4F4C-B0BC-AFBF1D0EF024}.Release|x64.ActiveCfg = Release|Any CPU
		{AFE9B9C7-9466-4F4C-B0BC-AFBF1D0EF024}.Release|x64.Build.0 = Release|Any CPU
		{AFE9B9C7-9466-4F4C-B0BC-AFBF1D0EF024}.Release|x86.ActiveCfg = Release|Any CPU
		{AFE9B9C7-9466-4F4C-B0BC-AFBF1D0EF024}.Release|x86.Build.0 = Release|Any CPU
		{EE108859-79CC-4094-8D21-4BBFFE127D31}.Debug|Any CPU.ActiveCfg = Debug|Any CPU
		{EE108859-79CC-4094-8D21-4BBFFE127D31}.Debug|Any CPU.Build.0 = Debug|Any CPU
		{EE108859-79CC-4094-8D21-4BBFFE127D31}.Debug|x64.ActiveCfg = Debug|Any CPU
		{EE108859-79CC-4094-8D21-4BBFFE127D31}.Debug|x64.Build.0 = Debug|Any CPU
		{EE108859-79CC-4094-8D21-4BBFFE127D31}.Debug|x86.ActiveCfg = Debug|Any CPU
		{EE108859-79CC-4094-8D21-4BBFFE127D31}.Debug|x86.Build.0 = Debug|Any CPU
		{EE108859-79CC-4094-8D21-4BBFFE127D31}.Release|Any CPU.ActiveCfg = Release|Any CPU
		{EE108859-79CC-4094-8D21-4BBFFE127D31}.Release|Any CPU.Build.0 = Release|Any CPU
		{EE108859-79CC-4094-8D21-4BBFFE127D31}.Release|x64.ActiveCfg = Release|Any CPU
		{EE108859-79CC-4094-8D21-4BBFFE127D31}.Release|x64.Build.0 = Release|Any CPU
		{EE108859-79CC-4094-8D21-4BBFFE127D31}.Release|x86.ActiveCfg = Release|Any CPU
		{EE108859-79CC-4094-8D21-4BBFFE127D31}.Release|x86.Build.0 = Release|Any CPU
		{E1FA8AB5-803C-4467-8EA3-6E16C85232AE}.Debug|Any CPU.ActiveCfg = Debug|Any CPU
		{E1FA8AB5-803C-4467-8EA3-6E16C85232AE}.Debug|Any CPU.Build.0 = Debug|Any CPU
		{E1FA8AB5-803C-4467-8EA3-6E16C85232AE}.Debug|x64.ActiveCfg = Debug|Any CPU
		{E1FA8AB5-803C-4467-8EA3-6E16C85232AE}.Debug|x64.Build.0 = Debug|Any CPU
		{E1FA8AB5-803C-4467-8EA3-6E16C85232AE}.Debug|x86.ActiveCfg = Debug|Any CPU
		{E1FA8AB5-803C-4467-8EA3-6E16C85232AE}.Debug|x86.Build.0 = Debug|Any CPU
		{E1FA8AB5-803C-4467-8EA3-6E16C85232AE}.Release|Any CPU.ActiveCfg = Release|Any CPU
		{E1FA8AB5-803C-4467-8EA3-6E16C85232AE}.Release|Any CPU.Build.0 = Release|Any CPU
		{E1FA8AB5-803C-4467-8EA3-6E16C85232AE}.Release|x64.ActiveCfg = Release|Any CPU
		{E1FA8AB5-803C-4467-8EA3-6E16C85232AE}.Release|x64.Build.0 = Release|Any CPU
		{E1FA8AB5-803C-4467-8EA3-6E16C85232AE}.Release|x86.ActiveCfg = Release|Any CPU
		{E1FA8AB5-803C-4467-8EA3-6E16C85232AE}.Release|x86.Build.0 = Release|Any CPU
		{2F45ED0E-31CB-4115-8F27-6EC0B17876B3}.Debug|Any CPU.ActiveCfg = Debug|Any CPU
		{2F45ED0E-31CB-4115-8F27-6EC0B17876B3}.Debug|Any CPU.Build.0 = Debug|Any CPU
		{2F45ED0E-31CB-4115-8F27-6EC0B17876B3}.Debug|x64.ActiveCfg = Debug|Any CPU
		{2F45ED0E-31CB-4115-8F27-6EC0B17876B3}.Debug|x64.Build.0 = Debug|Any CPU
		{2F45ED0E-31CB-4115-8F27-6EC0B17876B3}.Debug|x86.ActiveCfg = Debug|Any CPU
		{2F45ED0E-31CB-4115-8F27-6EC0B17876B3}.Debug|x86.Build.0 = Debug|Any CPU
		{2F45ED0E-31CB-4115-8F27-6EC0B17876B3}.Release|Any CPU.ActiveCfg = Release|Any CPU
		{2F45ED0E-31CB-4115-8F27-6EC0B17876B3}.Release|Any CPU.Build.0 = Release|Any CPU
		{2F45ED0E-31CB-4115-8F27-6EC0B17876B3}.Release|x64.ActiveCfg = Release|Any CPU
		{2F45ED0E-31CB-4115-8F27-6EC0B17876B3}.Release|x64.Build.0 = Release|Any CPU
		{2F45ED0E-31CB-4115-8F27-6EC0B17876B3}.Release|x86.ActiveCfg = Release|Any CPU
		{2F45ED0E-31CB-4115-8F27-6EC0B17876B3}.Release|x86.Build.0 = Release|Any CPU
		{7A484BAF-AB01-488A-853F-C0CE4305BA56}.Debug|Any CPU.ActiveCfg = Debug|Any CPU
		{7A484BAF-AB01-488A-853F-C0CE4305BA56}.Debug|Any CPU.Build.0 = Debug|Any CPU
		{7A484BAF-AB01-488A-853F-C0CE4305BA56}.Debug|x64.ActiveCfg = Debug|Any CPU
		{7A484BAF-AB01-488A-853F-C0CE4305BA56}.Debug|x64.Build.0 = Debug|Any CPU
		{7A484BAF-AB01-488A-853F-C0CE4305BA56}.Debug|x86.ActiveCfg = Debug|Any CPU
		{7A484BAF-AB01-488A-853F-C0CE4305BA56}.Debug|x86.Build.0 = Debug|Any CPU
		{7A484BAF-AB01-488A-853F-C0CE4305BA56}.Release|Any CPU.ActiveCfg = Release|Any CPU
		{7A484BAF-AB01-488A-853F-C0CE4305BA56}.Release|Any CPU.Build.0 = Release|Any CPU
		{7A484BAF-AB01-488A-853F-C0CE4305BA56}.Release|x64.ActiveCfg = Release|Any CPU
		{7A484BAF-AB01-488A-853F-C0CE4305BA56}.Release|x64.Build.0 = Release|Any CPU
		{7A484BAF-AB01-488A-853F-C0CE4305BA56}.Release|x86.ActiveCfg = Release|Any CPU
		{7A484BAF-AB01-488A-853F-C0CE4305BA56}.Release|x86.Build.0 = Release|Any CPU
		{BBB70951-5692-44F2-BD04-C1E150D970FD}.Debug|Any CPU.ActiveCfg = Debug|Any CPU
		{BBB70951-5692-44F2-BD04-C1E150D970FD}.Debug|Any CPU.Build.0 = Debug|Any CPU
		{BBB70951-5692-44F2-BD04-C1E150D970FD}.Debug|x64.ActiveCfg = Debug|Any CPU
		{BBB70951-5692-44F2-BD04-C1E150D970FD}.Debug|x64.Build.0 = Debug|Any CPU
		{BBB70951-5692-44F2-BD04-C1E150D970FD}.Debug|x86.ActiveCfg = Debug|Any CPU
		{BBB70951-5692-44F2-BD04-C1E150D970FD}.Debug|x86.Build.0 = Debug|Any CPU
		{BBB70951-5692-44F2-BD04-C1E150D970FD}.Release|Any CPU.ActiveCfg = Release|Any CPU
		{BBB70951-5692-44F2-BD04-C1E150D970FD}.Release|Any CPU.Build.0 = Release|Any CPU
		{BBB70951-5692-44F2-BD04-C1E150D970FD}.Release|x64.ActiveCfg = Release|Any CPU
		{BBB70951-5692-44F2-BD04-C1E150D970FD}.Release|x64.Build.0 = Release|Any CPU
		{BBB70951-5692-44F2-BD04-C1E150D970FD}.Release|x86.ActiveCfg = Release|Any CPU
		{BBB70951-5692-44F2-BD04-C1E150D970FD}.Release|x86.Build.0 = Release|Any CPU
		{868F2E9D-DC2A-4B3E-8708-CD494DBE37E3}.Debug|Any CPU.ActiveCfg = Debug|Any CPU
		{868F2E9D-DC2A-4B3E-8708-CD494DBE37E3}.Debug|Any CPU.Build.0 = Debug|Any CPU
		{868F2E9D-DC2A-4B3E-8708-CD494DBE37E3}.Debug|x64.ActiveCfg = Debug|Any CPU
		{868F2E9D-DC2A-4B3E-8708-CD494DBE37E3}.Debug|x64.Build.0 = Debug|Any CPU
		{868F2E9D-DC2A-4B3E-8708-CD494DBE37E3}.Debug|x86.ActiveCfg = Debug|Any CPU
		{868F2E9D-DC2A-4B3E-8708-CD494DBE37E3}.Debug|x86.Build.0 = Debug|Any CPU
		{868F2E9D-DC2A-4B3E-8708-CD494DBE37E3}.Release|Any CPU.ActiveCfg = Release|Any CPU
		{868F2E9D-DC2A-4B3E-8708-CD494DBE37E3}.Release|Any CPU.Build.0 = Release|Any CPU
		{868F2E9D-DC2A-4B3E-8708-CD494DBE37E3}.Release|x64.ActiveCfg = Release|Any CPU
		{868F2E9D-DC2A-4B3E-8708-CD494DBE37E3}.Release|x64.Build.0 = Release|Any CPU
		{868F2E9D-DC2A-4B3E-8708-CD494DBE37E3}.Release|x86.ActiveCfg = Release|Any CPU
		{868F2E9D-DC2A-4B3E-8708-CD494DBE37E3}.Release|x86.Build.0 = Release|Any CPU
	EndGlobalSection
	GlobalSection(SolutionProperties) = preSolution
		HideSolutionNode = FALSE
	EndGlobalSection
	GlobalSection(NestedProjects) = preSolution
		{ECDC6D6C-E5D2-4EC3-9AAC-6336C2048FFF} = {2ED9180C-3A78-44C2-AB9C-83B6944848B0}
		{119128D4-1776-427A-AEC1-6DA12B0FF813} = {2ED9180C-3A78-44C2-AB9C-83B6944848B0}
		{B31BE9A2-095F-4B1F-8EFF-4D390E7960DA} = {2ED9180C-3A78-44C2-AB9C-83B6944848B0}
		{640E2E01-C3F4-4785-9728-6EC99E3809FA} = {2ED9180C-3A78-44C2-AB9C-83B6944848B0}
		{577C93BA-FB92-4A1F-A0F3-754DE016EB19} = {2ED9180C-3A78-44C2-AB9C-83B6944848B0}
		{981DC3E9-A331-4137-A5F5-C0D22FB5F0ED} = {2ED9180C-3A78-44C2-AB9C-83B6944848B0}
		{044A9872-DD3B-4505-9B32-CAB24A16DD3B} = {2ED9180C-3A78-44C2-AB9C-83B6944848B0}
		{65B277EF-77FD-4A89-B550-086DF53BE54C} = {2ED9180C-3A78-44C2-AB9C-83B6944848B0}
		{43F1DF01-8FC1-433A-A9E6-6184EFE0D114} = {2ED9180C-3A78-44C2-AB9C-83B6944848B0}
		{2F188460-AF20-4B52-A19D-1A01941756D2} = {2ED9180C-3A78-44C2-AB9C-83B6944848B0}
		{A56DA2EA-602D-4E89-822E-0A1B3CB30AD1} = {2ED9180C-3A78-44C2-AB9C-83B6944848B0}
		{F1C06ED8-17DC-48AE-9D64-B18455CA3231} = {2ED9180C-3A78-44C2-AB9C-83B6944848B0}
		{2AB518D4-51CC-4405-853A-DAB7C5FF8287} = {A56DA2EA-602D-4E89-822E-0A1B3CB30AD1}
		{9BFA1210-9BD2-480F-AF7E-1F48C109096F} = {A56DA2EA-602D-4E89-822E-0A1B3CB30AD1}
		{AD15351E-AF2E-414A-9A70-96A943FEA55F} = {A56DA2EA-602D-4E89-822E-0A1B3CB30AD1}
		{EA441495-D8F4-48B0-84CB-A5250DE7AB92} = {A56DA2EA-602D-4E89-822E-0A1B3CB30AD1}
		{9420AF02-44C5-470C-9DD5-B6D34E2AC0B8} = {A56DA2EA-602D-4E89-822E-0A1B3CB30AD1}
		{DCBB7A7C-3A9A-4992-9F82-09F0C7C88EDB} = {2ED9180C-3A78-44C2-AB9C-83B6944848B0}
		{8231F83A-40F0-49A8-A4CF-2F582D957350} = {DCBB7A7C-3A9A-4992-9F82-09F0C7C88EDB}
		{A0095F7D-7CC6-4E7F-9695-8645EAD02E37} = {DCBB7A7C-3A9A-4992-9F82-09F0C7C88EDB}
		{CDC83818-9D4B-44CB-AD54-829C68929B4D} = {A56DA2EA-602D-4E89-822E-0A1B3CB30AD1}
		{0B141F04-7E28-4D45-AD86-DAD35D1C1C10} = {CDC83818-9D4B-44CB-AD54-829C68929B4D}
		{33134CF0-A2FC-4DD3-BAFA-7A444DA532AD} = {CDC83818-9D4B-44CB-AD54-829C68929B4D}
		{AFE9B9C7-9466-4F4C-B0BC-AFBF1D0EF024} = {CDC83818-9D4B-44CB-AD54-829C68929B4D}
		{EE108859-79CC-4094-8D21-4BBFFE127D31} = {CDC83818-9D4B-44CB-AD54-829C68929B4D}
		{E1FA8AB5-803C-4467-8EA3-6E16C85232AE} = {A56DA2EA-602D-4E89-822E-0A1B3CB30AD1}
		{2F45ED0E-31CB-4115-8F27-6EC0B17876B3} = {F1C06ED8-17DC-48AE-9D64-B18455CA3231}
		{7A484BAF-AB01-488A-853F-C0CE4305BA56} = {F1C06ED8-17DC-48AE-9D64-B18455CA3231}
		{BBB70951-5692-44F2-BD04-C1E150D970FD} = {F1C06ED8-17DC-48AE-9D64-B18455CA3231}
		{868F2E9D-DC2A-4B3E-8708-CD494DBE37E3} = {F1C06ED8-17DC-48AE-9D64-B18455CA3231}
	EndGlobalSection
	GlobalSection(ExtensibilityGlobals) = postSolution
		SolutionGuid = {40395CF2-451B-48E4-A29A-0E8AE12146B4}
	EndGlobalSection
EndGlobal
