
Microsoft Visual Studio Solution File, Format Version 12.00
# Visual Studio Version 16
VisualStudioVersion = 16.0.29102.190
MinimumVisualStudioVersion = 10.0.40219.1
Project("{2150E333-8FDC-42A3-9474-1A3956D46DE8}") = "Machine Automation Service", "Machine Automation Service", "{A56DA2EA-602D-4E89-822E-0A1B3CB30AD1}"
EndProject
Project("{2150E333-8FDC-42A3-9474-1A3956D46DE8}") = "Panel PC UI", "Panel PC UI", "{F1C06ED8-17DC-48AE-9D64-B18455CA3231}"
EndProject
Project("{9A19103F-16F7-4668-BE54-9A1E7A4F7556}") = "Ferretto.VW.MAS.FiniteStateMachines", "Machine Automation Service\MAS_FiniteStateMachines\Ferretto.VW.MAS.FiniteStateMachines.csproj", "{2AB518D4-51CC-4405-853A-DAB7C5FF8287}"
EndProject
Project("{9A19103F-16F7-4668-BE54-9A1E7A4F7556}") = "Ferretto.VW.MAS.InverterDriver", "Machine Automation Service\MAS_InverterDriver\Ferretto.VW.MAS.InverterDriver.csproj", "{9BFA1210-9BD2-480F-AF7E-1F48C109096F}"
EndProject
Project("{9A19103F-16F7-4668-BE54-9A1E7A4F7556}") = "Ferretto.VW.MAS.IODriver", "Machine Automation Service\MAS_IODriver\Ferretto.VW.MAS.IODriver.csproj", "{AD15351E-AF2E-414A-9A70-96A943FEA55F}"
EndProject
Project("{9A19103F-16F7-4668-BE54-9A1E7A4F7556}") = "Ferretto.VW.MAS.DataLayer", "Machine Automation Service\MAS_DataLayer\Ferretto.VW.MAS.DataLayer.csproj", "{EA441495-D8F4-48B0-84CB-A5250DE7AB92}"
EndProject
Project("{9A19103F-16F7-4668-BE54-9A1E7A4F7556}") = "Ferretto.VW.MAS.AutomationService", "Machine Automation Service\MAS_AutomationService\Ferretto.VW.MAS.AutomationService.csproj", "{9420AF02-44C5-470C-9DD5-B6D34E2AC0B8}"
EndProject
Project("{2150E333-8FDC-42A3-9474-1A3956D46DE8}") = "Common", "Common", "{DCBB7A7C-3A9A-4992-9F82-09F0C7C88EDB}"
EndProject
Project("{9A19103F-16F7-4668-BE54-9A1E7A4F7556}") = "Ferretto.VW.App.Resources", "Common\Resources\Ferretto.VW.App.Resources.csproj", "{8231F83A-40F0-49A8-A4CF-2F582D957350}"
EndProject
Project("{9A19103F-16F7-4668-BE54-9A1E7A4F7556}") = "Ferretto.VW.CommonUtils", "Common\Common_Utils\Ferretto.VW.CommonUtils.csproj", "{A0095F7D-7CC6-4E7F-9695-8645EAD02E37}"
EndProject
Project("{9A19103F-16F7-4668-BE54-9A1E7A4F7556}") = "Ferretto.VW.MAS.MissionsManager", "Machine Automation Service\MAS_MissionsManager\Ferretto.VW.MAS.MissionsManager.csproj", "{E1FA8AB5-803C-4467-8EA3-6E16C85232AE}"
EndProject
Project("{9A19103F-16F7-4668-BE54-9A1E7A4F7556}") = "Ferretto.VW.App.Controls", "Panel PC UI\CustomControls\Ferretto.VW.App.Controls.csproj", "{2F45ED0E-31CB-4115-8F27-6EC0B17876B3}"
EndProject
Project("{9A19103F-16F7-4668-BE54-9A1E7A4F7556}") = "Ferretto.VW.App.Installation", "Panel PC UI\InstallationApp\Ferretto.VW.App.Installation.csproj", "{7A484BAF-AB01-488A-853F-C0CE4305BA56}"
EndProject
Project("{9A19103F-16F7-4668-BE54-9A1E7A4F7556}") = "Ferretto.VW.App", "Panel PC UI\VWApp\Ferretto.VW.App.csproj", "{BBB70951-5692-44F2-BD04-C1E150D970FD}"
	ProjectSection(ProjectDependencies) = postProject
		{7A484BAF-AB01-488A-853F-C0CE4305BA56} = {7A484BAF-AB01-488A-853F-C0CE4305BA56}
		{DF20E4C3-CFC8-4517-9ECE-788EA86A2275} = {DF20E4C3-CFC8-4517-9ECE-788EA86A2275}
	EndProjectSection
EndProject
Project("{9A19103F-16F7-4668-BE54-9A1E7A4F7556}") = "Ferretto.VW.Utils", "Panel PC UI\Utils\Ferretto.VW.Utils.csproj", "{868F2E9D-DC2A-4B3E-8708-CD494DBE37E3}"
EndProject
Project("{9A19103F-16F7-4668-BE54-9A1E7A4F7556}") = "Ferretto.VW.MAS.Utils", "Machine Automation Service\Ferretto.VW.MAS_Utils\Ferretto.VW.MAS.Utils.csproj", "{73086AC9-1316-4FFC-AA5D-0A50C132456A}"
EndProject
Project("{9A19103F-16F7-4668-BE54-9A1E7A4F7556}") = "Ferretto.VW.App.Operator", "Panel PC UI\Ferretto.VW.OperatorApp\Ferretto.VW.App.Operator.csproj", "{DF20E4C3-CFC8-4517-9ECE-788EA86A2275}"
EndProject
Project("{9A19103F-16F7-4668-BE54-9A1E7A4F7556}") = "Ferretto.VW.Common.Logging.SQLiteTarget", "Common\SQLiteTarget\Ferretto.VW.Common.Logging.SQLiteTarget.csproj", "{8B0B44AB-011D-4279-BF77-D189CAF6BF3A}"
EndProject
Project("{9A19103F-16F7-4668-BE54-9A1E7A4F7556}") = "Ferretto.VW.MAS.AutomationService.Contracts", "Machine Automation Service\AutomationService.Contracts\Ferretto.VW.MAS.AutomationService.Contracts.csproj", "{6A1B4468-5DF1-48ED-8887-E1A5A1814056}"
EndProject
Project("{9A19103F-16F7-4668-BE54-9A1E7A4F7556}") = "Ferretto.VW.SignalRClientConsole", "Panel PC UI\Ferretto.VW.SignalRClientConsole\Ferretto.VW.SignalRClientConsole.csproj", "{2DB8ED5C-7C80-46D6-9857-A5784316A35B}"
EndProject
Project("{9A19103F-16F7-4668-BE54-9A1E7A4F7556}") = "Ferretto.VW.WmsCommunication", "Panel PC UI\Ferretto.VW.WmsCommunication\Ferretto.VW.WmsCommunication.csproj", "{FCB1F3A9-B317-403E-8A8E-B26D21DF795D}"
EndProject
Project("{9A19103F-16F7-4668-BE54-9A1E7A4F7556}") = "Ferretto.VW.App.Services", "Ferretto.VW.App.Services\Ferretto.VW.App.Services.csproj", "{592A747E-A69F-440A-BE35-19995FB06DCF}"
EndProject
Project("{9A19103F-16F7-4668-BE54-9A1E7A4F7556}") = "Ferretto.VW.MAS.DataModels", "Machine Automation Service\Ferretto.VW.MAS.DataModels\Ferretto.VW.MAS.DataModels.csproj", "{164C8A20-CBA3-418F-A314-2DA98CB88447}"
EndProject
Project("{2150E333-8FDC-42A3-9474-1A3956D46DE8}") = "Simulator", "Simulator", "{0986B0F9-B052-46D6-844A-F138B4AC76A3}"
EndProject
Project("{9A19103F-16F7-4668-BE54-9A1E7A4F7556}") = "Ferretto.VW.Simulator", "Simulator\Ferretto.VW.Simulator\Ferretto.VW.Simulator.csproj", "{44BBC69C-3432-4336-B613-10A22BFEEAE5}"
EndProject
Project("{9A19103F-16F7-4668-BE54-9A1E7A4F7556}") = "Ferretto.VW.Simulator.Resources", "Simulator\Ferretto.VW.Simulator.Resources\Ferretto.VW.Simulator.Resources.csproj", "{A68EB013-A099-4C29-BCEE-B9C34AD54163}"
EndProject
Project("{9A19103F-16F7-4668-BE54-9A1E7A4F7556}") = "Ferretto.VW.Simulator.Extensions", "Simulator\Ferretto.VW.Simulator.Extensions\Ferretto.VW.Simulator.Extensions.csproj", "{04E9D769-6A61-419E-BF8B-8E0F5AFC8A2D}"
EndProject
Project("{9A19103F-16F7-4668-BE54-9A1E7A4F7556}") = "Ferretto.VW.Simulator.Controls", "Simulator\Ferretto.VW.Simulator.Controls\Ferretto.VW.Simulator.Controls.csproj", "{D4C0F7F0-C52B-45B1-B92E-3B84CA80955B}"
EndProject
Project("{9A19103F-16F7-4668-BE54-9A1E7A4F7556}") = "Ferretto.VW.Simulator.Services", "Simulator\Ferretto.VW.Simulator.Services\Ferretto.VW.Simulator.Services.csproj", "{E49EA3D3-D82F-44A6-8168-8C0D5C1FC0C6}"
EndProject
Project("{9A19103F-16F7-4668-BE54-9A1E7A4F7556}") = "Ferretto.VW.MAS.AutomationService.Hubs", "Ferretto.VW.MAS.AutomationService.Hubs\Ferretto.VW.MAS.AutomationService.Hubs.csproj", "{B8FBD24D-9B9E-4D4B-90DE-6377847FC8CB}"
EndProject
Global
	GlobalSection(SolutionConfigurationPlatforms) = preSolution
		Debug (no autogen)|Any CPU = Debug (no autogen)|Any CPU
		Debug (no autogen)|x64 = Debug (no autogen)|x64
		Debug (no autogen)|x86 = Debug (no autogen)|x86
		Debug|Any CPU = Debug|Any CPU
		Debug|x64 = Debug|x64
		Debug|x86 = Debug|x86
		Release|Any CPU = Release|Any CPU
		Release|x64 = Release|x64
		Release|x86 = Release|x86
	EndGlobalSection
	GlobalSection(ProjectConfigurationPlatforms) = postSolution
		{2AB518D4-51CC-4405-853A-DAB7C5FF8287}.Debug (no autogen)|Any CPU.ActiveCfg = Debug|Any CPU
		{2AB518D4-51CC-4405-853A-DAB7C5FF8287}.Debug (no autogen)|Any CPU.Build.0 = Debug|Any CPU
		{2AB518D4-51CC-4405-853A-DAB7C5FF8287}.Debug (no autogen)|x64.ActiveCfg = Debug|Any CPU
		{2AB518D4-51CC-4405-853A-DAB7C5FF8287}.Debug (no autogen)|x64.Build.0 = Debug|Any CPU
		{2AB518D4-51CC-4405-853A-DAB7C5FF8287}.Debug (no autogen)|x86.ActiveCfg = Debug|Any CPU
		{2AB518D4-51CC-4405-853A-DAB7C5FF8287}.Debug (no autogen)|x86.Build.0 = Debug|Any CPU
		{2AB518D4-51CC-4405-853A-DAB7C5FF8287}.Debug|Any CPU.ActiveCfg = Debug|Any CPU
		{2AB518D4-51CC-4405-853A-DAB7C5FF8287}.Debug|Any CPU.Build.0 = Debug|Any CPU
		{2AB518D4-51CC-4405-853A-DAB7C5FF8287}.Debug|x64.ActiveCfg = Debug|Any CPU
		{2AB518D4-51CC-4405-853A-DAB7C5FF8287}.Debug|x64.Build.0 = Debug|Any CPU
		{2AB518D4-51CC-4405-853A-DAB7C5FF8287}.Debug|x86.ActiveCfg = Debug|Any CPU
		{2AB518D4-51CC-4405-853A-DAB7C5FF8287}.Debug|x86.Build.0 = Debug|Any CPU
		{2AB518D4-51CC-4405-853A-DAB7C5FF8287}.Release|Any CPU.ActiveCfg = Release|Any CPU
		{2AB518D4-51CC-4405-853A-DAB7C5FF8287}.Release|Any CPU.Build.0 = Release|Any CPU
		{2AB518D4-51CC-4405-853A-DAB7C5FF8287}.Release|x64.ActiveCfg = Release|Any CPU
		{2AB518D4-51CC-4405-853A-DAB7C5FF8287}.Release|x64.Build.0 = Release|Any CPU
		{2AB518D4-51CC-4405-853A-DAB7C5FF8287}.Release|x86.ActiveCfg = Release|Any CPU
		{2AB518D4-51CC-4405-853A-DAB7C5FF8287}.Release|x86.Build.0 = Release|Any CPU
		{9BFA1210-9BD2-480F-AF7E-1F48C109096F}.Debug (no autogen)|Any CPU.ActiveCfg = Debug|Any CPU
		{9BFA1210-9BD2-480F-AF7E-1F48C109096F}.Debug (no autogen)|Any CPU.Build.0 = Debug|Any CPU
		{9BFA1210-9BD2-480F-AF7E-1F48C109096F}.Debug (no autogen)|x64.ActiveCfg = Debug|Any CPU
		{9BFA1210-9BD2-480F-AF7E-1F48C109096F}.Debug (no autogen)|x64.Build.0 = Debug|Any CPU
		{9BFA1210-9BD2-480F-AF7E-1F48C109096F}.Debug (no autogen)|x86.ActiveCfg = Debug|Any CPU
		{9BFA1210-9BD2-480F-AF7E-1F48C109096F}.Debug (no autogen)|x86.Build.0 = Debug|Any CPU
		{9BFA1210-9BD2-480F-AF7E-1F48C109096F}.Debug|Any CPU.ActiveCfg = Debug|Any CPU
		{9BFA1210-9BD2-480F-AF7E-1F48C109096F}.Debug|Any CPU.Build.0 = Debug|Any CPU
		{9BFA1210-9BD2-480F-AF7E-1F48C109096F}.Debug|x64.ActiveCfg = Debug|Any CPU
		{9BFA1210-9BD2-480F-AF7E-1F48C109096F}.Debug|x64.Build.0 = Debug|Any CPU
		{9BFA1210-9BD2-480F-AF7E-1F48C109096F}.Debug|x86.ActiveCfg = Debug|Any CPU
		{9BFA1210-9BD2-480F-AF7E-1F48C109096F}.Debug|x86.Build.0 = Debug|Any CPU
		{9BFA1210-9BD2-480F-AF7E-1F48C109096F}.Release|Any CPU.ActiveCfg = Release|Any CPU
		{9BFA1210-9BD2-480F-AF7E-1F48C109096F}.Release|Any CPU.Build.0 = Release|Any CPU
		{9BFA1210-9BD2-480F-AF7E-1F48C109096F}.Release|x64.ActiveCfg = Release|Any CPU
		{9BFA1210-9BD2-480F-AF7E-1F48C109096F}.Release|x64.Build.0 = Release|Any CPU
		{9BFA1210-9BD2-480F-AF7E-1F48C109096F}.Release|x86.ActiveCfg = Release|Any CPU
		{9BFA1210-9BD2-480F-AF7E-1F48C109096F}.Release|x86.Build.0 = Release|Any CPU
		{AD15351E-AF2E-414A-9A70-96A943FEA55F}.Debug (no autogen)|Any CPU.ActiveCfg = Debug|Any CPU
		{AD15351E-AF2E-414A-9A70-96A943FEA55F}.Debug (no autogen)|Any CPU.Build.0 = Debug|Any CPU
		{AD15351E-AF2E-414A-9A70-96A943FEA55F}.Debug (no autogen)|x64.ActiveCfg = Debug|Any CPU
		{AD15351E-AF2E-414A-9A70-96A943FEA55F}.Debug (no autogen)|x64.Build.0 = Debug|Any CPU
		{AD15351E-AF2E-414A-9A70-96A943FEA55F}.Debug (no autogen)|x86.ActiveCfg = Debug|Any CPU
		{AD15351E-AF2E-414A-9A70-96A943FEA55F}.Debug (no autogen)|x86.Build.0 = Debug|Any CPU
		{AD15351E-AF2E-414A-9A70-96A943FEA55F}.Debug|Any CPU.ActiveCfg = Debug|Any CPU
		{AD15351E-AF2E-414A-9A70-96A943FEA55F}.Debug|Any CPU.Build.0 = Debug|Any CPU
		{AD15351E-AF2E-414A-9A70-96A943FEA55F}.Debug|x64.ActiveCfg = Debug|Any CPU
		{AD15351E-AF2E-414A-9A70-96A943FEA55F}.Debug|x64.Build.0 = Debug|Any CPU
		{AD15351E-AF2E-414A-9A70-96A943FEA55F}.Debug|x86.ActiveCfg = Debug|Any CPU
		{AD15351E-AF2E-414A-9A70-96A943FEA55F}.Debug|x86.Build.0 = Debug|Any CPU
		{AD15351E-AF2E-414A-9A70-96A943FEA55F}.Release|Any CPU.ActiveCfg = Release|Any CPU
		{AD15351E-AF2E-414A-9A70-96A943FEA55F}.Release|Any CPU.Build.0 = Release|Any CPU
		{AD15351E-AF2E-414A-9A70-96A943FEA55F}.Release|x64.ActiveCfg = Release|Any CPU
		{AD15351E-AF2E-414A-9A70-96A943FEA55F}.Release|x64.Build.0 = Release|Any CPU
		{AD15351E-AF2E-414A-9A70-96A943FEA55F}.Release|x86.ActiveCfg = Release|Any CPU
		{AD15351E-AF2E-414A-9A70-96A943FEA55F}.Release|x86.Build.0 = Release|Any CPU
		{EA441495-D8F4-48B0-84CB-A5250DE7AB92}.Debug (no autogen)|Any CPU.ActiveCfg = Debug|Any CPU
		{EA441495-D8F4-48B0-84CB-A5250DE7AB92}.Debug (no autogen)|Any CPU.Build.0 = Debug|Any CPU
		{EA441495-D8F4-48B0-84CB-A5250DE7AB92}.Debug (no autogen)|x64.ActiveCfg = Debug|Any CPU
		{EA441495-D8F4-48B0-84CB-A5250DE7AB92}.Debug (no autogen)|x64.Build.0 = Debug|Any CPU
		{EA441495-D8F4-48B0-84CB-A5250DE7AB92}.Debug (no autogen)|x86.ActiveCfg = Debug|Any CPU
		{EA441495-D8F4-48B0-84CB-A5250DE7AB92}.Debug (no autogen)|x86.Build.0 = Debug|Any CPU
		{EA441495-D8F4-48B0-84CB-A5250DE7AB92}.Debug|Any CPU.ActiveCfg = Debug|Any CPU
		{EA441495-D8F4-48B0-84CB-A5250DE7AB92}.Debug|Any CPU.Build.0 = Debug|Any CPU
		{EA441495-D8F4-48B0-84CB-A5250DE7AB92}.Debug|x64.ActiveCfg = Debug|Any CPU
		{EA441495-D8F4-48B0-84CB-A5250DE7AB92}.Debug|x64.Build.0 = Debug|Any CPU
		{EA441495-D8F4-48B0-84CB-A5250DE7AB92}.Debug|x86.ActiveCfg = Debug|Any CPU
		{EA441495-D8F4-48B0-84CB-A5250DE7AB92}.Debug|x86.Build.0 = Debug|Any CPU
		{EA441495-D8F4-48B0-84CB-A5250DE7AB92}.Release|Any CPU.ActiveCfg = Release|Any CPU
		{EA441495-D8F4-48B0-84CB-A5250DE7AB92}.Release|Any CPU.Build.0 = Release|Any CPU
		{EA441495-D8F4-48B0-84CB-A5250DE7AB92}.Release|x64.ActiveCfg = Release|Any CPU
		{EA441495-D8F4-48B0-84CB-A5250DE7AB92}.Release|x64.Build.0 = Release|Any CPU
		{EA441495-D8F4-48B0-84CB-A5250DE7AB92}.Release|x86.ActiveCfg = Release|Any CPU
		{EA441495-D8F4-48B0-84CB-A5250DE7AB92}.Release|x86.Build.0 = Release|Any CPU
		{9420AF02-44C5-470C-9DD5-B6D34E2AC0B8}.Debug (no autogen)|Any CPU.ActiveCfg = Debug (no autogen)|Any CPU
		{9420AF02-44C5-470C-9DD5-B6D34E2AC0B8}.Debug (no autogen)|Any CPU.Build.0 = Debug (no autogen)|Any CPU
		{9420AF02-44C5-470C-9DD5-B6D34E2AC0B8}.Debug (no autogen)|x64.ActiveCfg = Debug|Any CPU
		{9420AF02-44C5-470C-9DD5-B6D34E2AC0B8}.Debug (no autogen)|x64.Build.0 = Debug|Any CPU
		{9420AF02-44C5-470C-9DD5-B6D34E2AC0B8}.Debug (no autogen)|x86.ActiveCfg = Debug|Any CPU
		{9420AF02-44C5-470C-9DD5-B6D34E2AC0B8}.Debug (no autogen)|x86.Build.0 = Debug|Any CPU
		{9420AF02-44C5-470C-9DD5-B6D34E2AC0B8}.Debug|Any CPU.ActiveCfg = Debug|Any CPU
		{9420AF02-44C5-470C-9DD5-B6D34E2AC0B8}.Debug|Any CPU.Build.0 = Debug|Any CPU
		{9420AF02-44C5-470C-9DD5-B6D34E2AC0B8}.Debug|x64.ActiveCfg = Debug|Any CPU
		{9420AF02-44C5-470C-9DD5-B6D34E2AC0B8}.Debug|x64.Build.0 = Debug|Any CPU
		{9420AF02-44C5-470C-9DD5-B6D34E2AC0B8}.Debug|x86.ActiveCfg = Debug|Any CPU
		{9420AF02-44C5-470C-9DD5-B6D34E2AC0B8}.Debug|x86.Build.0 = Debug|Any CPU
		{9420AF02-44C5-470C-9DD5-B6D34E2AC0B8}.Release|Any CPU.ActiveCfg = Release|Any CPU
		{9420AF02-44C5-470C-9DD5-B6D34E2AC0B8}.Release|Any CPU.Build.0 = Release|Any CPU
		{9420AF02-44C5-470C-9DD5-B6D34E2AC0B8}.Release|x64.ActiveCfg = Release|Any CPU
		{9420AF02-44C5-470C-9DD5-B6D34E2AC0B8}.Release|x64.Build.0 = Release|Any CPU
		{9420AF02-44C5-470C-9DD5-B6D34E2AC0B8}.Release|x86.ActiveCfg = Release|Any CPU
		{9420AF02-44C5-470C-9DD5-B6D34E2AC0B8}.Release|x86.Build.0 = Release|Any CPU
		{8231F83A-40F0-49A8-A4CF-2F582D957350}.Debug (no autogen)|Any CPU.ActiveCfg = Debug|Any CPU
		{8231F83A-40F0-49A8-A4CF-2F582D957350}.Debug (no autogen)|Any CPU.Build.0 = Debug|Any CPU
		{8231F83A-40F0-49A8-A4CF-2F582D957350}.Debug (no autogen)|x64.ActiveCfg = Debug|Any CPU
		{8231F83A-40F0-49A8-A4CF-2F582D957350}.Debug (no autogen)|x64.Build.0 = Debug|Any CPU
		{8231F83A-40F0-49A8-A4CF-2F582D957350}.Debug (no autogen)|x86.ActiveCfg = Debug|Any CPU
		{8231F83A-40F0-49A8-A4CF-2F582D957350}.Debug (no autogen)|x86.Build.0 = Debug|Any CPU
		{8231F83A-40F0-49A8-A4CF-2F582D957350}.Debug|Any CPU.ActiveCfg = Debug|Any CPU
		{8231F83A-40F0-49A8-A4CF-2F582D957350}.Debug|Any CPU.Build.0 = Debug|Any CPU
		{8231F83A-40F0-49A8-A4CF-2F582D957350}.Debug|x64.ActiveCfg = Debug|Any CPU
		{8231F83A-40F0-49A8-A4CF-2F582D957350}.Debug|x64.Build.0 = Debug|Any CPU
		{8231F83A-40F0-49A8-A4CF-2F582D957350}.Debug|x86.ActiveCfg = Debug|Any CPU
		{8231F83A-40F0-49A8-A4CF-2F582D957350}.Debug|x86.Build.0 = Debug|Any CPU
		{8231F83A-40F0-49A8-A4CF-2F582D957350}.Release|Any CPU.ActiveCfg = Release|Any CPU
		{8231F83A-40F0-49A8-A4CF-2F582D957350}.Release|Any CPU.Build.0 = Release|Any CPU
		{8231F83A-40F0-49A8-A4CF-2F582D957350}.Release|x64.ActiveCfg = Release|Any CPU
		{8231F83A-40F0-49A8-A4CF-2F582D957350}.Release|x64.Build.0 = Release|Any CPU
		{8231F83A-40F0-49A8-A4CF-2F582D957350}.Release|x86.ActiveCfg = Release|Any CPU
		{8231F83A-40F0-49A8-A4CF-2F582D957350}.Release|x86.Build.0 = Release|Any CPU
		{A0095F7D-7CC6-4E7F-9695-8645EAD02E37}.Debug (no autogen)|Any CPU.ActiveCfg = Debug|Any CPU
		{A0095F7D-7CC6-4E7F-9695-8645EAD02E37}.Debug (no autogen)|Any CPU.Build.0 = Debug|Any CPU
		{A0095F7D-7CC6-4E7F-9695-8645EAD02E37}.Debug (no autogen)|x64.ActiveCfg = Debug|Any CPU
		{A0095F7D-7CC6-4E7F-9695-8645EAD02E37}.Debug (no autogen)|x64.Build.0 = Debug|Any CPU
		{A0095F7D-7CC6-4E7F-9695-8645EAD02E37}.Debug (no autogen)|x86.ActiveCfg = Debug|Any CPU
		{A0095F7D-7CC6-4E7F-9695-8645EAD02E37}.Debug (no autogen)|x86.Build.0 = Debug|Any CPU
		{A0095F7D-7CC6-4E7F-9695-8645EAD02E37}.Debug|Any CPU.ActiveCfg = Debug|Any CPU
		{A0095F7D-7CC6-4E7F-9695-8645EAD02E37}.Debug|Any CPU.Build.0 = Debug|Any CPU
		{A0095F7D-7CC6-4E7F-9695-8645EAD02E37}.Debug|x64.ActiveCfg = Debug|Any CPU
		{A0095F7D-7CC6-4E7F-9695-8645EAD02E37}.Debug|x64.Build.0 = Debug|Any CPU
		{A0095F7D-7CC6-4E7F-9695-8645EAD02E37}.Debug|x86.ActiveCfg = Debug|Any CPU
		{A0095F7D-7CC6-4E7F-9695-8645EAD02E37}.Debug|x86.Build.0 = Debug|Any CPU
		{A0095F7D-7CC6-4E7F-9695-8645EAD02E37}.Release|Any CPU.ActiveCfg = Release|Any CPU
		{A0095F7D-7CC6-4E7F-9695-8645EAD02E37}.Release|Any CPU.Build.0 = Release|Any CPU
		{A0095F7D-7CC6-4E7F-9695-8645EAD02E37}.Release|x64.ActiveCfg = Release|Any CPU
		{A0095F7D-7CC6-4E7F-9695-8645EAD02E37}.Release|x64.Build.0 = Release|Any CPU
		{A0095F7D-7CC6-4E7F-9695-8645EAD02E37}.Release|x86.ActiveCfg = Release|Any CPU
		{A0095F7D-7CC6-4E7F-9695-8645EAD02E37}.Release|x86.Build.0 = Release|Any CPU
		{E1FA8AB5-803C-4467-8EA3-6E16C85232AE}.Debug (no autogen)|Any CPU.ActiveCfg = Debug|Any CPU
		{E1FA8AB5-803C-4467-8EA3-6E16C85232AE}.Debug (no autogen)|Any CPU.Build.0 = Debug|Any CPU
		{E1FA8AB5-803C-4467-8EA3-6E16C85232AE}.Debug (no autogen)|x64.ActiveCfg = Debug|Any CPU
		{E1FA8AB5-803C-4467-8EA3-6E16C85232AE}.Debug (no autogen)|x64.Build.0 = Debug|Any CPU
		{E1FA8AB5-803C-4467-8EA3-6E16C85232AE}.Debug (no autogen)|x86.ActiveCfg = Debug|Any CPU
		{E1FA8AB5-803C-4467-8EA3-6E16C85232AE}.Debug (no autogen)|x86.Build.0 = Debug|Any CPU
		{E1FA8AB5-803C-4467-8EA3-6E16C85232AE}.Debug|Any CPU.ActiveCfg = Debug|Any CPU
		{E1FA8AB5-803C-4467-8EA3-6E16C85232AE}.Debug|Any CPU.Build.0 = Debug|Any CPU
		{E1FA8AB5-803C-4467-8EA3-6E16C85232AE}.Debug|x64.ActiveCfg = Debug|Any CPU
		{E1FA8AB5-803C-4467-8EA3-6E16C85232AE}.Debug|x64.Build.0 = Debug|Any CPU
		{E1FA8AB5-803C-4467-8EA3-6E16C85232AE}.Debug|x86.ActiveCfg = Debug|Any CPU
		{E1FA8AB5-803C-4467-8EA3-6E16C85232AE}.Debug|x86.Build.0 = Debug|Any CPU
		{E1FA8AB5-803C-4467-8EA3-6E16C85232AE}.Release|Any CPU.ActiveCfg = Release|Any CPU
		{E1FA8AB5-803C-4467-8EA3-6E16C85232AE}.Release|Any CPU.Build.0 = Release|Any CPU
		{E1FA8AB5-803C-4467-8EA3-6E16C85232AE}.Release|x64.ActiveCfg = Release|Any CPU
		{E1FA8AB5-803C-4467-8EA3-6E16C85232AE}.Release|x64.Build.0 = Release|Any CPU
		{E1FA8AB5-803C-4467-8EA3-6E16C85232AE}.Release|x86.ActiveCfg = Release|Any CPU
		{E1FA8AB5-803C-4467-8EA3-6E16C85232AE}.Release|x86.Build.0 = Release|Any CPU
		{2F45ED0E-31CB-4115-8F27-6EC0B17876B3}.Debug (no autogen)|Any CPU.ActiveCfg = Debug|Any CPU
		{2F45ED0E-31CB-4115-8F27-6EC0B17876B3}.Debug (no autogen)|Any CPU.Build.0 = Debug|Any CPU
		{2F45ED0E-31CB-4115-8F27-6EC0B17876B3}.Debug (no autogen)|x64.ActiveCfg = Debug|Any CPU
		{2F45ED0E-31CB-4115-8F27-6EC0B17876B3}.Debug (no autogen)|x64.Build.0 = Debug|Any CPU
		{2F45ED0E-31CB-4115-8F27-6EC0B17876B3}.Debug (no autogen)|x86.ActiveCfg = Debug|Any CPU
		{2F45ED0E-31CB-4115-8F27-6EC0B17876B3}.Debug (no autogen)|x86.Build.0 = Debug|Any CPU
		{2F45ED0E-31CB-4115-8F27-6EC0B17876B3}.Debug|Any CPU.ActiveCfg = Debug|Any CPU
		{2F45ED0E-31CB-4115-8F27-6EC0B17876B3}.Debug|Any CPU.Build.0 = Debug|Any CPU
		{2F45ED0E-31CB-4115-8F27-6EC0B17876B3}.Debug|x64.ActiveCfg = Debug|Any CPU
		{2F45ED0E-31CB-4115-8F27-6EC0B17876B3}.Debug|x64.Build.0 = Debug|Any CPU
		{2F45ED0E-31CB-4115-8F27-6EC0B17876B3}.Debug|x86.ActiveCfg = Debug|Any CPU
		{2F45ED0E-31CB-4115-8F27-6EC0B17876B3}.Debug|x86.Build.0 = Debug|Any CPU
		{2F45ED0E-31CB-4115-8F27-6EC0B17876B3}.Release|Any CPU.ActiveCfg = Release|Any CPU
		{2F45ED0E-31CB-4115-8F27-6EC0B17876B3}.Release|Any CPU.Build.0 = Release|Any CPU
		{2F45ED0E-31CB-4115-8F27-6EC0B17876B3}.Release|x64.ActiveCfg = Release|Any CPU
		{2F45ED0E-31CB-4115-8F27-6EC0B17876B3}.Release|x64.Build.0 = Release|Any CPU
		{2F45ED0E-31CB-4115-8F27-6EC0B17876B3}.Release|x86.ActiveCfg = Release|Any CPU
		{2F45ED0E-31CB-4115-8F27-6EC0B17876B3}.Release|x86.Build.0 = Release|Any CPU
		{7A484BAF-AB01-488A-853F-C0CE4305BA56}.Debug (no autogen)|Any CPU.ActiveCfg = Debug|Any CPU
		{7A484BAF-AB01-488A-853F-C0CE4305BA56}.Debug (no autogen)|Any CPU.Build.0 = Debug|Any CPU
		{7A484BAF-AB01-488A-853F-C0CE4305BA56}.Debug (no autogen)|x64.ActiveCfg = Debug|Any CPU
		{7A484BAF-AB01-488A-853F-C0CE4305BA56}.Debug (no autogen)|x64.Build.0 = Debug|Any CPU
		{7A484BAF-AB01-488A-853F-C0CE4305BA56}.Debug (no autogen)|x86.ActiveCfg = Debug|Any CPU
		{7A484BAF-AB01-488A-853F-C0CE4305BA56}.Debug (no autogen)|x86.Build.0 = Debug|Any CPU
		{7A484BAF-AB01-488A-853F-C0CE4305BA56}.Debug|Any CPU.ActiveCfg = Debug|Any CPU
		{7A484BAF-AB01-488A-853F-C0CE4305BA56}.Debug|Any CPU.Build.0 = Debug|Any CPU
		{7A484BAF-AB01-488A-853F-C0CE4305BA56}.Debug|x64.ActiveCfg = Debug|Any CPU
		{7A484BAF-AB01-488A-853F-C0CE4305BA56}.Debug|x64.Build.0 = Debug|Any CPU
		{7A484BAF-AB01-488A-853F-C0CE4305BA56}.Debug|x86.ActiveCfg = Debug|Any CPU
		{7A484BAF-AB01-488A-853F-C0CE4305BA56}.Debug|x86.Build.0 = Debug|Any CPU
		{7A484BAF-AB01-488A-853F-C0CE4305BA56}.Release|Any CPU.ActiveCfg = Release|Any CPU
		{7A484BAF-AB01-488A-853F-C0CE4305BA56}.Release|Any CPU.Build.0 = Release|Any CPU
		{7A484BAF-AB01-488A-853F-C0CE4305BA56}.Release|x64.ActiveCfg = Release|Any CPU
		{7A484BAF-AB01-488A-853F-C0CE4305BA56}.Release|x64.Build.0 = Release|Any CPU
		{7A484BAF-AB01-488A-853F-C0CE4305BA56}.Release|x86.ActiveCfg = Release|Any CPU
		{7A484BAF-AB01-488A-853F-C0CE4305BA56}.Release|x86.Build.0 = Release|Any CPU
		{BBB70951-5692-44F2-BD04-C1E150D970FD}.Debug (no autogen)|Any CPU.ActiveCfg = Debug|Any CPU
		{BBB70951-5692-44F2-BD04-C1E150D970FD}.Debug (no autogen)|Any CPU.Build.0 = Debug|Any CPU
		{BBB70951-5692-44F2-BD04-C1E150D970FD}.Debug (no autogen)|x64.ActiveCfg = Debug|Any CPU
		{BBB70951-5692-44F2-BD04-C1E150D970FD}.Debug (no autogen)|x64.Build.0 = Debug|Any CPU
		{BBB70951-5692-44F2-BD04-C1E150D970FD}.Debug (no autogen)|x86.ActiveCfg = Debug|Any CPU
		{BBB70951-5692-44F2-BD04-C1E150D970FD}.Debug (no autogen)|x86.Build.0 = Debug|Any CPU
		{BBB70951-5692-44F2-BD04-C1E150D970FD}.Debug|Any CPU.ActiveCfg = Debug|Any CPU
		{BBB70951-5692-44F2-BD04-C1E150D970FD}.Debug|Any CPU.Build.0 = Debug|Any CPU
		{BBB70951-5692-44F2-BD04-C1E150D970FD}.Debug|x64.ActiveCfg = Debug|Any CPU
		{BBB70951-5692-44F2-BD04-C1E150D970FD}.Debug|x64.Build.0 = Debug|Any CPU
		{BBB70951-5692-44F2-BD04-C1E150D970FD}.Debug|x86.ActiveCfg = Debug|Any CPU
		{BBB70951-5692-44F2-BD04-C1E150D970FD}.Debug|x86.Build.0 = Debug|Any CPU
		{BBB70951-5692-44F2-BD04-C1E150D970FD}.Release|Any CPU.ActiveCfg = Release|Any CPU
		{BBB70951-5692-44F2-BD04-C1E150D970FD}.Release|Any CPU.Build.0 = Release|Any CPU
		{BBB70951-5692-44F2-BD04-C1E150D970FD}.Release|x64.ActiveCfg = Release|Any CPU
		{BBB70951-5692-44F2-BD04-C1E150D970FD}.Release|x64.Build.0 = Release|Any CPU
		{BBB70951-5692-44F2-BD04-C1E150D970FD}.Release|x86.ActiveCfg = Release|Any CPU
		{BBB70951-5692-44F2-BD04-C1E150D970FD}.Release|x86.Build.0 = Release|Any CPU
		{868F2E9D-DC2A-4B3E-8708-CD494DBE37E3}.Debug (no autogen)|Any CPU.ActiveCfg = Debug|Any CPU
		{868F2E9D-DC2A-4B3E-8708-CD494DBE37E3}.Debug (no autogen)|Any CPU.Build.0 = Debug|Any CPU
		{868F2E9D-DC2A-4B3E-8708-CD494DBE37E3}.Debug (no autogen)|x64.ActiveCfg = Debug|Any CPU
		{868F2E9D-DC2A-4B3E-8708-CD494DBE37E3}.Debug (no autogen)|x64.Build.0 = Debug|Any CPU
		{868F2E9D-DC2A-4B3E-8708-CD494DBE37E3}.Debug (no autogen)|x86.ActiveCfg = Debug|Any CPU
		{868F2E9D-DC2A-4B3E-8708-CD494DBE37E3}.Debug (no autogen)|x86.Build.0 = Debug|Any CPU
		{868F2E9D-DC2A-4B3E-8708-CD494DBE37E3}.Debug|Any CPU.ActiveCfg = Debug|Any CPU
		{868F2E9D-DC2A-4B3E-8708-CD494DBE37E3}.Debug|Any CPU.Build.0 = Debug|Any CPU
		{868F2E9D-DC2A-4B3E-8708-CD494DBE37E3}.Debug|x64.ActiveCfg = Debug|Any CPU
		{868F2E9D-DC2A-4B3E-8708-CD494DBE37E3}.Debug|x64.Build.0 = Debug|Any CPU
		{868F2E9D-DC2A-4B3E-8708-CD494DBE37E3}.Debug|x86.ActiveCfg = Debug|Any CPU
		{868F2E9D-DC2A-4B3E-8708-CD494DBE37E3}.Debug|x86.Build.0 = Debug|Any CPU
		{868F2E9D-DC2A-4B3E-8708-CD494DBE37E3}.Release|Any CPU.ActiveCfg = Release|Any CPU
		{868F2E9D-DC2A-4B3E-8708-CD494DBE37E3}.Release|Any CPU.Build.0 = Release|Any CPU
		{868F2E9D-DC2A-4B3E-8708-CD494DBE37E3}.Release|x64.ActiveCfg = Release|Any CPU
		{868F2E9D-DC2A-4B3E-8708-CD494DBE37E3}.Release|x64.Build.0 = Release|Any CPU
		{868F2E9D-DC2A-4B3E-8708-CD494DBE37E3}.Release|x86.ActiveCfg = Release|Any CPU
		{868F2E9D-DC2A-4B3E-8708-CD494DBE37E3}.Release|x86.Build.0 = Release|Any CPU
		{73086AC9-1316-4FFC-AA5D-0A50C132456A}.Debug (no autogen)|Any CPU.ActiveCfg = Debug|Any CPU
		{73086AC9-1316-4FFC-AA5D-0A50C132456A}.Debug (no autogen)|Any CPU.Build.0 = Debug|Any CPU
		{73086AC9-1316-4FFC-AA5D-0A50C132456A}.Debug (no autogen)|x64.ActiveCfg = Debug|Any CPU
		{73086AC9-1316-4FFC-AA5D-0A50C132456A}.Debug (no autogen)|x64.Build.0 = Debug|Any CPU
		{73086AC9-1316-4FFC-AA5D-0A50C132456A}.Debug (no autogen)|x86.ActiveCfg = Debug|Any CPU
		{73086AC9-1316-4FFC-AA5D-0A50C132456A}.Debug (no autogen)|x86.Build.0 = Debug|Any CPU
		{73086AC9-1316-4FFC-AA5D-0A50C132456A}.Debug|Any CPU.ActiveCfg = Debug|Any CPU
		{73086AC9-1316-4FFC-AA5D-0A50C132456A}.Debug|Any CPU.Build.0 = Debug|Any CPU
		{73086AC9-1316-4FFC-AA5D-0A50C132456A}.Debug|x64.ActiveCfg = Debug|Any CPU
		{73086AC9-1316-4FFC-AA5D-0A50C132456A}.Debug|x64.Build.0 = Debug|Any CPU
		{73086AC9-1316-4FFC-AA5D-0A50C132456A}.Debug|x86.ActiveCfg = Debug|Any CPU
		{73086AC9-1316-4FFC-AA5D-0A50C132456A}.Debug|x86.Build.0 = Debug|Any CPU
		{73086AC9-1316-4FFC-AA5D-0A50C132456A}.Release|Any CPU.ActiveCfg = Release|Any CPU
		{73086AC9-1316-4FFC-AA5D-0A50C132456A}.Release|Any CPU.Build.0 = Release|Any CPU
		{73086AC9-1316-4FFC-AA5D-0A50C132456A}.Release|x64.ActiveCfg = Release|Any CPU
		{73086AC9-1316-4FFC-AA5D-0A50C132456A}.Release|x64.Build.0 = Release|Any CPU
		{73086AC9-1316-4FFC-AA5D-0A50C132456A}.Release|x86.ActiveCfg = Release|Any CPU
		{73086AC9-1316-4FFC-AA5D-0A50C132456A}.Release|x86.Build.0 = Release|Any CPU
		{DF20E4C3-CFC8-4517-9ECE-788EA86A2275}.Debug (no autogen)|Any CPU.ActiveCfg = Debug|Any CPU
		{DF20E4C3-CFC8-4517-9ECE-788EA86A2275}.Debug (no autogen)|Any CPU.Build.0 = Debug|Any CPU
		{DF20E4C3-CFC8-4517-9ECE-788EA86A2275}.Debug (no autogen)|x64.ActiveCfg = Debug|Any CPU
		{DF20E4C3-CFC8-4517-9ECE-788EA86A2275}.Debug (no autogen)|x64.Build.0 = Debug|Any CPU
		{DF20E4C3-CFC8-4517-9ECE-788EA86A2275}.Debug (no autogen)|x86.ActiveCfg = Debug|Any CPU
		{DF20E4C3-CFC8-4517-9ECE-788EA86A2275}.Debug (no autogen)|x86.Build.0 = Debug|Any CPU
		{DF20E4C3-CFC8-4517-9ECE-788EA86A2275}.Debug|Any CPU.ActiveCfg = Debug|Any CPU
		{DF20E4C3-CFC8-4517-9ECE-788EA86A2275}.Debug|Any CPU.Build.0 = Debug|Any CPU
		{DF20E4C3-CFC8-4517-9ECE-788EA86A2275}.Debug|x64.ActiveCfg = Debug|Any CPU
		{DF20E4C3-CFC8-4517-9ECE-788EA86A2275}.Debug|x64.Build.0 = Debug|Any CPU
		{DF20E4C3-CFC8-4517-9ECE-788EA86A2275}.Debug|x86.ActiveCfg = Debug|Any CPU
		{DF20E4C3-CFC8-4517-9ECE-788EA86A2275}.Debug|x86.Build.0 = Debug|Any CPU
		{DF20E4C3-CFC8-4517-9ECE-788EA86A2275}.Release|Any CPU.ActiveCfg = Release|Any CPU
		{DF20E4C3-CFC8-4517-9ECE-788EA86A2275}.Release|Any CPU.Build.0 = Release|Any CPU
		{DF20E4C3-CFC8-4517-9ECE-788EA86A2275}.Release|x64.ActiveCfg = Release|Any CPU
		{DF20E4C3-CFC8-4517-9ECE-788EA86A2275}.Release|x64.Build.0 = Release|Any CPU
		{DF20E4C3-CFC8-4517-9ECE-788EA86A2275}.Release|x86.ActiveCfg = Release|Any CPU
		{DF20E4C3-CFC8-4517-9ECE-788EA86A2275}.Release|x86.Build.0 = Release|Any CPU
		{8B0B44AB-011D-4279-BF77-D189CAF6BF3A}.Debug (no autogen)|Any CPU.ActiveCfg = Debug|Any CPU
		{8B0B44AB-011D-4279-BF77-D189CAF6BF3A}.Debug (no autogen)|Any CPU.Build.0 = Debug|Any CPU
		{8B0B44AB-011D-4279-BF77-D189CAF6BF3A}.Debug (no autogen)|x64.ActiveCfg = Debug|Any CPU
		{8B0B44AB-011D-4279-BF77-D189CAF6BF3A}.Debug (no autogen)|x64.Build.0 = Debug|Any CPU
		{8B0B44AB-011D-4279-BF77-D189CAF6BF3A}.Debug (no autogen)|x86.ActiveCfg = Debug|Any CPU
		{8B0B44AB-011D-4279-BF77-D189CAF6BF3A}.Debug (no autogen)|x86.Build.0 = Debug|Any CPU
		{8B0B44AB-011D-4279-BF77-D189CAF6BF3A}.Debug|Any CPU.ActiveCfg = Debug|Any CPU
		{8B0B44AB-011D-4279-BF77-D189CAF6BF3A}.Debug|Any CPU.Build.0 = Debug|Any CPU
		{8B0B44AB-011D-4279-BF77-D189CAF6BF3A}.Debug|x64.ActiveCfg = Debug|Any CPU
		{8B0B44AB-011D-4279-BF77-D189CAF6BF3A}.Debug|x64.Build.0 = Debug|Any CPU
		{8B0B44AB-011D-4279-BF77-D189CAF6BF3A}.Debug|x86.ActiveCfg = Debug|Any CPU
		{8B0B44AB-011D-4279-BF77-D189CAF6BF3A}.Debug|x86.Build.0 = Debug|Any CPU
		{8B0B44AB-011D-4279-BF77-D189CAF6BF3A}.Release|Any CPU.ActiveCfg = Release|Any CPU
		{8B0B44AB-011D-4279-BF77-D189CAF6BF3A}.Release|Any CPU.Build.0 = Release|Any CPU
		{8B0B44AB-011D-4279-BF77-D189CAF6BF3A}.Release|x64.ActiveCfg = Release|Any CPU
		{8B0B44AB-011D-4279-BF77-D189CAF6BF3A}.Release|x64.Build.0 = Release|Any CPU
		{8B0B44AB-011D-4279-BF77-D189CAF6BF3A}.Release|x86.ActiveCfg = Release|Any CPU
		{8B0B44AB-011D-4279-BF77-D189CAF6BF3A}.Release|x86.Build.0 = Release|Any CPU
		{6A1B4468-5DF1-48ED-8887-E1A5A1814056}.Debug (no autogen)|Any CPU.ActiveCfg = Debug|Any CPU
		{6A1B4468-5DF1-48ED-8887-E1A5A1814056}.Debug (no autogen)|Any CPU.Build.0 = Debug|Any CPU
		{6A1B4468-5DF1-48ED-8887-E1A5A1814056}.Debug (no autogen)|x64.ActiveCfg = Debug|Any CPU
		{6A1B4468-5DF1-48ED-8887-E1A5A1814056}.Debug (no autogen)|x64.Build.0 = Debug|Any CPU
		{6A1B4468-5DF1-48ED-8887-E1A5A1814056}.Debug (no autogen)|x86.ActiveCfg = Debug|Any CPU
		{6A1B4468-5DF1-48ED-8887-E1A5A1814056}.Debug (no autogen)|x86.Build.0 = Debug|Any CPU
		{6A1B4468-5DF1-48ED-8887-E1A5A1814056}.Debug|Any CPU.ActiveCfg = Debug|Any CPU
		{6A1B4468-5DF1-48ED-8887-E1A5A1814056}.Debug|Any CPU.Build.0 = Debug|Any CPU
		{6A1B4468-5DF1-48ED-8887-E1A5A1814056}.Debug|x64.ActiveCfg = Debug|Any CPU
		{6A1B4468-5DF1-48ED-8887-E1A5A1814056}.Debug|x64.Build.0 = Debug|Any CPU
		{6A1B4468-5DF1-48ED-8887-E1A5A1814056}.Debug|x86.ActiveCfg = Debug|Any CPU
		{6A1B4468-5DF1-48ED-8887-E1A5A1814056}.Debug|x86.Build.0 = Debug|Any CPU
		{6A1B4468-5DF1-48ED-8887-E1A5A1814056}.Release|Any CPU.ActiveCfg = Release|Any CPU
		{6A1B4468-5DF1-48ED-8887-E1A5A1814056}.Release|Any CPU.Build.0 = Release|Any CPU
		{6A1B4468-5DF1-48ED-8887-E1A5A1814056}.Release|x64.ActiveCfg = Release|Any CPU
		{6A1B4468-5DF1-48ED-8887-E1A5A1814056}.Release|x64.Build.0 = Release|Any CPU
		{6A1B4468-5DF1-48ED-8887-E1A5A1814056}.Release|x86.ActiveCfg = Release|Any CPU
		{6A1B4468-5DF1-48ED-8887-E1A5A1814056}.Release|x86.Build.0 = Release|Any CPU
		{2DB8ED5C-7C80-46D6-9857-A5784316A35B}.Debug (no autogen)|Any CPU.ActiveCfg = Debug|Any CPU
		{2DB8ED5C-7C80-46D6-9857-A5784316A35B}.Debug (no autogen)|Any CPU.Build.0 = Debug|Any CPU
		{2DB8ED5C-7C80-46D6-9857-A5784316A35B}.Debug (no autogen)|x64.ActiveCfg = Debug|Any CPU
		{2DB8ED5C-7C80-46D6-9857-A5784316A35B}.Debug (no autogen)|x64.Build.0 = Debug|Any CPU
		{2DB8ED5C-7C80-46D6-9857-A5784316A35B}.Debug (no autogen)|x86.ActiveCfg = Debug|Any CPU
		{2DB8ED5C-7C80-46D6-9857-A5784316A35B}.Debug (no autogen)|x86.Build.0 = Debug|Any CPU
		{2DB8ED5C-7C80-46D6-9857-A5784316A35B}.Debug|Any CPU.ActiveCfg = Debug|Any CPU
		{2DB8ED5C-7C80-46D6-9857-A5784316A35B}.Debug|Any CPU.Build.0 = Debug|Any CPU
		{2DB8ED5C-7C80-46D6-9857-A5784316A35B}.Debug|x64.ActiveCfg = Debug|Any CPU
		{2DB8ED5C-7C80-46D6-9857-A5784316A35B}.Debug|x64.Build.0 = Debug|Any CPU
		{2DB8ED5C-7C80-46D6-9857-A5784316A35B}.Debug|x86.ActiveCfg = Debug|Any CPU
		{2DB8ED5C-7C80-46D6-9857-A5784316A35B}.Debug|x86.Build.0 = Debug|Any CPU
		{2DB8ED5C-7C80-46D6-9857-A5784316A35B}.Release|Any CPU.ActiveCfg = Release|Any CPU
		{2DB8ED5C-7C80-46D6-9857-A5784316A35B}.Release|Any CPU.Build.0 = Release|Any CPU
		{2DB8ED5C-7C80-46D6-9857-A5784316A35B}.Release|x64.ActiveCfg = Release|Any CPU
		{2DB8ED5C-7C80-46D6-9857-A5784316A35B}.Release|x64.Build.0 = Release|Any CPU
		{2DB8ED5C-7C80-46D6-9857-A5784316A35B}.Release|x86.ActiveCfg = Release|Any CPU
		{2DB8ED5C-7C80-46D6-9857-A5784316A35B}.Release|x86.Build.0 = Release|Any CPU
		{FCB1F3A9-B317-403E-8A8E-B26D21DF795D}.Debug (no autogen)|Any CPU.ActiveCfg = Debug|Any CPU
		{FCB1F3A9-B317-403E-8A8E-B26D21DF795D}.Debug (no autogen)|Any CPU.Build.0 = Debug|Any CPU
		{FCB1F3A9-B317-403E-8A8E-B26D21DF795D}.Debug (no autogen)|x64.ActiveCfg = Debug|Any CPU
		{FCB1F3A9-B317-403E-8A8E-B26D21DF795D}.Debug (no autogen)|x64.Build.0 = Debug|Any CPU
		{FCB1F3A9-B317-403E-8A8E-B26D21DF795D}.Debug (no autogen)|x86.ActiveCfg = Debug|Any CPU
		{FCB1F3A9-B317-403E-8A8E-B26D21DF795D}.Debug (no autogen)|x86.Build.0 = Debug|Any CPU
		{FCB1F3A9-B317-403E-8A8E-B26D21DF795D}.Debug|Any CPU.ActiveCfg = Debug|Any CPU
		{FCB1F3A9-B317-403E-8A8E-B26D21DF795D}.Debug|Any CPU.Build.0 = Debug|Any CPU
		{FCB1F3A9-B317-403E-8A8E-B26D21DF795D}.Debug|x64.ActiveCfg = Debug|Any CPU
		{FCB1F3A9-B317-403E-8A8E-B26D21DF795D}.Debug|x64.Build.0 = Debug|Any CPU
		{FCB1F3A9-B317-403E-8A8E-B26D21DF795D}.Debug|x86.ActiveCfg = Debug|Any CPU
		{FCB1F3A9-B317-403E-8A8E-B26D21DF795D}.Debug|x86.Build.0 = Debug|Any CPU
		{FCB1F3A9-B317-403E-8A8E-B26D21DF795D}.Release|Any CPU.ActiveCfg = Release|Any CPU
		{FCB1F3A9-B317-403E-8A8E-B26D21DF795D}.Release|Any CPU.Build.0 = Release|Any CPU
		{FCB1F3A9-B317-403E-8A8E-B26D21DF795D}.Release|x64.ActiveCfg = Release|Any CPU
		{FCB1F3A9-B317-403E-8A8E-B26D21DF795D}.Release|x64.Build.0 = Release|Any CPU
		{FCB1F3A9-B317-403E-8A8E-B26D21DF795D}.Release|x86.ActiveCfg = Release|Any CPU
		{FCB1F3A9-B317-403E-8A8E-B26D21DF795D}.Release|x86.Build.0 = Release|Any CPU
		{592A747E-A69F-440A-BE35-19995FB06DCF}.Debug (no autogen)|Any CPU.ActiveCfg = Debug|Any CPU
		{592A747E-A69F-440A-BE35-19995FB06DCF}.Debug (no autogen)|Any CPU.Build.0 = Debug|Any CPU
		{592A747E-A69F-440A-BE35-19995FB06DCF}.Debug (no autogen)|x64.ActiveCfg = Debug|Any CPU
		{592A747E-A69F-440A-BE35-19995FB06DCF}.Debug (no autogen)|x64.Build.0 = Debug|Any CPU
		{592A747E-A69F-440A-BE35-19995FB06DCF}.Debug (no autogen)|x86.ActiveCfg = Debug|Any CPU
		{592A747E-A69F-440A-BE35-19995FB06DCF}.Debug (no autogen)|x86.Build.0 = Debug|Any CPU
		{592A747E-A69F-440A-BE35-19995FB06DCF}.Debug|Any CPU.ActiveCfg = Debug|Any CPU
		{592A747E-A69F-440A-BE35-19995FB06DCF}.Debug|Any CPU.Build.0 = Debug|Any CPU
		{592A747E-A69F-440A-BE35-19995FB06DCF}.Debug|x64.ActiveCfg = Debug|Any CPU
		{592A747E-A69F-440A-BE35-19995FB06DCF}.Debug|x64.Build.0 = Debug|Any CPU
		{592A747E-A69F-440A-BE35-19995FB06DCF}.Debug|x86.ActiveCfg = Debug|Any CPU
		{592A747E-A69F-440A-BE35-19995FB06DCF}.Debug|x86.Build.0 = Debug|Any CPU
		{592A747E-A69F-440A-BE35-19995FB06DCF}.Release|Any CPU.ActiveCfg = Release|Any CPU
		{592A747E-A69F-440A-BE35-19995FB06DCF}.Release|Any CPU.Build.0 = Release|Any CPU
		{592A747E-A69F-440A-BE35-19995FB06DCF}.Release|x64.ActiveCfg = Release|Any CPU
		{592A747E-A69F-440A-BE35-19995FB06DCF}.Release|x64.Build.0 = Release|Any CPU
		{592A747E-A69F-440A-BE35-19995FB06DCF}.Release|x86.ActiveCfg = Release|Any CPU
		{592A747E-A69F-440A-BE35-19995FB06DCF}.Release|x86.Build.0 = Release|Any CPU
		{164C8A20-CBA3-418F-A314-2DA98CB88447}.Debug (no autogen)|Any CPU.ActiveCfg = Debug|Any CPU
		{164C8A20-CBA3-418F-A314-2DA98CB88447}.Debug (no autogen)|Any CPU.Build.0 = Debug|Any CPU
		{164C8A20-CBA3-418F-A314-2DA98CB88447}.Debug (no autogen)|x64.ActiveCfg = Debug|Any CPU
		{164C8A20-CBA3-418F-A314-2DA98CB88447}.Debug (no autogen)|x64.Build.0 = Debug|Any CPU
		{164C8A20-CBA3-418F-A314-2DA98CB88447}.Debug (no autogen)|x86.ActiveCfg = Debug|Any CPU
		{164C8A20-CBA3-418F-A314-2DA98CB88447}.Debug (no autogen)|x86.Build.0 = Debug|Any CPU
		{164C8A20-CBA3-418F-A314-2DA98CB88447}.Debug|Any CPU.ActiveCfg = Debug|Any CPU
		{164C8A20-CBA3-418F-A314-2DA98CB88447}.Debug|Any CPU.Build.0 = Debug|Any CPU
		{164C8A20-CBA3-418F-A314-2DA98CB88447}.Debug|x64.ActiveCfg = Debug|Any CPU
		{164C8A20-CBA3-418F-A314-2DA98CB88447}.Debug|x64.Build.0 = Debug|Any CPU
		{164C8A20-CBA3-418F-A314-2DA98CB88447}.Debug|x86.ActiveCfg = Debug|Any CPU
		{164C8A20-CBA3-418F-A314-2DA98CB88447}.Debug|x86.Build.0 = Debug|Any CPU
		{164C8A20-CBA3-418F-A314-2DA98CB88447}.Release|Any CPU.ActiveCfg = Release|Any CPU
		{164C8A20-CBA3-418F-A314-2DA98CB88447}.Release|Any CPU.Build.0 = Release|Any CPU
		{164C8A20-CBA3-418F-A314-2DA98CB88447}.Release|x64.ActiveCfg = Release|Any CPU
		{164C8A20-CBA3-418F-A314-2DA98CB88447}.Release|x64.Build.0 = Release|Any CPU
		{164C8A20-CBA3-418F-A314-2DA98CB88447}.Release|x86.ActiveCfg = Release|Any CPU
		{164C8A20-CBA3-418F-A314-2DA98CB88447}.Release|x86.Build.0 = Release|Any CPU
		{44BBC69C-3432-4336-B613-10A22BFEEAE5}.Debug (no autogen)|Any CPU.ActiveCfg = Debug|Any CPU
		{44BBC69C-3432-4336-B613-10A22BFEEAE5}.Debug (no autogen)|Any CPU.Build.0 = Debug|Any CPU
		{44BBC69C-3432-4336-B613-10A22BFEEAE5}.Debug (no autogen)|x64.ActiveCfg = Debug|Any CPU
		{44BBC69C-3432-4336-B613-10A22BFEEAE5}.Debug (no autogen)|x64.Build.0 = Debug|Any CPU
		{44BBC69C-3432-4336-B613-10A22BFEEAE5}.Debug (no autogen)|x86.ActiveCfg = Debug|Any CPU
		{44BBC69C-3432-4336-B613-10A22BFEEAE5}.Debug (no autogen)|x86.Build.0 = Debug|Any CPU
		{44BBC69C-3432-4336-B613-10A22BFEEAE5}.Debug|Any CPU.ActiveCfg = Debug|Any CPU
		{44BBC69C-3432-4336-B613-10A22BFEEAE5}.Debug|Any CPU.Build.0 = Debug|Any CPU
		{44BBC69C-3432-4336-B613-10A22BFEEAE5}.Debug|x64.ActiveCfg = Debug|Any CPU
		{44BBC69C-3432-4336-B613-10A22BFEEAE5}.Debug|x64.Build.0 = Debug|Any CPU
		{44BBC69C-3432-4336-B613-10A22BFEEAE5}.Debug|x86.ActiveCfg = Debug|Any CPU
		{44BBC69C-3432-4336-B613-10A22BFEEAE5}.Debug|x86.Build.0 = Debug|Any CPU
		{44BBC69C-3432-4336-B613-10A22BFEEAE5}.Release|Any CPU.ActiveCfg = Release|Any CPU
		{44BBC69C-3432-4336-B613-10A22BFEEAE5}.Release|Any CPU.Build.0 = Release|Any CPU
		{44BBC69C-3432-4336-B613-10A22BFEEAE5}.Release|x64.ActiveCfg = Release|Any CPU
		{44BBC69C-3432-4336-B613-10A22BFEEAE5}.Release|x64.Build.0 = Release|Any CPU
		{44BBC69C-3432-4336-B613-10A22BFEEAE5}.Release|x86.ActiveCfg = Release|Any CPU
		{44BBC69C-3432-4336-B613-10A22BFEEAE5}.Release|x86.Build.0 = Release|Any CPU
		{A68EB013-A099-4C29-BCEE-B9C34AD54163}.Debug (no autogen)|Any CPU.ActiveCfg = Debug|Any CPU
		{A68EB013-A099-4C29-BCEE-B9C34AD54163}.Debug (no autogen)|Any CPU.Build.0 = Debug|Any CPU
		{A68EB013-A099-4C29-BCEE-B9C34AD54163}.Debug (no autogen)|x64.ActiveCfg = Debug|Any CPU
		{A68EB013-A099-4C29-BCEE-B9C34AD54163}.Debug (no autogen)|x64.Build.0 = Debug|Any CPU
		{A68EB013-A099-4C29-BCEE-B9C34AD54163}.Debug (no autogen)|x86.ActiveCfg = Debug|Any CPU
		{A68EB013-A099-4C29-BCEE-B9C34AD54163}.Debug (no autogen)|x86.Build.0 = Debug|Any CPU
		{A68EB013-A099-4C29-BCEE-B9C34AD54163}.Debug|Any CPU.ActiveCfg = Debug|Any CPU
		{A68EB013-A099-4C29-BCEE-B9C34AD54163}.Debug|Any CPU.Build.0 = Debug|Any CPU
		{A68EB013-A099-4C29-BCEE-B9C34AD54163}.Debug|x64.ActiveCfg = Debug|Any CPU
		{A68EB013-A099-4C29-BCEE-B9C34AD54163}.Debug|x64.Build.0 = Debug|Any CPU
		{A68EB013-A099-4C29-BCEE-B9C34AD54163}.Debug|x86.ActiveCfg = Debug|Any CPU
		{A68EB013-A099-4C29-BCEE-B9C34AD54163}.Debug|x86.Build.0 = Debug|Any CPU
		{A68EB013-A099-4C29-BCEE-B9C34AD54163}.Release|Any CPU.ActiveCfg = Release|Any CPU
		{A68EB013-A099-4C29-BCEE-B9C34AD54163}.Release|Any CPU.Build.0 = Release|Any CPU
		{A68EB013-A099-4C29-BCEE-B9C34AD54163}.Release|x64.ActiveCfg = Release|Any CPU
		{A68EB013-A099-4C29-BCEE-B9C34AD54163}.Release|x64.Build.0 = Release|Any CPU
		{A68EB013-A099-4C29-BCEE-B9C34AD54163}.Release|x86.ActiveCfg = Release|Any CPU
		{A68EB013-A099-4C29-BCEE-B9C34AD54163}.Release|x86.Build.0 = Release|Any CPU
		{04E9D769-6A61-419E-BF8B-8E0F5AFC8A2D}.Debug (no autogen)|Any CPU.ActiveCfg = Debug|Any CPU
		{04E9D769-6A61-419E-BF8B-8E0F5AFC8A2D}.Debug (no autogen)|Any CPU.Build.0 = Debug|Any CPU
		{04E9D769-6A61-419E-BF8B-8E0F5AFC8A2D}.Debug (no autogen)|x64.ActiveCfg = Debug|Any CPU
		{04E9D769-6A61-419E-BF8B-8E0F5AFC8A2D}.Debug (no autogen)|x64.Build.0 = Debug|Any CPU
		{04E9D769-6A61-419E-BF8B-8E0F5AFC8A2D}.Debug (no autogen)|x86.ActiveCfg = Debug|Any CPU
		{04E9D769-6A61-419E-BF8B-8E0F5AFC8A2D}.Debug (no autogen)|x86.Build.0 = Debug|Any CPU
		{04E9D769-6A61-419E-BF8B-8E0F5AFC8A2D}.Debug|Any CPU.ActiveCfg = Debug|Any CPU
		{04E9D769-6A61-419E-BF8B-8E0F5AFC8A2D}.Debug|Any CPU.Build.0 = Debug|Any CPU
		{04E9D769-6A61-419E-BF8B-8E0F5AFC8A2D}.Debug|x64.ActiveCfg = Debug|Any CPU
		{04E9D769-6A61-419E-BF8B-8E0F5AFC8A2D}.Debug|x64.Build.0 = Debug|Any CPU
		{04E9D769-6A61-419E-BF8B-8E0F5AFC8A2D}.Debug|x86.ActiveCfg = Debug|Any CPU
		{04E9D769-6A61-419E-BF8B-8E0F5AFC8A2D}.Debug|x86.Build.0 = Debug|Any CPU
		{04E9D769-6A61-419E-BF8B-8E0F5AFC8A2D}.Release|Any CPU.ActiveCfg = Release|Any CPU
		{04E9D769-6A61-419E-BF8B-8E0F5AFC8A2D}.Release|Any CPU.Build.0 = Release|Any CPU
		{04E9D769-6A61-419E-BF8B-8E0F5AFC8A2D}.Release|x64.ActiveCfg = Release|Any CPU
		{04E9D769-6A61-419E-BF8B-8E0F5AFC8A2D}.Release|x64.Build.0 = Release|Any CPU
		{04E9D769-6A61-419E-BF8B-8E0F5AFC8A2D}.Release|x86.ActiveCfg = Release|Any CPU
		{04E9D769-6A61-419E-BF8B-8E0F5AFC8A2D}.Release|x86.Build.0 = Release|Any CPU
		{D4C0F7F0-C52B-45B1-B92E-3B84CA80955B}.Debug (no autogen)|Any CPU.ActiveCfg = Debug|Any CPU
		{D4C0F7F0-C52B-45B1-B92E-3B84CA80955B}.Debug (no autogen)|Any CPU.Build.0 = Debug|Any CPU
		{D4C0F7F0-C52B-45B1-B92E-3B84CA80955B}.Debug (no autogen)|x64.ActiveCfg = Debug|Any CPU
		{D4C0F7F0-C52B-45B1-B92E-3B84CA80955B}.Debug (no autogen)|x64.Build.0 = Debug|Any CPU
		{D4C0F7F0-C52B-45B1-B92E-3B84CA80955B}.Debug (no autogen)|x86.ActiveCfg = Debug|Any CPU
		{D4C0F7F0-C52B-45B1-B92E-3B84CA80955B}.Debug (no autogen)|x86.Build.0 = Debug|Any CPU
		{D4C0F7F0-C52B-45B1-B92E-3B84CA80955B}.Debug|Any CPU.ActiveCfg = Debug|Any CPU
		{D4C0F7F0-C52B-45B1-B92E-3B84CA80955B}.Debug|Any CPU.Build.0 = Debug|Any CPU
		{D4C0F7F0-C52B-45B1-B92E-3B84CA80955B}.Debug|x64.ActiveCfg = Debug|Any CPU
		{D4C0F7F0-C52B-45B1-B92E-3B84CA80955B}.Debug|x64.Build.0 = Debug|Any CPU
		{D4C0F7F0-C52B-45B1-B92E-3B84CA80955B}.Debug|x86.ActiveCfg = Debug|Any CPU
		{D4C0F7F0-C52B-45B1-B92E-3B84CA80955B}.Debug|x86.Build.0 = Debug|Any CPU
		{D4C0F7F0-C52B-45B1-B92E-3B84CA80955B}.Release|Any CPU.ActiveCfg = Release|Any CPU
		{D4C0F7F0-C52B-45B1-B92E-3B84CA80955B}.Release|Any CPU.Build.0 = Release|Any CPU
		{D4C0F7F0-C52B-45B1-B92E-3B84CA80955B}.Release|x64.ActiveCfg = Release|Any CPU
		{D4C0F7F0-C52B-45B1-B92E-3B84CA80955B}.Release|x64.Build.0 = Release|Any CPU
		{D4C0F7F0-C52B-45B1-B92E-3B84CA80955B}.Release|x86.ActiveCfg = Release|Any CPU
		{D4C0F7F0-C52B-45B1-B92E-3B84CA80955B}.Release|x86.Build.0 = Release|Any CPU
		{E49EA3D3-D82F-44A6-8168-8C0D5C1FC0C6}.Debug (no autogen)|Any CPU.ActiveCfg = Debug|Any CPU
		{E49EA3D3-D82F-44A6-8168-8C0D5C1FC0C6}.Debug (no autogen)|Any CPU.Build.0 = Debug|Any CPU
		{E49EA3D3-D82F-44A6-8168-8C0D5C1FC0C6}.Debug (no autogen)|x64.ActiveCfg = Debug|Any CPU
		{E49EA3D3-D82F-44A6-8168-8C0D5C1FC0C6}.Debug (no autogen)|x64.Build.0 = Debug|Any CPU
		{E49EA3D3-D82F-44A6-8168-8C0D5C1FC0C6}.Debug (no autogen)|x86.ActiveCfg = Debug|Any CPU
		{E49EA3D3-D82F-44A6-8168-8C0D5C1FC0C6}.Debug (no autogen)|x86.Build.0 = Debug|Any CPU
		{E49EA3D3-D82F-44A6-8168-8C0D5C1FC0C6}.Debug|Any CPU.ActiveCfg = Debug|Any CPU
		{E49EA3D3-D82F-44A6-8168-8C0D5C1FC0C6}.Debug|Any CPU.Build.0 = Debug|Any CPU
		{E49EA3D3-D82F-44A6-8168-8C0D5C1FC0C6}.Debug|x64.ActiveCfg = Debug|Any CPU
		{E49EA3D3-D82F-44A6-8168-8C0D5C1FC0C6}.Debug|x64.Build.0 = Debug|Any CPU
		{E49EA3D3-D82F-44A6-8168-8C0D5C1FC0C6}.Debug|x86.ActiveCfg = Debug|Any CPU
		{E49EA3D3-D82F-44A6-8168-8C0D5C1FC0C6}.Debug|x86.Build.0 = Debug|Any CPU
		{E49EA3D3-D82F-44A6-8168-8C0D5C1FC0C6}.Release|Any CPU.ActiveCfg = Release|Any CPU
		{E49EA3D3-D82F-44A6-8168-8C0D5C1FC0C6}.Release|Any CPU.Build.0 = Release|Any CPU
		{E49EA3D3-D82F-44A6-8168-8C0D5C1FC0C6}.Release|x64.ActiveCfg = Release|Any CPU
		{E49EA3D3-D82F-44A6-8168-8C0D5C1FC0C6}.Release|x64.Build.0 = Release|Any CPU
		{E49EA3D3-D82F-44A6-8168-8C0D5C1FC0C6}.Release|x86.ActiveCfg = Release|Any CPU
		{E49EA3D3-D82F-44A6-8168-8C0D5C1FC0C6}.Release|x86.Build.0 = Release|Any CPU
		{B8FBD24D-9B9E-4D4B-90DE-6377847FC8CB}.Debug (no autogen)|Any CPU.ActiveCfg = Debug|Any CPU
		{B8FBD24D-9B9E-4D4B-90DE-6377847FC8CB}.Debug (no autogen)|Any CPU.Build.0 = Debug|Any CPU
		{B8FBD24D-9B9E-4D4B-90DE-6377847FC8CB}.Debug (no autogen)|x64.ActiveCfg = Debug|Any CPU
		{B8FBD24D-9B9E-4D4B-90DE-6377847FC8CB}.Debug (no autogen)|x64.Build.0 = Debug|Any CPU
		{B8FBD24D-9B9E-4D4B-90DE-6377847FC8CB}.Debug (no autogen)|x86.ActiveCfg = Debug|Any CPU
		{B8FBD24D-9B9E-4D4B-90DE-6377847FC8CB}.Debug (no autogen)|x86.Build.0 = Debug|Any CPU
		{B8FBD24D-9B9E-4D4B-90DE-6377847FC8CB}.Debug|Any CPU.ActiveCfg = Debug|Any CPU
		{B8FBD24D-9B9E-4D4B-90DE-6377847FC8CB}.Debug|Any CPU.Build.0 = Debug|Any CPU
		{B8FBD24D-9B9E-4D4B-90DE-6377847FC8CB}.Debug|x64.ActiveCfg = Debug|Any CPU
		{B8FBD24D-9B9E-4D4B-90DE-6377847FC8CB}.Debug|x64.Build.0 = Debug|Any CPU
		{B8FBD24D-9B9E-4D4B-90DE-6377847FC8CB}.Debug|x86.ActiveCfg = Debug|Any CPU
		{B8FBD24D-9B9E-4D4B-90DE-6377847FC8CB}.Debug|x86.Build.0 = Debug|Any CPU
		{B8FBD24D-9B9E-4D4B-90DE-6377847FC8CB}.Release|Any CPU.ActiveCfg = Release|Any CPU
		{B8FBD24D-9B9E-4D4B-90DE-6377847FC8CB}.Release|Any CPU.Build.0 = Release|Any CPU
		{B8FBD24D-9B9E-4D4B-90DE-6377847FC8CB}.Release|x64.ActiveCfg = Release|Any CPU
		{B8FBD24D-9B9E-4D4B-90DE-6377847FC8CB}.Release|x64.Build.0 = Release|Any CPU
		{B8FBD24D-9B9E-4D4B-90DE-6377847FC8CB}.Release|x86.ActiveCfg = Release|Any CPU
		{B8FBD24D-9B9E-4D4B-90DE-6377847FC8CB}.Release|x86.Build.0 = Release|Any CPU
	EndGlobalSection
	GlobalSection(SolutionProperties) = preSolution
		HideSolutionNode = FALSE
	EndGlobalSection
	GlobalSection(NestedProjects) = preSolution
		{2AB518D4-51CC-4405-853A-DAB7C5FF8287} = {A56DA2EA-602D-4E89-822E-0A1B3CB30AD1}
		{9BFA1210-9BD2-480F-AF7E-1F48C109096F} = {A56DA2EA-602D-4E89-822E-0A1B3CB30AD1}
		{AD15351E-AF2E-414A-9A70-96A943FEA55F} = {A56DA2EA-602D-4E89-822E-0A1B3CB30AD1}
		{EA441495-D8F4-48B0-84CB-A5250DE7AB92} = {A56DA2EA-602D-4E89-822E-0A1B3CB30AD1}
		{9420AF02-44C5-470C-9DD5-B6D34E2AC0B8} = {A56DA2EA-602D-4E89-822E-0A1B3CB30AD1}
		{8231F83A-40F0-49A8-A4CF-2F582D957350} = {F1C06ED8-17DC-48AE-9D64-B18455CA3231}
		{A0095F7D-7CC6-4E7F-9695-8645EAD02E37} = {DCBB7A7C-3A9A-4992-9F82-09F0C7C88EDB}
		{E1FA8AB5-803C-4467-8EA3-6E16C85232AE} = {A56DA2EA-602D-4E89-822E-0A1B3CB30AD1}
		{2F45ED0E-31CB-4115-8F27-6EC0B17876B3} = {F1C06ED8-17DC-48AE-9D64-B18455CA3231}
		{7A484BAF-AB01-488A-853F-C0CE4305BA56} = {F1C06ED8-17DC-48AE-9D64-B18455CA3231}
		{BBB70951-5692-44F2-BD04-C1E150D970FD} = {F1C06ED8-17DC-48AE-9D64-B18455CA3231}
		{868F2E9D-DC2A-4B3E-8708-CD494DBE37E3} = {F1C06ED8-17DC-48AE-9D64-B18455CA3231}
		{73086AC9-1316-4FFC-AA5D-0A50C132456A} = {A56DA2EA-602D-4E89-822E-0A1B3CB30AD1}
		{DF20E4C3-CFC8-4517-9ECE-788EA86A2275} = {F1C06ED8-17DC-48AE-9D64-B18455CA3231}
		{8B0B44AB-011D-4279-BF77-D189CAF6BF3A} = {DCBB7A7C-3A9A-4992-9F82-09F0C7C88EDB}
		{6A1B4468-5DF1-48ED-8887-E1A5A1814056} = {A56DA2EA-602D-4E89-822E-0A1B3CB30AD1}
		{2DB8ED5C-7C80-46D6-9857-A5784316A35B} = {F1C06ED8-17DC-48AE-9D64-B18455CA3231}
		{FCB1F3A9-B317-403E-8A8E-B26D21DF795D} = {F1C06ED8-17DC-48AE-9D64-B18455CA3231}
		{592A747E-A69F-440A-BE35-19995FB06DCF} = {F1C06ED8-17DC-48AE-9D64-B18455CA3231}
		{164C8A20-CBA3-418F-A314-2DA98CB88447} = {A56DA2EA-602D-4E89-822E-0A1B3CB30AD1}
		{44BBC69C-3432-4336-B613-10A22BFEEAE5} = {0986B0F9-B052-46D6-844A-F138B4AC76A3}
		{A68EB013-A099-4C29-BCEE-B9C34AD54163} = {0986B0F9-B052-46D6-844A-F138B4AC76A3}
		{04E9D769-6A61-419E-BF8B-8E0F5AFC8A2D} = {0986B0F9-B052-46D6-844A-F138B4AC76A3}
		{D4C0F7F0-C52B-45B1-B92E-3B84CA80955B} = {0986B0F9-B052-46D6-844A-F138B4AC76A3}
		{E49EA3D3-D82F-44A6-8168-8C0D5C1FC0C6} = {0986B0F9-B052-46D6-844A-F138B4AC76A3}
		{B8FBD24D-9B9E-4D4B-90DE-6377847FC8CB} = {A56DA2EA-602D-4E89-822E-0A1B3CB30AD1}
	EndGlobalSection
	GlobalSection(ExtensibilityGlobals) = postSolution
		SolutionGuid = {40395CF2-451B-48E4-A29A-0E8AE12146B4}
	EndGlobalSection
EndGlobal
