
Microsoft Visual Studio Solution File, Format Version 12.00
# Visual Studio 15
VisualStudioVersion = 15.0.27703.2035
MinimumVisualStudioVersion = 10.0.40219.1
Project("{FAE04EC0-301F-11D3-BF4B-00C04F79EFBC}") = "Ferretto.WMS.App", "App\Ferretto.WMS.App.csproj", "{69935FFE-3DC9-47C4-9192-D925D043C137}"
EndProject
Project("{FAE04EC0-301F-11D3-BF4B-00C04F79EFBC}") = "Ferretto.WMS.Themes", "Themes\Ferretto.WMS.Themes.csproj", "{9377DBC4-ED82-46D9-90B1-9F7DF787E5E1}"
EndProject
Project("{2150E333-8FDC-42A3-9474-1A3956D46DE8}") = "Modules", "Modules", "{12BF6A8D-AC9B-4ECE-B134-FB3644430056}"
EndProject
Project("{2150E333-8FDC-42A3-9474-1A3956D46DE8}") = "Common", "Common", "{7C870AE6-46DD-493B-BAD9-FDEFE22ECA1F}"
EndProject
Project("{FAE04EC0-301F-11D3-BF4B-00C04F79EFBC}") = "Ferretto.Common.BLL", "..\Common\BLL\Ferretto.Common.BLL.csproj", "{0D3E44FD-B369-4B85-AEBE-17A754D71C8D}"
EndProject
Project("{FAE04EC0-301F-11D3-BF4B-00C04F79EFBC}") = "Ferretto.Common.DAL", "..\Common\DAL\Ferretto.Common.DAL.csproj", "{FFA86958-4597-4D8D-8E13-4B6F70F1A6F9}"
EndProject
Project("{FAE04EC0-301F-11D3-BF4B-00C04F79EFBC}") = "Ferretto.WMS.Comp.Catalog", "Modules\Ferretto.WMS.Comp.Catalog\Ferretto.WMS.Comp.Catalog.csproj", "{9D9ECC03-073A-43F7-BED8-568CF67AB8AD}"
EndProject
Project("{FAE04EC0-301F-11D3-BF4B-00C04F79EFBC}") = "Ferretto.WMS.Comp.Layout", "Modules\Ferretto.WMS.Comp.Layout\Ferretto.WMS.Comp.Layout.csproj", "{965F447E-A8A3-42FA-9EDB-E90F677437AE}"
EndProject
Global
	GlobalSection(SolutionConfigurationPlatforms) = preSolution
		Debug|Any CPU = Debug|Any CPU
		Release|Any CPU = Release|Any CPU
	EndGlobalSection
	GlobalSection(ProjectConfigurationPlatforms) = postSolution
		{69935FFE-3DC9-47C4-9192-D925D043C137}.Debug|Any CPU.ActiveCfg = Debug|Any CPU
		{69935FFE-3DC9-47C4-9192-D925D043C137}.Debug|Any CPU.Build.0 = Debug|Any CPU
		{69935FFE-3DC9-47C4-9192-D925D043C137}.Release|Any CPU.ActiveCfg = Release|Any CPU
		{69935FFE-3DC9-47C4-9192-D925D043C137}.Release|Any CPU.Build.0 = Release|Any CPU
		{9377DBC4-ED82-46D9-90B1-9F7DF787E5E1}.Debug|Any CPU.ActiveCfg = Debug|Any CPU
		{9377DBC4-ED82-46D9-90B1-9F7DF787E5E1}.Debug|Any CPU.Build.0 = Debug|Any CPU
		{9377DBC4-ED82-46D9-90B1-9F7DF787E5E1}.Release|Any CPU.ActiveCfg = Release|Any CPU
		{9377DBC4-ED82-46D9-90B1-9F7DF787E5E1}.Release|Any CPU.Build.0 = Release|Any CPU
		{0D3E44FD-B369-4B85-AEBE-17A754D71C8D}.Debug|Any CPU.ActiveCfg = Debug|Any CPU
		{0D3E44FD-B369-4B85-AEBE-17A754D71C8D}.Debug|Any CPU.Build.0 = Debug|Any CPU
		{0D3E44FD-B369-4B85-AEBE-17A754D71C8D}.Release|Any CPU.ActiveCfg = Release|Any CPU
		{0D3E44FD-B369-4B85-AEBE-17A754D71C8D}.Release|Any CPU.Build.0 = Release|Any CPU
		{FFA86958-4597-4D8D-8E13-4B6F70F1A6F9}.Debug|Any CPU.ActiveCfg = Debug|Any CPU
		{FFA86958-4597-4D8D-8E13-4B6F70F1A6F9}.Debug|Any CPU.Build.0 = Debug|Any CPU
		{FFA86958-4597-4D8D-8E13-4B6F70F1A6F9}.Release|Any CPU.ActiveCfg = Release|Any CPU
		{FFA86958-4597-4D8D-8E13-4B6F70F1A6F9}.Release|Any CPU.Build.0 = Release|Any CPU
		{9D9ECC03-073A-43F7-BED8-568CF67AB8AD}.Debug|Any CPU.ActiveCfg = Debug|Any CPU
		{9D9ECC03-073A-43F7-BED8-568CF67AB8AD}.Debug|Any CPU.Build.0 = Debug|Any CPU
		{9D9ECC03-073A-43F7-BED8-568CF67AB8AD}.Release|Any CPU.ActiveCfg = Release|Any CPU
		{9D9ECC03-073A-43F7-BED8-568CF67AB8AD}.Release|Any CPU.Build.0 = Release|Any CPU
		{965F447E-A8A3-42FA-9EDB-E90F677437AE}.Debug|Any CPU.ActiveCfg = Debug|Any CPU
		{965F447E-A8A3-42FA-9EDB-E90F677437AE}.Debug|Any CPU.Build.0 = Debug|Any CPU
		{965F447E-A8A3-42FA-9EDB-E90F677437AE}.Release|Any CPU.ActiveCfg = Release|Any CPU
		{965F447E-A8A3-42FA-9EDB-E90F677437AE}.Release|Any CPU.Build.0 = Release|Any CPU
	EndGlobalSection
	GlobalSection(SolutionProperties) = preSolution
		HideSolutionNode = FALSE
	EndGlobalSection
	GlobalSection(NestedProjects) = preSolution
		{0D3E44FD-B369-4B85-AEBE-17A754D71C8D} = {7C870AE6-46DD-493B-BAD9-FDEFE22ECA1F}
		{FFA86958-4597-4D8D-8E13-4B6F70F1A6F9} = {7C870AE6-46DD-493B-BAD9-FDEFE22ECA1F}
		{9D9ECC03-073A-43F7-BED8-568CF67AB8AD} = {12BF6A8D-AC9B-4ECE-B134-FB3644430056}
		{965F447E-A8A3-42FA-9EDB-E90F677437AE} = {12BF6A8D-AC9B-4ECE-B134-FB3644430056}
	EndGlobalSection
	GlobalSection(ExtensibilityGlobals) = postSolution
		SolutionGuid = {B998A0C5-DD2C-4088-9C42-300A146A4118}
	EndGlobalSection
EndGlobal
