
Microsoft Visual Studio Solution File, Format Version 12.00
# Visual Studio 15
VisualStudioVersion = 15.0.27703.2035
MinimumVisualStudioVersion = 10.0.40219.1
Project("{9A19103F-16F7-4668-BE54-9A1E7A4F7556}") = "Ferretto.WMS.Scheduler.WebAPI.Contracts", "Scheduler\WebAPI.Contracts\Ferretto.WMS.Scheduler.WebAPI.Contracts.csproj", "{57633D89-955F-4D65-A2FD-6920563D9F54}"
EndProject
Project("{9A19103F-16F7-4668-BE54-9A1E7A4F7556}") = "Ferretto.WMS.AutomationServiceMock", "AutomationServiceMock\Ferretto.WMS.AutomationServiceMock.csproj", "{FE33F7F3-00E7-41F4-93AF-42E872FF1085}"
EndProject
Project("{9A19103F-16F7-4668-BE54-9A1E7A4F7556}") = "Ferretto.WMS.Scheduler.Core", "Scheduler\Core\Ferretto.WMS.Scheduler.Core.csproj", "{9767C6C1-76DD-4461-BA88-1625BB960DD7}"
EndProject
Project("{9A19103F-16F7-4668-BE54-9A1E7A4F7556}") = "Ferretto.Common.EF", "..\Common\EF\Ferretto.Common.EF.csproj", "{5D26CAC1-AC48-4AFF-B0C0-75345255B8EA}"
EndProject
Project("{2150E333-8FDC-42A3-9474-1A3956D46DE8}") = "Common", "Common", "{36719290-C027-4203-9CBF-8780F34B056D}"
EndProject
Project("{2150E333-8FDC-42A3-9474-1A3956D46DE8}") = "Scheduler", "Scheduler", "{C371D83F-2EE1-4C0E-A911-2858004FCEF4}"
EndProject
Project("{9A19103F-16F7-4668-BE54-9A1E7A4F7556}") = "Ferretto.WMS.Scheduler.Drivers.Vertimag", "Scheduler\Drivers.Vertimag\Ferretto.WMS.Scheduler.Drivers.Vertimag.csproj", "{203A66B5-FFCA-45ED-91CB-A8C3CD6FC27F}"
EndProject
Project("{9A19103F-16F7-4668-BE54-9A1E7A4F7556}") = "Ferretto.Common.DataModels", "..\Common\DataModels\Ferretto.Common.DataModels.csproj", "{02129AFC-F5A1-4F41-B5B4-683480CAF5ED}"
EndProject
Global
	GlobalSection(SolutionConfigurationPlatforms) = preSolution
		Debug|Any CPU = Debug|Any CPU
		Release|Any CPU = Release|Any CPU
	EndGlobalSection
	GlobalSection(ProjectConfigurationPlatforms) = postSolution
		{57633D89-955F-4D65-A2FD-6920563D9F54}.Debug|Any CPU.ActiveCfg = Debug|Any CPU
		{57633D89-955F-4D65-A2FD-6920563D9F54}.Debug|Any CPU.Build.0 = Debug|Any CPU
		{57633D89-955F-4D65-A2FD-6920563D9F54}.Release|Any CPU.ActiveCfg = Release|Any CPU
		{57633D89-955F-4D65-A2FD-6920563D9F54}.Release|Any CPU.Build.0 = Release|Any CPU
		{FE33F7F3-00E7-41F4-93AF-42E872FF1085}.Debug|Any CPU.ActiveCfg = Debug|Any CPU
		{FE33F7F3-00E7-41F4-93AF-42E872FF1085}.Debug|Any CPU.Build.0 = Debug|Any CPU
		{FE33F7F3-00E7-41F4-93AF-42E872FF1085}.Release|Any CPU.ActiveCfg = Release|Any CPU
		{FE33F7F3-00E7-41F4-93AF-42E872FF1085}.Release|Any CPU.Build.0 = Release|Any CPU
		{9767C6C1-76DD-4461-BA88-1625BB960DD7}.Debug|Any CPU.ActiveCfg = Debug|Any CPU
		{9767C6C1-76DD-4461-BA88-1625BB960DD7}.Debug|Any CPU.Build.0 = Debug|Any CPU
		{9767C6C1-76DD-4461-BA88-1625BB960DD7}.Release|Any CPU.ActiveCfg = Release|Any CPU
		{9767C6C1-76DD-4461-BA88-1625BB960DD7}.Release|Any CPU.Build.0 = Release|Any CPU
		{5D26CAC1-AC48-4AFF-B0C0-75345255B8EA}.Debug|Any CPU.ActiveCfg = Debug|Any CPU
		{5D26CAC1-AC48-4AFF-B0C0-75345255B8EA}.Debug|Any CPU.Build.0 = Debug|Any CPU
		{5D26CAC1-AC48-4AFF-B0C0-75345255B8EA}.Release|Any CPU.ActiveCfg = Release|Any CPU
		{5D26CAC1-AC48-4AFF-B0C0-75345255B8EA}.Release|Any CPU.Build.0 = Release|Any CPU
		{203A66B5-FFCA-45ED-91CB-A8C3CD6FC27F}.Debug|Any CPU.ActiveCfg = Debug|Any CPU
		{203A66B5-FFCA-45ED-91CB-A8C3CD6FC27F}.Debug|Any CPU.Build.0 = Debug|Any CPU
		{203A66B5-FFCA-45ED-91CB-A8C3CD6FC27F}.Release|Any CPU.ActiveCfg = Release|Any CPU
		{203A66B5-FFCA-45ED-91CB-A8C3CD6FC27F}.Release|Any CPU.Build.0 = Release|Any CPU
		{02129AFC-F5A1-4F41-B5B4-683480CAF5ED}.Debug|Any CPU.ActiveCfg = Debug|Any CPU
		{02129AFC-F5A1-4F41-B5B4-683480CAF5ED}.Debug|Any CPU.Build.0 = Debug|Any CPU
		{02129AFC-F5A1-4F41-B5B4-683480CAF5ED}.Release|Any CPU.ActiveCfg = Release|Any CPU
		{02129AFC-F5A1-4F41-B5B4-683480CAF5ED}.Release|Any CPU.Build.0 = Release|Any CPU
	EndGlobalSection
	GlobalSection(SolutionProperties) = preSolution
		HideSolutionNode = FALSE
	EndGlobalSection
	GlobalSection(NestedProjects) = preSolution
		{57633D89-955F-4D65-A2FD-6920563D9F54} = {C371D83F-2EE1-4C0E-A911-2858004FCEF4}
		{9767C6C1-76DD-4461-BA88-1625BB960DD7} = {C371D83F-2EE1-4C0E-A911-2858004FCEF4}
		{5D26CAC1-AC48-4AFF-B0C0-75345255B8EA} = {36719290-C027-4203-9CBF-8780F34B056D}
		{203A66B5-FFCA-45ED-91CB-A8C3CD6FC27F} = {C371D83F-2EE1-4C0E-A911-2858004FCEF4}
		{02129AFC-F5A1-4F41-B5B4-683480CAF5ED} = {36719290-C027-4203-9CBF-8780F34B056D}
	EndGlobalSection
	GlobalSection(ExtensibilityGlobals) = postSolution
		SolutionGuid = {B998A0C5-DD2C-4088-9C42-300A146A4118}
	EndGlobalSection
EndGlobal
