
Microsoft Visual Studio Solution File, Format Version 12.00
# Visual Studio 15
VisualStudioVersion = 15.0.27703.2035
MinimumVisualStudioVersion = 10.0.40219.1
Project("{2150E333-8FDC-42A3-9474-1A3956D46DE8}") = "Common", "Common", "{7C870AE6-46DD-493B-BAD9-FDEFE22ECA1F}"
EndProject
Project("{2150E333-8FDC-42A3-9474-1A3956D46DE8}") = "WMS", "WMS", "{C6AB2AE0-C101-4638-AC86-6B6BCB7ACCB2}"
EndProject
Project("{9A19103F-16F7-4668-BE54-9A1E7A4F7556}") = "Ferretto.Common.EF", "..\Common\EF\Ferretto.Common.EF.csproj", "{C32FD908-0388-4096-AF68-43BBEDB58725}"
EndProject
Project("{9A19103F-16F7-4668-BE54-9A1E7A4F7556}") = "Ferretto.Common.DataModels", "..\Common\DataModels\Ferretto.Common.DataModels.csproj", "{1DA46E40-CF35-4458-9B2F-A6F6B3BA1C65}"
EndProject
Project("{9A19103F-16F7-4668-BE54-9A1E7A4F7556}") = "Ferretto.WMS.Data.WebAPI", "Data\WebAPI\Ferretto.WMS.Data.WebAPI.csproj", "{D6A0CC4F-522B-4815-AE99-F1739BB47BCC}"
EndProject
Project("{9A19103F-16F7-4668-BE54-9A1E7A4F7556}") = "Ferretto.WMS.Data.WebAPI.Contracts", "Data\WebAPI.Contracts\Ferretto.WMS.Data.WebAPI.Contracts.csproj", "{EF8C10AB-1349-40F0-BC6C-832246E29DCB}"
EndProject
Project("{9A19103F-16F7-4668-BE54-9A1E7A4F7556}") = "Ferretto.WMS.Data.Tests", "Data\Tests\Ferretto.WMS.Data.Tests.csproj", "{88376B56-F8BE-4672-8552-E6117ECB2A25}"
EndProject
Project("{9A19103F-16F7-4668-BE54-9A1E7A4F7556}") = "Ferretto.WMS.Data.Core", "Data\Core\Ferretto.WMS.Data.Core.csproj", "{D0C751FE-F621-4F4A-B060-3F622CFC3C00}"
EndProject
Project("{9A19103F-16F7-4668-BE54-9A1E7A4F7556}") = "Ferretto.Common.Utils", "..\Common\Utils\Ferretto.Common.Utils.csproj", "{9ADF1201-0CBF-4F4F-B7E8-F92CE61B6168}"
EndProject
Project("{9A19103F-16F7-4668-BE54-9A1E7A4F7556}") = "Ferretto.Common.Resources", "..\Common\Resources\Ferretto.Common.Resources.csproj", "{38806327-7464-464E-98B2-5CA8072B0929}"
EndProject
Global
	GlobalSection(SolutionConfigurationPlatforms) = preSolution
		Debug|Any CPU = Debug|Any CPU
		Release|Any CPU = Release|Any CPU
	EndGlobalSection
	GlobalSection(ProjectConfigurationPlatforms) = postSolution
		{C32FD908-0388-4096-AF68-43BBEDB58725}.Debug|Any CPU.ActiveCfg = Debug|Any CPU
		{C32FD908-0388-4096-AF68-43BBEDB58725}.Debug|Any CPU.Build.0 = Debug|Any CPU
		{C32FD908-0388-4096-AF68-43BBEDB58725}.Release|Any CPU.ActiveCfg = Release|Any CPU
		{C32FD908-0388-4096-AF68-43BBEDB58725}.Release|Any CPU.Build.0 = Release|Any CPU
		{1DA46E40-CF35-4458-9B2F-A6F6B3BA1C65}.Debug|Any CPU.ActiveCfg = Debug|Any CPU
		{1DA46E40-CF35-4458-9B2F-A6F6B3BA1C65}.Debug|Any CPU.Build.0 = Debug|Any CPU
		{1DA46E40-CF35-4458-9B2F-A6F6B3BA1C65}.Release|Any CPU.ActiveCfg = Release|Any CPU
		{1DA46E40-CF35-4458-9B2F-A6F6B3BA1C65}.Release|Any CPU.Build.0 = Release|Any CPU
		{D6A0CC4F-522B-4815-AE99-F1739BB47BCC}.Debug|Any CPU.ActiveCfg = Debug|Any CPU
		{D6A0CC4F-522B-4815-AE99-F1739BB47BCC}.Debug|Any CPU.Build.0 = Debug|Any CPU
		{D6A0CC4F-522B-4815-AE99-F1739BB47BCC}.Release|Any CPU.ActiveCfg = Release|Any CPU
		{D6A0CC4F-522B-4815-AE99-F1739BB47BCC}.Release|Any CPU.Build.0 = Release|Any CPU
		{EF8C10AB-1349-40F0-BC6C-832246E29DCB}.Debug|Any CPU.ActiveCfg = Debug|Any CPU
		{EF8C10AB-1349-40F0-BC6C-832246E29DCB}.Debug|Any CPU.Build.0 = Debug|Any CPU
		{EF8C10AB-1349-40F0-BC6C-832246E29DCB}.Release|Any CPU.ActiveCfg = Release|Any CPU
		{EF8C10AB-1349-40F0-BC6C-832246E29DCB}.Release|Any CPU.Build.0 = Release|Any CPU
		{88376B56-F8BE-4672-8552-E6117ECB2A25}.Debug|Any CPU.ActiveCfg = Debug|Any CPU
		{88376B56-F8BE-4672-8552-E6117ECB2A25}.Debug|Any CPU.Build.0 = Debug|Any CPU
		{88376B56-F8BE-4672-8552-E6117ECB2A25}.Release|Any CPU.ActiveCfg = Release|Any CPU
		{88376B56-F8BE-4672-8552-E6117ECB2A25}.Release|Any CPU.Build.0 = Release|Any CPU
		{D0C751FE-F621-4F4A-B060-3F622CFC3C00}.Debug|Any CPU.ActiveCfg = Debug|Any CPU
		{D0C751FE-F621-4F4A-B060-3F622CFC3C00}.Debug|Any CPU.Build.0 = Debug|Any CPU
		{D0C751FE-F621-4F4A-B060-3F622CFC3C00}.Release|Any CPU.ActiveCfg = Release|Any CPU
		{D0C751FE-F621-4F4A-B060-3F622CFC3C00}.Release|Any CPU.Build.0 = Release|Any CPU
		{9ADF1201-0CBF-4F4F-B7E8-F92CE61B6168}.Debug|Any CPU.ActiveCfg = Debug|Any CPU
		{9ADF1201-0CBF-4F4F-B7E8-F92CE61B6168}.Debug|Any CPU.Build.0 = Debug|Any CPU
		{9ADF1201-0CBF-4F4F-B7E8-F92CE61B6168}.Release|Any CPU.ActiveCfg = Release|Any CPU
		{9ADF1201-0CBF-4F4F-B7E8-F92CE61B6168}.Release|Any CPU.Build.0 = Release|Any CPU
		{38806327-7464-464E-98B2-5CA8072B0929}.Debug|Any CPU.ActiveCfg = Debug|Any CPU
		{38806327-7464-464E-98B2-5CA8072B0929}.Debug|Any CPU.Build.0 = Debug|Any CPU
		{38806327-7464-464E-98B2-5CA8072B0929}.Release|Any CPU.ActiveCfg = Release|Any CPU
		{38806327-7464-464E-98B2-5CA8072B0929}.Release|Any CPU.Build.0 = Release|Any CPU
	EndGlobalSection
	GlobalSection(SolutionProperties) = preSolution
		HideSolutionNode = FALSE
	EndGlobalSection
	GlobalSection(NestedProjects) = preSolution
		{C32FD908-0388-4096-AF68-43BBEDB58725} = {7C870AE6-46DD-493B-BAD9-FDEFE22ECA1F}
		{1DA46E40-CF35-4458-9B2F-A6F6B3BA1C65} = {7C870AE6-46DD-493B-BAD9-FDEFE22ECA1F}
		{D6A0CC4F-522B-4815-AE99-F1739BB47BCC} = {C6AB2AE0-C101-4638-AC86-6B6BCB7ACCB2}
		{EF8C10AB-1349-40F0-BC6C-832246E29DCB} = {C6AB2AE0-C101-4638-AC86-6B6BCB7ACCB2}
		{88376B56-F8BE-4672-8552-E6117ECB2A25} = {C6AB2AE0-C101-4638-AC86-6B6BCB7ACCB2}
		{D0C751FE-F621-4F4A-B060-3F622CFC3C00} = {C6AB2AE0-C101-4638-AC86-6B6BCB7ACCB2}
		{9ADF1201-0CBF-4F4F-B7E8-F92CE61B6168} = {7C870AE6-46DD-493B-BAD9-FDEFE22ECA1F}
		{38806327-7464-464E-98B2-5CA8072B0929} = {7C870AE6-46DD-493B-BAD9-FDEFE22ECA1F}
	EndGlobalSection
	GlobalSection(ExtensibilityGlobals) = postSolution
		SolutionGuid = {B998A0C5-DD2C-4088-9C42-300A146A4118}
	EndGlobalSection
EndGlobal
