
Microsoft Visual Studio Solution File, Format Version 12.00
# Visual Studio 15
VisualStudioVersion = 15.0.27703.2035
MinimumVisualStudioVersion = 10.0.40219.1
Project("{9A19103F-16F7-4668-BE54-9A1E7A4F7556}") = "Ferretto.WMS.App", "App\App\Ferretto.WMS.App.csproj", "{69935FFE-3DC9-47C4-9192-D925D043C137}"
	ProjectSection(ProjectDependencies) = postProject
		{9D9ECC03-073A-43F7-BED8-568CF67AB8AD} = {9D9ECC03-073A-43F7-BED8-568CF67AB8AD}
		{C32FD908-0388-4096-AF68-43BBEDB58725} = {C32FD908-0388-4096-AF68-43BBEDB58725}
		{641C7533-696E-48D4-95DA-9A8E31BCDBED} = {641C7533-696E-48D4-95DA-9A8E31BCDBED}
		{965F447E-A8A3-42FA-9EDB-E90F677437AE} = {965F447E-A8A3-42FA-9EDB-E90F677437AE}
		{C69DA2F3-7DC3-438E-AF99-ADCE627DD05F} = {C69DA2F3-7DC3-438E-AF99-ADCE627DD05F}
	EndProjectSection
EndProject
Project("{9A19103F-16F7-4668-BE54-9A1E7A4F7556}") = "Ferretto.WMS.App.Themes", "App\App.Themes\Ferretto.WMS.App.Themes.csproj", "{9377DBC4-ED82-46D9-90B1-9F7DF787E5E1}"
	ProjectSection(ProjectDependencies) = postProject
		{C361D00D-E5D7-4FBD-ADEC-B965C34FFDD7} = {C361D00D-E5D7-4FBD-ADEC-B965C34FFDD7}
	EndProjectSection
EndProject
Project("{2150E333-8FDC-42A3-9474-1A3956D46DE8}") = "Modules", "Modules", "{12BF6A8D-AC9B-4ECE-B134-FB3644430056}"
EndProject
Project("{2150E333-8FDC-42A3-9474-1A3956D46DE8}") = "Common", "Common", "{7C870AE6-46DD-493B-BAD9-FDEFE22ECA1F}"
EndProject
Project("{9A19103F-16F7-4668-BE54-9A1E7A4F7556}") = "Ferretto.WMS.App.Modules.MasterData", "App\Modules\MasterData\Ferretto.WMS.App.Modules.MasterData.csproj", "{9D9ECC03-073A-43F7-BED8-568CF67AB8AD}"
EndProject
Project("{9A19103F-16F7-4668-BE54-9A1E7A4F7556}") = "Ferretto.WMS.App.Modules.Layout", "App\Modules\Layout\Ferretto.WMS.App.Modules.Layout.csproj", "{965F447E-A8A3-42FA-9EDB-E90F677437AE}"
EndProject
Project("{9A19103F-16F7-4668-BE54-9A1E7A4F7556}") = "Ferretto.Common.Controls", "..\Common\Controls\Ferretto.Common.Controls.csproj", "{0DDBD6DC-1F23-4F52-849D-94DA9E5F1B12}"
EndProject
Project("{9A19103F-16F7-4668-BE54-9A1E7A4F7556}") = "Ferretto.Common.DataModels", "..\Common\DataModels\Ferretto.Common.DataModels.csproj", "{1DA46E40-CF35-4458-9B2F-A6F6B3BA1C65}"
EndProject
Project("{9A19103F-16F7-4668-BE54-9A1E7A4F7556}") = "Ferretto.Common.EF", "..\Common\EF\Ferretto.Common.EF.csproj", "{C32FD908-0388-4096-AF68-43BBEDB58725}"
EndProject
Project("{9A19103F-16F7-4668-BE54-9A1E7A4F7556}") = "Ferretto.Common.BLL.Interfaces", "..\Common\BLL.Interfaces\Ferretto.Common.BLL.Interfaces.csproj", "{2586C34C-DA26-4143-8359-21D8A42B8462}"
EndProject
Project("{9A19103F-16F7-4668-BE54-9A1E7A4F7556}") = "Ferretto.Common.Utils", "..\Common\Utils\Ferretto.Common.Utils.csproj", "{C361D00D-E5D7-4FBD-ADEC-B965C34FFDD7}"
EndProject
Project("{2150E333-8FDC-42A3-9474-1A3956D46DE8}") = "WMS", "WMS", "{C6AB2AE0-C101-4638-AC86-6B6BCB7ACCB2}"
EndProject
Project("{9A19103F-16F7-4668-BE54-9A1E7A4F7556}") = "Ferretto.Common.BLL.Tests", "..\Common\BLL.Tests\Ferretto.Common.BLL.Tests.csproj", "{8FEEFE83-4022-476D-BD8A-C2E5321C5B91}"
EndProject
Project("{9A19103F-16F7-4668-BE54-9A1E7A4F7556}") = "Ferretto.WMS.App.Tests", "App\App.Tests\Ferretto.WMS.App.Tests.csproj", "{87A5A291-C598-4E40-A381-F23084160D1B}"
	ProjectSection(ProjectDependencies) = postProject
		{69935FFE-3DC9-47C4-9192-D925D043C137} = {69935FFE-3DC9-47C4-9192-D925D043C137}
	EndProjectSection
EndProject
Project("{9A19103F-16F7-4668-BE54-9A1E7A4F7556}") = "Ferretto.Common.Controls.Tests", "..\Common\Controls.Tests\Ferretto.Common.Controls.Tests.csproj", "{B9FFA685-D50F-4168-B325-BF1B35DD9C3F}"
EndProject
Project("{9A19103F-16F7-4668-BE54-9A1E7A4F7556}") = "Ferretto.Common.Utils.Testing", "..\Common\Utils.Testing\Ferretto.Common.Utils.Testing.csproj", "{EF9E711B-EA05-4856-BD9F-E13CF5EF5926}"
EndProject
Project("{9A19103F-16F7-4668-BE54-9A1E7A4F7556}") = "Ferretto.Common.Resources", "..\Common\Resources\Ferretto.Common.Resources.csproj", "{EC02D26C-F149-496C-BC7C-75D229B4333F}"
EndProject
Project("{9A19103F-16F7-4668-BE54-9A1E7A4F7556}") = "Ferretto.WMS.App.Modules.Machines", "App\Modules\Machines\Ferretto.WMS.App.Modules.Machines.csproj", "{641C7533-696E-48D4-95DA-9A8E31BCDBED}"
EndProject
Project("{9A19103F-16F7-4668-BE54-9A1E7A4F7556}") = "Ferretto.Common.BusinessModels", "..\Common\BusinessModels\Ferretto.Common.BusinessModels.csproj", "{9B84A46F-1D02-4535-847F-A6872637BF54}"
EndProject
Project("{9A19103F-16F7-4668-BE54-9A1E7A4F7556}") = "Ferretto.Common.BusinessProviders", "..\Common\BusinessProviders\Ferretto.Common.BusinessProviders.csproj", "{559CD30F-4B1D-4B1B-ABF1-814EC0AB283A}"
EndProject
Project("{2150E333-8FDC-42A3-9474-1A3956D46DE8}") = "App", "App", "{97B1C3A8-48D9-42B8-B32D-75369C5E7B9A}"
EndProject
Project("{2150E333-8FDC-42A3-9474-1A3956D46DE8}") = "Scheduler", "Scheduler", "{BCC44DCE-D5A7-46A7-BE20-2E28AF437A9F}"
EndProject
Project("{2150E333-8FDC-42A3-9474-1A3956D46DE8}") = "Data", "Data", "{D55ED6C1-D6D0-4147-A424-7797775950B8}"
EndProject
Project("{9A19103F-16F7-4668-BE54-9A1E7A4F7556}") = "Ferretto.WMS.Data.WebAPI.Contracts", "Data\WebAPI.Contracts\Ferretto.WMS.Data.WebAPI.Contracts.csproj", "{B1C649F7-12B4-4FD7-BFEF-FADB5C3D783E}"
EndProject
Project("{9A19103F-16F7-4668-BE54-9A1E7A4F7556}") = "Ferretto.WMS.App.Modules.BLL", "App\Modules\BLL\Ferretto.WMS.App.Modules.BLL.csproj", "{BCD392A1-40A0-41ED-9DF5-8F3832035F54}"
EndProject
Project("{9A19103F-16F7-4668-BE54-9A1E7A4F7556}") = "Ferretto.WMS.App.Modules.Scheduler", "App\Modules\Scheduler\Ferretto.WMS.App.Modules.Scheduler.csproj", "{C69DA2F3-7DC3-438E-AF99-ADCE627DD05F}"
EndProject
Global
	GlobalSection(SolutionConfigurationPlatforms) = preSolution
		Debug|Any CPU = Debug|Any CPU
		Release|Any CPU = Release|Any CPU
	EndGlobalSection
	GlobalSection(ProjectConfigurationPlatforms) = postSolution
		{69935FFE-3DC9-47C4-9192-D925D043C137}.Debug|Any CPU.ActiveCfg = Debug|Any CPU
		{69935FFE-3DC9-47C4-9192-D925D043C137}.Debug|Any CPU.Build.0 = Debug|Any CPU
		{69935FFE-3DC9-47C4-9192-D925D043C137}.Release|Any CPU.ActiveCfg = Release|Any CPU
		{69935FFE-3DC9-47C4-9192-D925D043C137}.Release|Any CPU.Build.0 = Release|Any CPU
		{9377DBC4-ED82-46D9-90B1-9F7DF787E5E1}.Debug|Any CPU.ActiveCfg = Debug|Any CPU
		{9377DBC4-ED82-46D9-90B1-9F7DF787E5E1}.Debug|Any CPU.Build.0 = Debug|Any CPU
		{9377DBC4-ED82-46D9-90B1-9F7DF787E5E1}.Release|Any CPU.ActiveCfg = Release|Any CPU
		{9377DBC4-ED82-46D9-90B1-9F7DF787E5E1}.Release|Any CPU.Build.0 = Release|Any CPU
		{9D9ECC03-073A-43F7-BED8-568CF67AB8AD}.Debug|Any CPU.ActiveCfg = Debug|Any CPU
		{9D9ECC03-073A-43F7-BED8-568CF67AB8AD}.Debug|Any CPU.Build.0 = Debug|Any CPU
		{9D9ECC03-073A-43F7-BED8-568CF67AB8AD}.Release|Any CPU.ActiveCfg = Release|Any CPU
		{9D9ECC03-073A-43F7-BED8-568CF67AB8AD}.Release|Any CPU.Build.0 = Release|Any CPU
		{965F447E-A8A3-42FA-9EDB-E90F677437AE}.Debug|Any CPU.ActiveCfg = Debug|Any CPU
		{965F447E-A8A3-42FA-9EDB-E90F677437AE}.Debug|Any CPU.Build.0 = Debug|Any CPU
		{965F447E-A8A3-42FA-9EDB-E90F677437AE}.Release|Any CPU.ActiveCfg = Release|Any CPU
		{965F447E-A8A3-42FA-9EDB-E90F677437AE}.Release|Any CPU.Build.0 = Release|Any CPU
		{0DDBD6DC-1F23-4F52-849D-94DA9E5F1B12}.Debug|Any CPU.ActiveCfg = Debug|Any CPU
		{0DDBD6DC-1F23-4F52-849D-94DA9E5F1B12}.Debug|Any CPU.Build.0 = Debug|Any CPU
		{0DDBD6DC-1F23-4F52-849D-94DA9E5F1B12}.Release|Any CPU.ActiveCfg = Release|Any CPU
		{0DDBD6DC-1F23-4F52-849D-94DA9E5F1B12}.Release|Any CPU.Build.0 = Release|Any CPU
		{1DA46E40-CF35-4458-9B2F-A6F6B3BA1C65}.Debug|Any CPU.ActiveCfg = Debug|Any CPU
		{1DA46E40-CF35-4458-9B2F-A6F6B3BA1C65}.Debug|Any CPU.Build.0 = Debug|Any CPU
		{1DA46E40-CF35-4458-9B2F-A6F6B3BA1C65}.Release|Any CPU.ActiveCfg = Release|Any CPU
		{1DA46E40-CF35-4458-9B2F-A6F6B3BA1C65}.Release|Any CPU.Build.0 = Release|Any CPU
		{C32FD908-0388-4096-AF68-43BBEDB58725}.Debug|Any CPU.ActiveCfg = Debug|Any CPU
		{C32FD908-0388-4096-AF68-43BBEDB58725}.Debug|Any CPU.Build.0 = Debug|Any CPU
		{C32FD908-0388-4096-AF68-43BBEDB58725}.Release|Any CPU.ActiveCfg = Release|Any CPU
		{C32FD908-0388-4096-AF68-43BBEDB58725}.Release|Any CPU.Build.0 = Release|Any CPU
		{2586C34C-DA26-4143-8359-21D8A42B8462}.Debug|Any CPU.ActiveCfg = Debug|Any CPU
		{2586C34C-DA26-4143-8359-21D8A42B8462}.Debug|Any CPU.Build.0 = Debug|Any CPU
		{2586C34C-DA26-4143-8359-21D8A42B8462}.Release|Any CPU.ActiveCfg = Release|Any CPU
		{2586C34C-DA26-4143-8359-21D8A42B8462}.Release|Any CPU.Build.0 = Release|Any CPU
		{C361D00D-E5D7-4FBD-ADEC-B965C34FFDD7}.Debug|Any CPU.ActiveCfg = Debug|Any CPU
		{C361D00D-E5D7-4FBD-ADEC-B965C34FFDD7}.Debug|Any CPU.Build.0 = Debug|Any CPU
		{C361D00D-E5D7-4FBD-ADEC-B965C34FFDD7}.Release|Any CPU.ActiveCfg = Release|Any CPU
		{C361D00D-E5D7-4FBD-ADEC-B965C34FFDD7}.Release|Any CPU.Build.0 = Release|Any CPU
		{8FEEFE83-4022-476D-BD8A-C2E5321C5B91}.Debug|Any CPU.ActiveCfg = Debug|Any CPU
		{8FEEFE83-4022-476D-BD8A-C2E5321C5B91}.Debug|Any CPU.Build.0 = Debug|Any CPU
		{8FEEFE83-4022-476D-BD8A-C2E5321C5B91}.Release|Any CPU.ActiveCfg = Release|Any CPU
		{8FEEFE83-4022-476D-BD8A-C2E5321C5B91}.Release|Any CPU.Build.0 = Release|Any CPU
		{87A5A291-C598-4E40-A381-F23084160D1B}.Debug|Any CPU.ActiveCfg = Debug|Any CPU
		{87A5A291-C598-4E40-A381-F23084160D1B}.Debug|Any CPU.Build.0 = Debug|Any CPU
		{87A5A291-C598-4E40-A381-F23084160D1B}.Release|Any CPU.ActiveCfg = Release|Any CPU
		{87A5A291-C598-4E40-A381-F23084160D1B}.Release|Any CPU.Build.0 = Release|Any CPU
		{B9FFA685-D50F-4168-B325-BF1B35DD9C3F}.Debug|Any CPU.ActiveCfg = Debug|Any CPU
		{B9FFA685-D50F-4168-B325-BF1B35DD9C3F}.Debug|Any CPU.Build.0 = Debug|Any CPU
		{B9FFA685-D50F-4168-B325-BF1B35DD9C3F}.Release|Any CPU.ActiveCfg = Release|Any CPU
		{B9FFA685-D50F-4168-B325-BF1B35DD9C3F}.Release|Any CPU.Build.0 = Release|Any CPU
		{EF9E711B-EA05-4856-BD9F-E13CF5EF5926}.Debug|Any CPU.ActiveCfg = Debug|Any CPU
		{EF9E711B-EA05-4856-BD9F-E13CF5EF5926}.Debug|Any CPU.Build.0 = Debug|Any CPU
		{EF9E711B-EA05-4856-BD9F-E13CF5EF5926}.Release|Any CPU.ActiveCfg = Release|Any CPU
		{EF9E711B-EA05-4856-BD9F-E13CF5EF5926}.Release|Any CPU.Build.0 = Release|Any CPU
		{EC02D26C-F149-496C-BC7C-75D229B4333F}.Debug|Any CPU.ActiveCfg = Debug|Any CPU
		{EC02D26C-F149-496C-BC7C-75D229B4333F}.Debug|Any CPU.Build.0 = Debug|Any CPU
		{EC02D26C-F149-496C-BC7C-75D229B4333F}.Release|Any CPU.ActiveCfg = Release|Any CPU
		{EC02D26C-F149-496C-BC7C-75D229B4333F}.Release|Any CPU.Build.0 = Release|Any CPU
		{641C7533-696E-48D4-95DA-9A8E31BCDBED}.Debug|Any CPU.ActiveCfg = Debug|Any CPU
		{641C7533-696E-48D4-95DA-9A8E31BCDBED}.Debug|Any CPU.Build.0 = Debug|Any CPU
		{641C7533-696E-48D4-95DA-9A8E31BCDBED}.Release|Any CPU.ActiveCfg = Release|Any CPU
		{641C7533-696E-48D4-95DA-9A8E31BCDBED}.Release|Any CPU.Build.0 = Release|Any CPU
		{9B84A46F-1D02-4535-847F-A6872637BF54}.Debug|Any CPU.ActiveCfg = Debug|Any CPU
		{9B84A46F-1D02-4535-847F-A6872637BF54}.Debug|Any CPU.Build.0 = Debug|Any CPU
		{9B84A46F-1D02-4535-847F-A6872637BF54}.Release|Any CPU.ActiveCfg = Release|Any CPU
		{9B84A46F-1D02-4535-847F-A6872637BF54}.Release|Any CPU.Build.0 = Release|Any CPU
		{559CD30F-4B1D-4B1B-ABF1-814EC0AB283A}.Debug|Any CPU.ActiveCfg = Debug|Any CPU
		{559CD30F-4B1D-4B1B-ABF1-814EC0AB283A}.Debug|Any CPU.Build.0 = Debug|Any CPU
		{559CD30F-4B1D-4B1B-ABF1-814EC0AB283A}.Release|Any CPU.ActiveCfg = Release|Any CPU
		{559CD30F-4B1D-4B1B-ABF1-814EC0AB283A}.Release|Any CPU.Build.0 = Release|Any CPU
		{B1C649F7-12B4-4FD7-BFEF-FADB5C3D783E}.Debug|Any CPU.ActiveCfg = Debug|Any CPU
		{B1C649F7-12B4-4FD7-BFEF-FADB5C3D783E}.Debug|Any CPU.Build.0 = Debug|Any CPU
		{B1C649F7-12B4-4FD7-BFEF-FADB5C3D783E}.Release|Any CPU.ActiveCfg = Release|Any CPU
		{B1C649F7-12B4-4FD7-BFEF-FADB5C3D783E}.Release|Any CPU.Build.0 = Release|Any CPU
		{BCD392A1-40A0-41ED-9DF5-8F3832035F54}.Debug|Any CPU.ActiveCfg = Debug|Any CPU
		{BCD392A1-40A0-41ED-9DF5-8F3832035F54}.Debug|Any CPU.Build.0 = Debug|Any CPU
		{BCD392A1-40A0-41ED-9DF5-8F3832035F54}.Release|Any CPU.ActiveCfg = Release|Any CPU
		{BCD392A1-40A0-41ED-9DF5-8F3832035F54}.Release|Any CPU.Build.0 = Release|Any CPU
		{C69DA2F3-7DC3-438E-AF99-ADCE627DD05F}.Debug|Any CPU.ActiveCfg = Debug|Any CPU
		{C69DA2F3-7DC3-438E-AF99-ADCE627DD05F}.Debug|Any CPU.Build.0 = Debug|Any CPU
		{C69DA2F3-7DC3-438E-AF99-ADCE627DD05F}.Release|Any CPU.ActiveCfg = Release|Any CPU
		{C69DA2F3-7DC3-438E-AF99-ADCE627DD05F}.Release|Any CPU.Build.0 = Release|Any CPU
	EndGlobalSection
	GlobalSection(SolutionProperties) = preSolution
		HideSolutionNode = FALSE
	EndGlobalSection
	GlobalSection(NestedProjects) = preSolution
		{69935FFE-3DC9-47C4-9192-D925D043C137} = {97B1C3A8-48D9-42B8-B32D-75369C5E7B9A}
		{9377DBC4-ED82-46D9-90B1-9F7DF787E5E1} = {97B1C3A8-48D9-42B8-B32D-75369C5E7B9A}
		{12BF6A8D-AC9B-4ECE-B134-FB3644430056} = {97B1C3A8-48D9-42B8-B32D-75369C5E7B9A}
		{9D9ECC03-073A-43F7-BED8-568CF67AB8AD} = {12BF6A8D-AC9B-4ECE-B134-FB3644430056}
		{965F447E-A8A3-42FA-9EDB-E90F677437AE} = {12BF6A8D-AC9B-4ECE-B134-FB3644430056}
		{0DDBD6DC-1F23-4F52-849D-94DA9E5F1B12} = {7C870AE6-46DD-493B-BAD9-FDEFE22ECA1F}
		{1DA46E40-CF35-4458-9B2F-A6F6B3BA1C65} = {7C870AE6-46DD-493B-BAD9-FDEFE22ECA1F}
		{C32FD908-0388-4096-AF68-43BBEDB58725} = {7C870AE6-46DD-493B-BAD9-FDEFE22ECA1F}
		{2586C34C-DA26-4143-8359-21D8A42B8462} = {7C870AE6-46DD-493B-BAD9-FDEFE22ECA1F}
		{C361D00D-E5D7-4FBD-ADEC-B965C34FFDD7} = {7C870AE6-46DD-493B-BAD9-FDEFE22ECA1F}
		{8FEEFE83-4022-476D-BD8A-C2E5321C5B91} = {7C870AE6-46DD-493B-BAD9-FDEFE22ECA1F}
		{87A5A291-C598-4E40-A381-F23084160D1B} = {97B1C3A8-48D9-42B8-B32D-75369C5E7B9A}
		{B9FFA685-D50F-4168-B325-BF1B35DD9C3F} = {7C870AE6-46DD-493B-BAD9-FDEFE22ECA1F}
		{EF9E711B-EA05-4856-BD9F-E13CF5EF5926} = {7C870AE6-46DD-493B-BAD9-FDEFE22ECA1F}
		{EC02D26C-F149-496C-BC7C-75D229B4333F} = {7C870AE6-46DD-493B-BAD9-FDEFE22ECA1F}
		{641C7533-696E-48D4-95DA-9A8E31BCDBED} = {12BF6A8D-AC9B-4ECE-B134-FB3644430056}
		{9B84A46F-1D02-4535-847F-A6872637BF54} = {7C870AE6-46DD-493B-BAD9-FDEFE22ECA1F}
		{559CD30F-4B1D-4B1B-ABF1-814EC0AB283A} = {7C870AE6-46DD-493B-BAD9-FDEFE22ECA1F}
		{97B1C3A8-48D9-42B8-B32D-75369C5E7B9A} = {C6AB2AE0-C101-4638-AC86-6B6BCB7ACCB2}
		{BCC44DCE-D5A7-46A7-BE20-2E28AF437A9F} = {C6AB2AE0-C101-4638-AC86-6B6BCB7ACCB2}
		{D55ED6C1-D6D0-4147-A424-7797775950B8} = {C6AB2AE0-C101-4638-AC86-6B6BCB7ACCB2}
		{B1C649F7-12B4-4FD7-BFEF-FADB5C3D783E} = {D55ED6C1-D6D0-4147-A424-7797775950B8}
		{BCD392A1-40A0-41ED-9DF5-8F3832035F54} = {12BF6A8D-AC9B-4ECE-B134-FB3644430056}
		{C69DA2F3-7DC3-438E-AF99-ADCE627DD05F} = {12BF6A8D-AC9B-4ECE-B134-FB3644430056}
	EndGlobalSection
	GlobalSection(ExtensibilityGlobals) = postSolution
		SolutionGuid = {B998A0C5-DD2C-4088-9C42-300A146A4118}
	EndGlobalSection
EndGlobal
